{
  "version": 4,
  "terraform_version": "1.12.1",
  "serial": 383,
  "lineage": "1e86169c-593d-dc9b-085e-85f307be74e1",
  "outputs": {
    "aws_account_id": {
      "value": "798831116280",
      "type": "string"
    },
    "cloudwatch_log_group_backend": {
      "value": "/aws/ec2/lti-backend",
      "type": "string"
    },
    "cloudwatch_log_group_backend_arn": {
      "value": "arn:aws:logs:us-east-2:798831116280:log-group:/aws/ec2/lti-backend",
      "type": "string"
    },
    "cloudwatch_log_group_frontend": {
      "value": "/aws/ec2/lti-frontend",
      "type": "string"
    },
    "cloudwatch_log_group_frontend_arn": {
      "value": "arn:aws:logs:us-east-2:798831116280:log-group:/aws/ec2/lti-frontend",
      "type": "string"
    },
    "dashboard_fixed_summary": {
      "value": {
        "description": "Dashboard con métricas CloudWatch funcionales para la instancia i-02fc645e96bc70814",
        "instance_id": "i-02fc645e96bc70814",
        "metrics_used": [
          "aws.ec2.cpuutilization",
          "aws.ec2.cpucreditbalance",
          "aws.ec2.cpucreditusage",
          "aws.ec2.networkin",
          "aws.ec2.networkout",
          "aws.ec2.networkpacketsin",
          "aws.ec2.networkpacketsout",
          "aws.ec2.ebsreadops",
          "aws.ec2.ebswriteops",
          "aws.ec2.ebsreadbytes",
          "aws.ec2.ebswritebytes",
          "aws.ec2.status_check_failed",
          "aws.ec2.status_check_failed_instance",
          "aws.ec2.status_check_failed_system"
        ],
        "title": "🚀 LTI Project - Dashboard Corregido",
        "url": "https://app.us5.datadoghq.com/dashboard/9kb-t3q-z7r",
        "widgets": "20+ widgets con métricas CloudWatch verificadas"
      },
      "type": [
        "object",
        {
          "description": "string",
          "instance_id": "string",
          "metrics_used": [
            "tuple",
            [
              "string",
              "string",
              "string",
              "string",
              "string",
              "string",
              "string",
              "string",
              "string",
              "string",
              "string",
              "string",
              "string",
              "string"
            ]
          ],
          "title": "string",
          "url": "string",
          "widgets": "string"
        }
      ]
    },
    "dashboard_id": {
      "value": "8wc-5bj-wmb",
      "type": "string"
    },
    "dashboard_instance_id": {
      "value": "i-02fc645e96bc70814",
      "type": "string"
    },
    "dashboard_summary": {
      "value": {
        "description": "Dashboard optimizado con métricas clave para la instancia i-02fc645e96bc70814",
        "features": [
          "KPIs en tiempo real",
          "CPU monitoring (CloudWatch + Agent)",
          "Memoria detallada con cache/buffer",
          "Almacenamiento por particiones",
          "Análisis de red completo",
          "Procesos y load average",
          "Logs stream en vivo",
          "Heatmaps de patrones",
          "Estado de alertas integrado"
        ],
        "instance_id": "i-02fc645e96bc70814",
        "title": "🚀 LTI Project - Dashboard Unificado",
        "url": "https://app.us5.datadoghq.com/dashboard/yig-6qg-h8c",
        "widgets": "35+ widgets organizados en 7 filas temáticas"
      },
      "type": [
        "object",
        {
          "description": "string",
          "features": [
            "tuple",
            [
              "string",
              "string",
              "string",
              "string",
              "string",
              "string",
              "string",
              "string",
              "string"
            ]
          ],
          "instance_id": "string",
          "title": "string",
          "url": "string",
          "widgets": "string"
        }
      ]
    },
    "dashboard_url": {
      "value": "/dashboard/8wc-5bj-wmb/lti-project---main-dashboard",
      "type": "string"
    },
    "dashboard_v2_id": {
      "value": "8nw-3n7-c8h",
      "type": "string"
    },
    "dashboard_v2_url": {
      "value": "/dashboard/8nw-3n7-c8h/lti-project---monitoring-dashboard-v2",
      "type": "string"
    },
    "datadog_integration_account_id": {
      "value": "798831116280",
      "type": "string"
    },
    "datadog_integration_external_id": {
      "value": "263c8c17630943cd8d05970c4bea6fc2",
      "type": "string",
      "sensitive": true
    },
    "datadog_integration_role_name": {
      "value": "lti-project-datadog-integration-role",
      "type": "string"
    },
    "datadog_metrics_enabled": {
      "value": true,
      "type": "bool"
    },
    "datadog_namespaces_monitored": {
      "value": [
        "AWS/EC2",
        "AWS/EBS",
        "AWS/S3",
        "AWS/Lambda"
      ],
      "type": [
        "list",
        "string"
      ]
    },
    "datadog_role_arn": {
      "value": "arn:aws:iam::798831116280:role/lti-project-datadog-integration-role",
      "type": "string"
    },
    "datadog_role_name": {
      "value": "lti-project-datadog-integration-role",
      "type": "string"
    },
    "diagnostic_dashboard_id": {
      "value": "u4z-evi-79c",
      "type": "string"
    },
    "diagnostic_dashboard_url": {
      "value": "https://app.us5.datadoghq.com/dashboard/u4z-evi-79c",
      "type": "string"
    },
    "enabled_namespaces": {
      "value": [
        "AWS/EC2",
        "AWS/EBS",
        "AWS/Logs",
        "AWS/S3",
        "AWS/Lambda",
        "AWS/ApplicationELB",
        "AWS/NetworkELB",
        "AWS/CloudFront",
        "AWS/RDS",
        "AWS/ElastiCache"
      ],
      "type": [
        "list",
        "string"
      ]
    },
    "enhanced_dashboard_id": {
      "value": "ktk-6ae-97k",
      "type": "string"
    },
    "enhanced_dashboard_summary": {
      "value": "🚀 Dashboard Mejorado Creado:\r\n    \r\n📊 ID: ktk-6ae-97k\r\n🔗 URL: https://app.us5.datadoghq.com/dashboard/ktk-6ae-97k\r\n🖥️ Instancia: i-02fc645e96bc70814\r\n🌍 Región: us-east-2\r\n    \r\n✨ Características:\r\n• Variables dinámicas para instancias\r\n• Paleta de colores profesional\r\n• KPIs principales destacados\r\n• Métricas organizadas por categorías\r\n• Enlaces de navegación rápida\r\n    \r\n🎯 Mejoras implementadas:\r\n• Sincronización optimizada AWS-Datadog\r\n• Diseño responsive y profesional\r\n• Alertas visuales mejoradas\r\n• Documentación integrada\r\n",
      "type": "string"
    },
    "enhanced_dashboard_title": {
      "value": "🚀 LTI Project - Monitoring Avanzado",
      "type": "string"
    },
    "enhanced_dashboard_url": {
      "value": "https://app.us5.datadoghq.com/dashboard/ktk-6ae-97k",
      "type": "string"
    },
    "final_dashboard_id": {
      "value": "yz9-t97-pyy",
      "type": "string"
    },
    "final_dashboard_summary": {
      "value": {
        "metrics_tracked": [
          "aws.ec2.cpuutilization",
          "aws.ec2.cpucreditbalance",
          "aws.ec2.cpucreditusage",
          "aws.ec2.networkin",
          "aws.ec2.networkout",
          "aws.ec2.networkpacketsin",
          "aws.ec2.networkpacketsout",
          "aws.ec2.status_check_failed",
          "aws.ec2.status_check_failed_instance",
          "aws.ec2.status_check_failed_system",
          "aws.ec2.ebsreadops",
          "aws.ec2.ebswriteops",
          "aws.ec2.ebsreadbytes",
          "aws.ec2.ebswritebytes"
        ],
        "title": "🚀 LTI Project - Monitoring Final",
        "widgets": 8
      },
      "type": [
        "object",
        {
          "metrics_tracked": [
            "tuple",
            [
              "string",
              "string",
              "string",
              "string",
              "string",
              "string",
              "string",
              "string",
              "string",
              "string",
              "string",
              "string",
              "string",
              "string"
            ]
          ],
          "title": "string",
          "widgets": "number"
        }
      ]
    },
    "final_dashboard_url": {
      "value": "https://app.us5.datadoghq.com/dashboard/yz9-t97-pyy",
      "type": "string"
    },
    "fixed_dashboard_id": {
      "value": "9kb-t3q-z7r",
      "type": "string"
    },
    "fixed_dashboard_url": {
      "value": "https://app.us5.datadoghq.com/dashboard/9kb-t3q-z7r",
      "type": "string"
    },
    "optimized_dashboard_id": {
      "value": "emc-2bf-4jr",
      "type": "string"
    },
    "optimized_dashboard_url": {
      "value": "https://app.us5.datadoghq.com/dashboard/emc-2bf-4jr",
      "type": "string"
    },
    "unified_dashboard_id": {
      "value": "yig-6qg-h8c",
      "type": "string"
    },
    "unified_dashboard_url": {
      "value": "https://app.us5.datadoghq.com/dashboard/yig-6qg-h8c",
      "type": "string"
    }
  },
  "resources": [
    {
      "mode": "data",
      "type": "aws_caller_identity",
      "name": "current",
      "provider": "provider[\"registry.terraform.io/hashicorp/aws\"]",
      "instances": [
        {
          "schema_version": 0,
          "attributes": {
            "account_id": "798831116280",
            "arn": "arn:aws:iam::798831116280:root",
            "id": "798831116280",
            "user_id": "798831116280"
          },
          "sensitive_attributes": [],
          "identity_schema_version": 0
        }
      ]
    },
    {
      "mode": "data",
      "type": "aws_iam_policy_document",
      "name": "cloudwatch_access_policy",
      "provider": "provider[\"registry.terraform.io/hashicorp/aws\"]",
      "instances": [
        {
          "schema_version": 0,
          "attributes": {
            "id": "938476056",
            "json": "{\n  \"Version\": \"2012-10-17\",\n  \"Statement\": [\n    {\n      \"Effect\": \"Allow\",\n      \"Action\": \"cloudwatch:PutMetricData\",\n      \"Resource\": \"*\"\n    },\n    {\n      \"Effect\": \"Allow\",\n      \"Action\": [\n        \"logs:PutLogEvents\",\n        \"logs:DescribeLogStreams\",\n        \"logs:DescribeLogGroups\",\n        \"logs:CreateLogStream\",\n        \"logs:CreateLogGroup\"\n      ],\n      \"Resource\": [\n        \"arn:aws:logs:us-east-2:*:log-group:/aws/ec2/lti-*:*\",\n        \"arn:aws:logs:us-east-2:*:log-group:/aws/ec2/lti-*\"\n      ]\n    },\n    {\n      \"Effect\": \"Allow\",\n      \"Action\": [\n        \"ec2:DescribeTags\",\n        \"ec2:DescribeInstances\"\n      ],\n      \"Resource\": \"*\"\n    }\n  ]\n}",
            "minified_json": "{\"Version\":\"2012-10-17\",\"Statement\":[{\"Effect\":\"Allow\",\"Action\":\"cloudwatch:PutMetricData\",\"Resource\":\"*\"},{\"Effect\":\"Allow\",\"Action\":[\"logs:PutLogEvents\",\"logs:DescribeLogStreams\",\"logs:DescribeLogGroups\",\"logs:CreateLogStream\",\"logs:CreateLogGroup\"],\"Resource\":[\"arn:aws:logs:us-east-2:*:log-group:/aws/ec2/lti-*:*\",\"arn:aws:logs:us-east-2:*:log-group:/aws/ec2/lti-*\"]},{\"Effect\":\"Allow\",\"Action\":[\"ec2:DescribeTags\",\"ec2:DescribeInstances\"],\"Resource\":\"*\"}]}",
            "override_json": null,
            "override_policy_documents": null,
            "policy_id": null,
            "source_json": null,
            "source_policy_documents": null,
            "statement": [
              {
                "actions": [
                  "cloudwatch:PutMetricData"
                ],
                "condition": [],
                "effect": "Allow",
                "not_actions": [],
                "not_principals": [],
                "not_resources": [],
                "principals": [],
                "resources": [
                  "*"
                ],
                "sid": ""
              },
              {
                "actions": [
                  "logs:CreateLogGroup",
                  "logs:CreateLogStream",
                  "logs:DescribeLogGroups",
                  "logs:DescribeLogStreams",
                  "logs:PutLogEvents"
                ],
                "condition": [],
                "effect": "Allow",
                "not_actions": [],
                "not_principals": [],
                "not_resources": [],
                "principals": [],
                "resources": [
                  "arn:aws:logs:us-east-2:*:log-group:/aws/ec2/lti-*",
                  "arn:aws:logs:us-east-2:*:log-group:/aws/ec2/lti-*:*"
                ],
                "sid": ""
              },
              {
                "actions": [
                  "ec2:DescribeInstances",
                  "ec2:DescribeTags"
                ],
                "condition": [],
                "effect": "Allow",
                "not_actions": [],
                "not_principals": [],
                "not_resources": [],
                "principals": [],
                "resources": [
                  "*"
                ],
                "sid": ""
              }
            ],
            "version": "2012-10-17"
          },
          "sensitive_attributes": [],
          "identity_schema_version": 0
        }
      ]
    },
    {
      "mode": "data",
      "type": "aws_iam_policy_document",
      "name": "datadog_cloudwatch_policy",
      "provider": "provider[\"registry.terraform.io/hashicorp/aws\"]",
      "instances": [
        {
          "schema_version": 0,
          "attributes": {
            "id": "3661847063",
            "json": "{\n  \"Version\": \"2012-10-17\",\n  \"Statement\": [\n    {\n      \"Effect\": \"Allow\",\n      \"Action\": [\n        \"cloudwatch:List*\",\n        \"cloudwatch:Get*\",\n        \"cloudwatch:Describe*\"\n      ],\n      \"Resource\": \"*\"\n    },\n    {\n      \"Effect\": \"Allow\",\n      \"Action\": [\n        \"logs:FilterLogEvents\",\n        \"logs:DescribeLogStreams\",\n        \"logs:DescribeLogGroups\"\n      ],\n      \"Resource\": [\n        \"arn:aws:logs:*:*:log-group:/aws/lambda/datadog-*\",\n        \"arn:aws:logs:*:*:log-group:/aws/ec2/lti-*\"\n      ]\n    }\n  ]\n}",
            "minified_json": "{\"Version\":\"2012-10-17\",\"Statement\":[{\"Effect\":\"Allow\",\"Action\":[\"cloudwatch:List*\",\"cloudwatch:Get*\",\"cloudwatch:Describe*\"],\"Resource\":\"*\"},{\"Effect\":\"Allow\",\"Action\":[\"logs:FilterLogEvents\",\"logs:DescribeLogStreams\",\"logs:DescribeLogGroups\"],\"Resource\":[\"arn:aws:logs:*:*:log-group:/aws/lambda/datadog-*\",\"arn:aws:logs:*:*:log-group:/aws/ec2/lti-*\"]}]}",
            "override_json": null,
            "override_policy_documents": null,
            "policy_id": null,
            "source_json": null,
            "source_policy_documents": null,
            "statement": [
              {
                "actions": [
                  "cloudwatch:Describe*",
                  "cloudwatch:Get*",
                  "cloudwatch:List*"
                ],
                "condition": [],
                "effect": "Allow",
                "not_actions": [],
                "not_principals": [],
                "not_resources": [],
                "principals": [],
                "resources": [
                  "*"
                ],
                "sid": ""
              },
              {
                "actions": [
                  "logs:DescribeLogGroups",
                  "logs:DescribeLogStreams",
                  "logs:FilterLogEvents"
                ],
                "condition": [],
                "effect": "Allow",
                "not_actions": [],
                "not_principals": [],
                "not_resources": [],
                "principals": [],
                "resources": [
                  "arn:aws:logs:*:*:log-group:/aws/ec2/lti-*",
                  "arn:aws:logs:*:*:log-group:/aws/lambda/datadog-*"
                ],
                "sid": ""
              }
            ],
            "version": "2012-10-17"
          },
          "sensitive_attributes": [],
          "identity_schema_version": 0
        }
      ]
    },
    {
      "mode": "data",
      "type": "aws_iam_policy_document",
      "name": "datadog_ec2_policy",
      "provider": "provider[\"registry.terraform.io/hashicorp/aws\"]",
      "instances": [
        {
          "schema_version": 0,
          "attributes": {
            "id": "3180946065",
            "json": "{\n  \"Version\": \"2012-10-17\",\n  \"Statement\": [\n    {\n      \"Effect\": \"Allow\",\n      \"Action\": [\n        \"ec2:Get*\",\n        \"ec2:Describe*\"\n      ],\n      \"Resource\": \"*\"\n    },\n    {\n      \"Effect\": \"Allow\",\n      \"Action\": [\n        \"tag:GetTagValues\",\n        \"tag:GetTagKeys\",\n        \"tag:GetResources\"\n      ],\n      \"Resource\": \"*\"\n    }\n  ]\n}",
            "minified_json": "{\"Version\":\"2012-10-17\",\"Statement\":[{\"Effect\":\"Allow\",\"Action\":[\"ec2:Get*\",\"ec2:Describe*\"],\"Resource\":\"*\"},{\"Effect\":\"Allow\",\"Action\":[\"tag:GetTagValues\",\"tag:GetTagKeys\",\"tag:GetResources\"],\"Resource\":\"*\"}]}",
            "override_json": null,
            "override_policy_documents": null,
            "policy_id": null,
            "source_json": null,
            "source_policy_documents": null,
            "statement": [
              {
                "actions": [
                  "ec2:Describe*",
                  "ec2:Get*"
                ],
                "condition": [],
                "effect": "Allow",
                "not_actions": [],
                "not_principals": [],
                "not_resources": [],
                "principals": [],
                "resources": [
                  "*"
                ],
                "sid": ""
              },
              {
                "actions": [
                  "tag:GetResources",
                  "tag:GetTagKeys",
                  "tag:GetTagValues"
                ],
                "condition": [],
                "effect": "Allow",
                "not_actions": [],
                "not_principals": [],
                "not_resources": [],
                "principals": [],
                "resources": [
                  "*"
                ],
                "sid": ""
              }
            ],
            "version": "2012-10-17"
          },
          "sensitive_attributes": [],
          "identity_schema_version": 0
        }
      ]
    },
    {
      "mode": "data",
      "type": "aws_iam_policy_document",
      "name": "datadog_s3_policy",
      "provider": "provider[\"registry.terraform.io/hashicorp/aws\"]",
      "instances": [
        {
          "schema_version": 0,
          "attributes": {
            "id": "2902487655",
            "json": "{\n  \"Version\": \"2012-10-17\",\n  \"Statement\": [\n    {\n      \"Effect\": \"Allow\",\n      \"Action\": [\n        \"s3:ListBucket\",\n        \"s3:ListAllMyBuckets\",\n        \"s3:GetBucketTagging\",\n        \"s3:GetBucketNotification\",\n        \"s3:GetBucketLocation\"\n      ],\n      \"Resource\": \"*\"\n    },\n    {\n      \"Effect\": \"Allow\",\n      \"Action\": [\n        \"s3:GetBucketWebsite\",\n        \"s3:GetBucketMetricsConfiguration\"\n      ],\n      \"Resource\": [\n        \"arn:aws:s3:::ai4devs-project-code-bucket/*\",\n        \"arn:aws:s3:::ai4devs-project-code-bucket\"\n      ]\n    }\n  ]\n}",
            "minified_json": "{\"Version\":\"2012-10-17\",\"Statement\":[{\"Effect\":\"Allow\",\"Action\":[\"s3:ListBucket\",\"s3:ListAllMyBuckets\",\"s3:GetBucketTagging\",\"s3:GetBucketNotification\",\"s3:GetBucketLocation\"],\"Resource\":\"*\"},{\"Effect\":\"Allow\",\"Action\":[\"s3:GetBucketWebsite\",\"s3:GetBucketMetricsConfiguration\"],\"Resource\":[\"arn:aws:s3:::ai4devs-project-code-bucket/*\",\"arn:aws:s3:::ai4devs-project-code-bucket\"]}]}",
            "override_json": null,
            "override_policy_documents": null,
            "policy_id": null,
            "source_json": null,
            "source_policy_documents": null,
            "statement": [
              {
                "actions": [
                  "s3:GetBucketLocation",
                  "s3:GetBucketNotification",
                  "s3:GetBucketTagging",
                  "s3:ListAllMyBuckets",
                  "s3:ListBucket"
                ],
                "condition": [],
                "effect": "Allow",
                "not_actions": [],
                "not_principals": [],
                "not_resources": [],
                "principals": [],
                "resources": [
                  "*"
                ],
                "sid": ""
              },
              {
                "actions": [
                  "s3:GetBucketMetricsConfiguration",
                  "s3:GetBucketWebsite"
                ],
                "condition": [],
                "effect": "Allow",
                "not_actions": [],
                "not_principals": [],
                "not_resources": [],
                "principals": [],
                "resources": [
                  "arn:aws:s3:::ai4devs-project-code-bucket",
                  "arn:aws:s3:::ai4devs-project-code-bucket/*"
                ],
                "sid": ""
              }
            ],
            "version": "2012-10-17"
          },
          "sensitive_attributes": [],
          "identity_schema_version": 0
        }
      ]
    },
    {
      "mode": "data",
      "type": "aws_iam_policy_document",
      "name": "datadog_trust_policy",
      "provider": "provider[\"registry.terraform.io/hashicorp/aws\"]",
      "instances": [
        {
          "schema_version": 0,
          "attributes": {
            "id": "1613676769",
            "json": "{\n  \"Version\": \"2012-10-17\",\n  \"Statement\": [\n    {\n      \"Effect\": \"Allow\",\n      \"Action\": \"sts:AssumeRole\",\n      \"Principal\": {\n        \"AWS\": \"arn:aws:iam::464622532012:root\"\n      },\n      \"Condition\": {\n        \"StringEquals\": {\n          \"sts:ExternalId\": \"263c8c17630943cd8d05970c4bea6fc2\"\n        }\n      }\n    }\n  ]\n}",
            "minified_json": "{\"Version\":\"2012-10-17\",\"Statement\":[{\"Effect\":\"Allow\",\"Action\":\"sts:AssumeRole\",\"Principal\":{\"AWS\":\"arn:aws:iam::464622532012:root\"},\"Condition\":{\"StringEquals\":{\"sts:ExternalId\":\"263c8c17630943cd8d05970c4bea6fc2\"}}}]}",
            "override_json": null,
            "override_policy_documents": null,
            "policy_id": null,
            "source_json": null,
            "source_policy_documents": null,
            "statement": [
              {
                "actions": [
                  "sts:AssumeRole"
                ],
                "condition": [
                  {
                    "test": "StringEquals",
                    "values": [
                      "263c8c17630943cd8d05970c4bea6fc2"
                    ],
                    "variable": "sts:ExternalId"
                  }
                ],
                "effect": "Allow",
                "not_actions": [],
                "not_principals": [],
                "not_resources": [],
                "principals": [
                  {
                    "identifiers": [
                      "arn:aws:iam::464622532012:root"
                    ],
                    "type": "AWS"
                  }
                ],
                "resources": [],
                "sid": ""
              }
            ],
            "version": "2012-10-17"
          },
          "sensitive_attributes": [
            [
              {
                "type": "get_attr",
                "value": "statement"
              },
              {
                "type": "index",
                "value": {
                  "value": 0,
                  "type": "number"
                }
              },
              {
                "type": "get_attr",
                "value": "condition"
              }
            ]
          ],
          "identity_schema_version": 0
        }
      ]
    },
    {
      "mode": "data",
      "type": "aws_instances",
      "name": "project_instances",
      "provider": "provider[\"registry.terraform.io/hashicorp/aws\"]",
      "instances": [
        {
          "schema_version": 0,
          "attributes": {
            "filter": [
              {
                "name": "instance-state-name",
                "values": [
                  "pending",
                  "running",
                  "stopped"
                ]
              },
              {
                "name": "tag:Project",
                "values": [
                  "lti-project"
                ]
              }
            ],
            "id": "us-east-2",
            "ids": [],
            "instance_state_names": null,
            "instance_tags": null,
            "ipv6_addresses": [],
            "private_ips": [],
            "public_ips": [],
            "timeouts": null
          },
          "sensitive_attributes": [],
          "identity_schema_version": 0
        }
      ]
    },
    {
      "mode": "managed",
      "type": "aws_cloudwatch_log_group",
      "name": "lti_backend",
      "provider": "provider[\"registry.terraform.io/hashicorp/aws\"]",
      "instances": [
        {
          "schema_version": 0,
          "attributes": {
            "arn": "arn:aws:logs:us-east-2:798831116280:log-group:/aws/ec2/lti-backend",
            "id": "/aws/ec2/lti-backend",
            "kms_key_id": "",
            "log_group_class": "STANDARD",
            "name": "/aws/ec2/lti-backend",
            "name_prefix": "",
            "retention_in_days": 1,
            "skip_destroy": false,
            "tags": {
              "Component": "logs",
              "Environment": "production",
              "Name": "lti-backend-logs",
              "Purpose": "Backend application logs",
              "Service": "lti-backend",
              "owner": "devops",
              "project": "lti"
            },
            "tags_all": {
              "Component": "logs",
              "Environment": "production",
              "Name": "lti-backend-logs",
              "Purpose": "Backend application logs",
              "Service": "lti-backend",
              "owner": "devops",
              "project": "lti"
            }
          },
          "sensitive_attributes": [],
          "identity_schema_version": 0,
          "private": "bnVsbA=="
        }
      ]
    },
    {
      "mode": "managed",
      "type": "aws_cloudwatch_log_group",
      "name": "lti_frontend",
      "provider": "provider[\"registry.terraform.io/hashicorp/aws\"]",
      "instances": [
        {
          "schema_version": 0,
          "attributes": {
            "arn": "arn:aws:logs:us-east-2:798831116280:log-group:/aws/ec2/lti-frontend",
            "id": "/aws/ec2/lti-frontend",
            "kms_key_id": "",
            "log_group_class": "STANDARD",
            "name": "/aws/ec2/lti-frontend",
            "name_prefix": "",
            "retention_in_days": 1,
            "skip_destroy": false,
            "tags": {
              "Component": "logs",
              "Environment": "production",
              "Name": "lti-frontend-logs",
              "Purpose": "Frontend application logs",
              "Service": "lti-frontend",
              "owner": "devops",
              "project": "lti"
            },
            "tags_all": {
              "Component": "logs",
              "Environment": "production",
              "Name": "lti-frontend-logs",
              "Purpose": "Frontend application logs",
              "Service": "lti-frontend",
              "owner": "devops",
              "project": "lti"
            }
          },
          "sensitive_attributes": [],
          "identity_schema_version": 0,
          "private": "bnVsbA=="
        }
      ]
    },
    {
      "mode": "managed",
      "type": "aws_iam_instance_profile",
      "name": "ec2_instance_profile",
      "provider": "provider[\"registry.terraform.io/hashicorp/aws\"]",
      "instances": [
        {
          "schema_version": 0,
          "attributes": {
            "arn": "arn:aws:iam::798831116280:instance-profile/lti-project-ec2-instance-profile",
            "create_date": "2025-05-25T21:32:55Z",
            "id": "lti-project-ec2-instance-profile",
            "name": "lti-project-ec2-instance-profile",
            "name_prefix": "",
            "path": "/",
            "role": "lti-project-ec2-role",
            "tags": {
              "Name": "lti-project-ec2-instance-profile",
              "Project": "lti-project",
              "Purpose": "EC2 Instance Profile for LTI Project"
            },
            "tags_all": {
              "Name": "lti-project-ec2-instance-profile",
              "Project": "lti-project",
              "Purpose": "EC2 Instance Profile for LTI Project"
            },
            "unique_id": "AIPA3T7QLP74FCPKNBUIT"
          },
          "sensitive_attributes": [],
          "identity_schema_version": 0,
          "private": "bnVsbA==",
          "dependencies": [
            "aws_iam_role.ec2_role"
          ]
        }
      ]
    },
    {
      "mode": "managed",
      "type": "aws_iam_policy",
      "name": "cloudwatch_access_policy",
      "provider": "provider[\"registry.terraform.io/hashicorp/aws\"]",
      "instances": [
        {
          "schema_version": 0,
          "attributes": {
            "arn": "arn:aws:iam::798831116280:policy/lti-project-cloudwatch-access-policy",
            "attachment_count": 0,
            "description": "Política para permitir a las instancias EC2 enviar métricas y logs a CloudWatch para Datadog",
            "id": "arn:aws:iam::798831116280:policy/lti-project-cloudwatch-access-policy",
            "name": "lti-project-cloudwatch-access-policy",
            "name_prefix": "",
            "path": "/",
            "policy": "{\"Statement\":[{\"Action\":\"cloudwatch:PutMetricData\",\"Effect\":\"Allow\",\"Resource\":\"*\"},{\"Action\":[\"logs:PutLogEvents\",\"logs:DescribeLogStreams\",\"logs:DescribeLogGroups\",\"logs:CreateLogStream\",\"logs:CreateLogGroup\"],\"Effect\":\"Allow\",\"Resource\":[\"arn:aws:logs:us-east-2:*:log-group:/aws/ec2/lti-*:*\",\"arn:aws:logs:us-east-2:*:log-group:/aws/ec2/lti-*\"]},{\"Action\":[\"ec2:DescribeTags\",\"ec2:DescribeInstances\"],\"Effect\":\"Allow\",\"Resource\":\"*\"}],\"Version\":\"2012-10-17\"}",
            "policy_id": "ANPA3T7QLP74C4YAIKYK3",
            "tags": {
              "Name": "lti-project-cloudwatch-access-policy",
              "Project": "lti-project",
              "Purpose": "EC2 CloudWatch Access for Datadog Agent"
            },
            "tags_all": {
              "Name": "lti-project-cloudwatch-access-policy",
              "Project": "lti-project",
              "Purpose": "EC2 CloudWatch Access for Datadog Agent"
            }
          },
          "sensitive_attributes": [],
          "identity_schema_version": 0,
          "private": "bnVsbA==",
          "dependencies": [
            "data.aws_iam_policy_document.cloudwatch_access_policy"
          ]
        }
      ]
    },
    {
      "mode": "managed",
      "type": "aws_iam_policy",
      "name": "datadog_cloudwatch_policy",
      "provider": "provider[\"registry.terraform.io/hashicorp/aws\"]",
      "instances": [
        {
          "schema_version": 0,
          "attributes": {
            "arn": "arn:aws:iam::798831116280:policy/lti-project-datadog-cloudwatch-policy",
            "attachment_count": 0,
            "description": "Política para permitir a Datadog leer métricas de CloudWatch",
            "id": "arn:aws:iam::798831116280:policy/lti-project-datadog-cloudwatch-policy",
            "name": "lti-project-datadog-cloudwatch-policy",
            "name_prefix": "",
            "path": "/",
            "policy": "{\"Statement\":[{\"Action\":[\"cloudwatch:List*\",\"cloudwatch:Get*\",\"cloudwatch:Describe*\"],\"Effect\":\"Allow\",\"Resource\":\"*\"},{\"Action\":[\"logs:FilterLogEvents\",\"logs:DescribeLogStreams\",\"logs:DescribeLogGroups\"],\"Effect\":\"Allow\",\"Resource\":[\"arn:aws:logs:*:*:log-group:/aws/lambda/datadog-*\",\"arn:aws:logs:*:*:log-group:/aws/ec2/lti-*\"]}],\"Version\":\"2012-10-17\"}",
            "policy_id": "ANPA3T7QLP74DHU5OTCKK",
            "tags": {
              "Name": "lti-project-datadog-cloudwatch-policy",
              "Project": "lti-project",
              "Purpose": "Datadog CloudWatch Integration"
            },
            "tags_all": {
              "Name": "lti-project-datadog-cloudwatch-policy",
              "Project": "lti-project",
              "Purpose": "Datadog CloudWatch Integration"
            }
          },
          "sensitive_attributes": [],
          "identity_schema_version": 0,
          "private": "bnVsbA==",
          "dependencies": [
            "data.aws_iam_policy_document.datadog_cloudwatch_policy"
          ]
        }
      ]
    },
    {
      "mode": "managed",
      "type": "aws_iam_policy",
      "name": "datadog_ec2_policy",
      "provider": "provider[\"registry.terraform.io/hashicorp/aws\"]",
      "instances": [
        {
          "schema_version": 0,
          "attributes": {
            "arn": "arn:aws:iam::798831116280:policy/lti-project-datadog-ec2-policy",
            "attachment_count": 0,
            "description": "Política para permitir a Datadog leer información de EC2",
            "id": "arn:aws:iam::798831116280:policy/lti-project-datadog-ec2-policy",
            "name": "lti-project-datadog-ec2-policy",
            "name_prefix": "",
            "path": "/",
            "policy": "{\"Statement\":[{\"Action\":[\"ec2:Get*\",\"ec2:Describe*\"],\"Effect\":\"Allow\",\"Resource\":\"*\"},{\"Action\":[\"tag:GetTagValues\",\"tag:GetTagKeys\",\"tag:GetResources\"],\"Effect\":\"Allow\",\"Resource\":\"*\"}],\"Version\":\"2012-10-17\"}",
            "policy_id": "ANPA3T7QLP74CAVNRQJNI",
            "tags": {
              "Name": "lti-project-datadog-ec2-policy",
              "Project": "lti-project",
              "Purpose": "Datadog EC2 Integration"
            },
            "tags_all": {
              "Name": "lti-project-datadog-ec2-policy",
              "Project": "lti-project",
              "Purpose": "Datadog EC2 Integration"
            }
          },
          "sensitive_attributes": [],
          "identity_schema_version": 0,
          "private": "bnVsbA==",
          "dependencies": [
            "data.aws_iam_policy_document.datadog_ec2_policy"
          ]
        }
      ]
    },
    {
      "mode": "managed",
      "type": "aws_iam_policy",
      "name": "datadog_s3_policy",
      "provider": "provider[\"registry.terraform.io/hashicorp/aws\"]",
      "instances": [
        {
          "schema_version": 0,
          "attributes": {
            "arn": "arn:aws:iam::798831116280:policy/lti-project-datadog-s3-policy",
            "attachment_count": 0,
            "description": "Política para permitir a Datadog leer métricas básicas de S3",
            "id": "arn:aws:iam::798831116280:policy/lti-project-datadog-s3-policy",
            "name": "lti-project-datadog-s3-policy",
            "name_prefix": "",
            "path": "/",
            "policy": "{\"Statement\":[{\"Action\":[\"s3:ListBucket\",\"s3:ListAllMyBuckets\",\"s3:GetBucketTagging\",\"s3:GetBucketNotification\",\"s3:GetBucketLocation\"],\"Effect\":\"Allow\",\"Resource\":\"*\"},{\"Action\":[\"s3:GetBucketWebsite\",\"s3:GetBucketMetricsConfiguration\"],\"Effect\":\"Allow\",\"Resource\":[\"arn:aws:s3:::ai4devs-project-code-bucket/*\",\"arn:aws:s3:::ai4devs-project-code-bucket\"]}],\"Version\":\"2012-10-17\"}",
            "policy_id": "ANPA3T7QLP74LBA4VC4M2",
            "tags": {
              "Name": "lti-project-datadog-s3-policy",
              "Project": "lti-project",
              "Purpose": "Datadog S3 Integration"
            },
            "tags_all": {
              "Name": "lti-project-datadog-s3-policy",
              "Project": "lti-project",
              "Purpose": "Datadog S3 Integration"
            }
          },
          "sensitive_attributes": [],
          "identity_schema_version": 0,
          "private": "bnVsbA==",
          "dependencies": [
            "data.aws_iam_policy_document.datadog_s3_policy"
          ]
        }
      ]
    },
    {
      "mode": "managed",
      "type": "aws_iam_role",
      "name": "datadog_integration_role",
      "provider": "provider[\"registry.terraform.io/hashicorp/aws\"]",
      "instances": [
        {
          "schema_version": 0,
          "attributes": {
            "arn": "arn:aws:iam::798831116280:role/lti-project-datadog-integration-role",
            "assume_role_policy": "{\"Statement\":[{\"Action\":\"sts:AssumeRole\",\"Condition\":{\"StringEquals\":{\"sts:ExternalId\":\"263c8c17630943cd8d05970c4bea6fc2\"}},\"Effect\":\"Allow\",\"Principal\":{\"AWS\":\"arn:aws:iam::464622532012:root\"}}],\"Version\":\"2012-10-17\"}",
            "create_date": "2025-05-25T21:32:54Z",
            "description": "",
            "force_detach_policies": false,
            "id": "lti-project-datadog-integration-role",
            "inline_policy": [],
            "managed_policy_arns": [
              "arn:aws:iam::798831116280:policy/lti-project-datadog-cloudwatch-policy",
              "arn:aws:iam::798831116280:policy/lti-project-datadog-ec2-policy",
              "arn:aws:iam::798831116280:policy/lti-project-datadog-s3-policy"
            ],
            "max_session_duration": 3600,
            "name": "lti-project-datadog-integration-role",
            "name_prefix": "",
            "path": "/",
            "permissions_boundary": "",
            "tags": {
              "Environment": "production",
              "Name": "lti-project-datadog-integration-role",
              "Project": "lti-project",
              "Purpose": "Datadog AWS Integration"
            },
            "tags_all": {
              "Environment": "production",
              "Name": "lti-project-datadog-integration-role",
              "Project": "lti-project",
              "Purpose": "Datadog AWS Integration"
            },
            "unique_id": "AROA3T7QLP74E3DAPGRJF"
          },
          "sensitive_attributes": [],
          "identity_schema_version": 0,
          "private": "bnVsbA==",
          "dependencies": [
            "data.aws_iam_policy_document.datadog_trust_policy"
          ]
        }
      ]
    },
    {
      "mode": "managed",
      "type": "aws_iam_role",
      "name": "ec2_role",
      "provider": "provider[\"registry.terraform.io/hashicorp/aws\"]",
      "instances": [
        {
          "schema_version": 0,
          "attributes": {
            "arn": "arn:aws:iam::798831116280:role/lti-project-ec2-role",
            "assume_role_policy": "{\"Statement\":[{\"Action\":\"sts:AssumeRole\",\"Effect\":\"Allow\",\"Principal\":{\"Service\":\"ec2.amazonaws.com\"},\"Sid\":\"\"}],\"Version\":\"2012-10-17\"}",
            "create_date": "2025-05-25T21:32:54Z",
            "description": "Rol IAM para instancias EC2 del proyecto LTI con permisos para S3 y CloudWatch",
            "force_detach_policies": false,
            "id": "lti-project-ec2-role",
            "inline_policy": [],
            "managed_policy_arns": [
              "arn:aws:iam::798831116280:policy/lti-project-cloudwatch-access-policy",
              "arn:aws:iam::aws:policy/AmazonCloudWatchEvidentlyFullAccess",
              "arn:aws:iam::aws:policy/AmazonCloudWatchEvidentlyReadOnlyAccess",
              "arn:aws:iam::aws:policy/AmazonCloudWatchRUMFullAccess",
              "arn:aws:iam::aws:policy/AmazonCloudWatchRUMReadOnlyAccess",
              "arn:aws:iam::aws:policy/AmazonSSMManagedInstanceCore",
              "arn:aws:iam::aws:policy/CloudWatchActionsEC2Access",
              "arn:aws:iam::aws:policy/CloudWatchAgentServerPolicy",
              "arn:aws:iam::aws:policy/CloudWatchEventsFullAccess",
              "arn:aws:iam::aws:policy/service-role/AmazonAPIGatewayPushToCloudWatchLogs",
              "arn:aws:iam::aws:policy/service-role/AmazonDMSCloudWatchLogsRole",
              "arn:aws:iam::aws:policy/service-role/AmazonGrafanaCloudWatchAccess"
            ],
            "max_session_duration": 3600,
            "name": "lti-project-ec2-role",
            "name_prefix": "",
            "path": "/",
            "permissions_boundary": "",
            "tags": {
              "Name": "lti-project-ec2-role",
              "Project": "lti-project",
              "Purpose": "EC2 Role for LTI Project with S3 and CloudWatch access"
            },
            "tags_all": {
              "Name": "lti-project-ec2-role",
              "Project": "lti-project",
              "Purpose": "EC2 Role for LTI Project with S3 and CloudWatch access"
            },
            "unique_id": "AROA3T7QLP74CWZE7ZFAP"
          },
          "sensitive_attributes": [],
          "identity_schema_version": 0,
          "private": "bnVsbA=="
        }
      ]
    },
    {
      "mode": "managed",
      "type": "aws_iam_role_policy_attachment",
      "name": "attach_cloudwatch_access_policy",
      "provider": "provider[\"registry.terraform.io/hashicorp/aws\"]",
      "instances": [
        {
          "schema_version": 0,
          "attributes": {
            "id": "lti-project-ec2-role-20250525213316808500000003",
            "policy_arn": "arn:aws:iam::798831116280:policy/lti-project-cloudwatch-access-policy",
            "role": "lti-project-ec2-role"
          },
          "sensitive_attributes": [],
          "identity_schema_version": 0,
          "private": "bnVsbA==",
          "dependencies": [
            "aws_iam_policy.cloudwatch_access_policy",
            "aws_iam_role.ec2_role",
            "data.aws_iam_policy_document.cloudwatch_access_policy"
          ]
        }
      ]
    },
    {
      "mode": "managed",
      "type": "aws_iam_role_policy_attachment",
      "name": "datadog_cloudwatch_attachment",
      "provider": "provider[\"registry.terraform.io/hashicorp/aws\"]",
      "instances": [
        {
          "schema_version": 0,
          "attributes": {
            "id": "lti-project-datadog-integration-role-20250525213316806400000002",
            "policy_arn": "arn:aws:iam::798831116280:policy/lti-project-datadog-cloudwatch-policy",
            "role": "lti-project-datadog-integration-role"
          },
          "sensitive_attributes": [],
          "identity_schema_version": 0,
          "private": "bnVsbA==",
          "dependencies": [
            "aws_iam_policy.datadog_cloudwatch_policy",
            "aws_iam_role.datadog_integration_role",
            "data.aws_iam_policy_document.datadog_cloudwatch_policy",
            "data.aws_iam_policy_document.datadog_trust_policy"
          ]
        }
      ]
    },
    {
      "mode": "managed",
      "type": "aws_iam_role_policy_attachment",
      "name": "datadog_ec2_attachment",
      "provider": "provider[\"registry.terraform.io/hashicorp/aws\"]",
      "instances": [
        {
          "schema_version": 0,
          "attributes": {
            "id": "lti-project-datadog-integration-role-20250525213316770300000001",
            "policy_arn": "arn:aws:iam::798831116280:policy/lti-project-datadog-ec2-policy",
            "role": "lti-project-datadog-integration-role"
          },
          "sensitive_attributes": [],
          "identity_schema_version": 0,
          "private": "bnVsbA==",
          "dependencies": [
            "aws_iam_policy.datadog_ec2_policy",
            "aws_iam_role.datadog_integration_role",
            "data.aws_iam_policy_document.datadog_ec2_policy",
            "data.aws_iam_policy_document.datadog_trust_policy"
          ]
        }
      ]
    },
    {
      "mode": "managed",
      "type": "aws_iam_role_policy_attachment",
      "name": "datadog_s3_attachment",
      "provider": "provider[\"registry.terraform.io/hashicorp/aws\"]",
      "instances": [
        {
          "schema_version": 0,
          "attributes": {
            "id": "lti-project-datadog-integration-role-20250525213317082000000004",
            "policy_arn": "arn:aws:iam::798831116280:policy/lti-project-datadog-s3-policy",
            "role": "lti-project-datadog-integration-role"
          },
          "sensitive_attributes": [],
          "identity_schema_version": 0,
          "private": "bnVsbA==",
          "dependencies": [
            "aws_iam_policy.datadog_s3_policy",
            "aws_iam_role.datadog_integration_role",
            "data.aws_iam_policy_document.datadog_s3_policy",
            "data.aws_iam_policy_document.datadog_trust_policy"
          ]
        }
      ]
    },
    {
      "mode": "managed",
      "type": "aws_instance",
      "name": "frontend",
      "provider": "provider[\"registry.terraform.io/hashicorp/aws\"]",
      "instances": [
        {
          "schema_version": 1,
          "attributes": {
            "ami": "ami-075d39ebbca89ed55",
            "arn": "arn:aws:ec2:us-east-1:221082204872:instance/i-036e638e633155bbb",
            "associate_public_ip_address": true,
            "availability_zone": "us-east-1d",
            "capacity_reservation_specification": [
              {
                "capacity_reservation_preference": "open",
                "capacity_reservation_target": []
              }
            ],
            "cpu_core_count": 2,
            "cpu_options": [
              {
                "amd_sev_snp": "",
                "core_count": 2,
                "threads_per_core": 1
              }
            ],
            "cpu_threads_per_core": 1,
            "credit_specification": [
              {
                "cpu_credits": "standard"
              }
            ],
            "disable_api_stop": false,
            "disable_api_termination": false,
            "ebs_block_device": [],
            "ebs_optimized": false,
            "enable_primary_ipv6": null,
            "enclave_options": [
              {
                "enabled": false
              }
            ],
            "ephemeral_block_device": [],
            "get_password_data": false,
            "hibernation": false,
            "host_id": "",
            "host_resource_group_arn": null,
            "iam_instance_profile": "lti-project-ec2-instance-profile",
            "id": "i-036e638e633155bbb",
            "instance_initiated_shutdown_behavior": "stop",
            "instance_lifecycle": "",
            "instance_market_options": [],
            "instance_state": "running",
            "instance_type": "t2.medium",
            "ipv6_address_count": 0,
            "ipv6_addresses": [],
            "key_name": "",
            "launch_template": [],
            "maintenance_options": [
              {
                "auto_recovery": "default"
              }
            ],
            "metadata_options": [
              {
                "http_endpoint": "enabled",
                "http_protocol_ipv6": "disabled",
                "http_put_response_hop_limit": 1,
                "http_tokens": "optional",
                "instance_metadata_tags": "disabled"
              }
            ],
            "monitoring": false,
            "network_interface": [],
            "outpost_arn": "",
            "password_data": "",
            "placement_group": "",
            "placement_partition_number": 0,
            "primary_network_interface_id": "eni-0bcb839a518d6a7be",
            "private_dns": "ip-172-31-92-24.ec2.internal",
            "private_dns_name_options": [
              {
                "enable_resource_name_dns_a_record": false,
                "enable_resource_name_dns_aaaa_record": false,
                "hostname_type": "ip-name"
              }
            ],
            "private_ip": "172.31.92.24",
            "public_dns": "ec2-13-219-99-7.compute-1.amazonaws.com",
            "public_ip": "13.219.99.7",
            "root_block_device": [
              {
                "delete_on_termination": true,
                "device_name": "/dev/xvda",
                "encrypted": false,
                "iops": 100,
                "kms_key_id": "",
                "tags": {},
                "tags_all": {},
                "throughput": 0,
                "volume_id": "vol-05c347fc4a35c7d1e",
                "volume_size": 8,
                "volume_type": "gp2"
              }
            ],
            "secondary_private_ips": [],
            "security_groups": [
              "lti-project-frontend-sg"
            ],
            "source_dest_check": true,
            "spot_instance_request_id": "",
            "subnet_id": "subnet-04111fea7659260e3",
            "tags": {
              "Name": "lti-project-frontend"
            },
            "tags_all": {
              "Name": "lti-project-frontend"
            },
            "tenancy": "default",
            "timeouts": null,
            "user_data": "5fb03a56bbd2646c88621282033a5fbc9ac90993",
            "user_data_base64": null,
            "user_data_replace_on_change": false,
            "volume_tags": null,
            "vpc_security_group_ids": [
              "sg-00a4b73d98e0198e5"
            ]
          },
          "sensitive_attributes": [],
          "identity_schema_version": 0,
          "private": "eyJlMmJmYjczMC1lY2FhLTExZTYtOGY4OC0zNDM2M2JjN2M0YzAiOnsiY3JlYXRlIjo2MDAwMDAwMDAwMDAsImRlbGV0ZSI6MTIwMDAwMDAwMDAwMCwicmVhZCI6OTAwMDAwMDAwMDAwLCJ1cGRhdGUiOjYwMDAwMDAwMDAwMH0sInNjaGVtYV92ZXJzaW9uIjoiMSJ9",
          "dependencies": [
            "aws_iam_instance_profile.ec2_instance_profile",
            "aws_security_group.frontend_sg"
          ]
        }
      ]
    },
    {
      "mode": "managed",
      "type": "aws_s3_bucket_object",
      "name": "backend_zip",
      "provider": "provider[\"registry.terraform.io/hashicorp/aws\"]",
      "instances": [
        {
          "schema_version": 0,
          "attributes": {
            "acl": "private",
            "arn": "arn:aws:s3:::ai4devs-project-code-bucket/backend.zip",
            "bucket": "ai4devs-project-code-bucket",
            "bucket_key_enabled": false,
            "cache_control": "",
            "content": null,
            "content_base64": null,
            "content_disposition": "",
            "content_encoding": "",
            "content_language": "",
            "content_type": "application/octet-stream",
            "etag": "62d8e557ce161ddb4f21895df0954759",
            "force_destroy": false,
            "id": "backend.zip",
            "key": "backend.zip",
            "kms_key_id": null,
            "metadata": {},
            "object_lock_legal_hold_status": "",
            "object_lock_mode": "",
            "object_lock_retain_until_date": "",
            "server_side_encryption": "AES256",
            "source": "./../backend.zip",
            "source_hash": null,
            "storage_class": "STANDARD",
            "tags": {},
            "tags_all": {},
            "version_id": "",
            "website_redirect": ""
          },
          "sensitive_attributes": [],
          "identity_schema_version": 0,
          "private": "bnVsbA==",
          "dependencies": [
            "aws_s3_bucket.code_bucket",
            "null_resource.generate_zip"
          ]
        }
      ]
    },
    {
      "mode": "managed",
      "type": "aws_s3_bucket_object",
      "name": "frontend_zip",
      "provider": "provider[\"registry.terraform.io/hashicorp/aws\"]",
      "instances": [
        {
          "schema_version": 0,
          "attributes": {
            "acl": "private",
            "arn": "arn:aws:s3:::ai4devs-project-code-bucket/frontend.zip",
            "bucket": "ai4devs-project-code-bucket",
            "bucket_key_enabled": false,
            "cache_control": "",
            "content": null,
            "content_base64": null,
            "content_disposition": "",
            "content_encoding": "",
            "content_language": "",
            "content_type": "application/octet-stream",
            "etag": "ffc510318fa4147f2c77265094480671",
            "force_destroy": false,
            "id": "frontend.zip",
            "key": "frontend.zip",
            "kms_key_id": null,
            "metadata": {},
            "object_lock_legal_hold_status": "",
            "object_lock_mode": "",
            "object_lock_retain_until_date": "",
            "server_side_encryption": "AES256",
            "source": "./../frontend.zip",
            "source_hash": null,
            "storage_class": "STANDARD",
            "tags": {},
            "tags_all": {},
            "version_id": "",
            "website_redirect": ""
          },
          "sensitive_attributes": [],
          "identity_schema_version": 0,
          "private": "bnVsbA==",
          "dependencies": [
            "aws_s3_bucket.code_bucket",
            "null_resource.generate_zip"
          ]
        }
      ]
    },
    {
      "mode": "managed",
      "type": "aws_security_group",
      "name": "backend_sg",
      "provider": "provider[\"registry.terraform.io/hashicorp/aws\"]",
      "instances": [
        {
          "schema_version": 1,
          "attributes": {
            "arn": "arn:aws:ec2:us-east-2:798831116280:security-group/sg-03d148f464cedc083",
            "description": "Allow HTTP and SSH access",
            "egress": [
              {
                "cidr_blocks": [
                  "0.0.0.0/0"
                ],
                "description": "",
                "from_port": 0,
                "ipv6_cidr_blocks": [],
                "prefix_list_ids": [],
                "protocol": "-1",
                "security_groups": [],
                "self": false,
                "to_port": 0
              }
            ],
            "id": "sg-03d148f464cedc083",
            "ingress": [
              {
                "cidr_blocks": [
                  "0.0.0.0/0"
                ],
                "description": "",
                "from_port": 22,
                "ipv6_cidr_blocks": [],
                "prefix_list_ids": [],
                "protocol": "tcp",
                "security_groups": [],
                "self": false,
                "to_port": 22
              },
              {
                "cidr_blocks": [
                  "0.0.0.0/0"
                ],
                "description": "",
                "from_port": 8080,
                "ipv6_cidr_blocks": [],
                "prefix_list_ids": [],
                "protocol": "tcp",
                "security_groups": [],
                "self": false,
                "to_port": 8080
              }
            ],
            "name": "lti-project-backend-sg",
            "name_prefix": "",
            "owner_id": "798831116280",
            "revoke_rules_on_delete": false,
            "tags": {},
            "tags_all": {},
            "timeouts": null,
            "vpc_id": "vpc-0fdcd346412270263"
          },
          "sensitive_attributes": [],
          "identity_schema_version": 0,
          "private": "eyJlMmJmYjczMC1lY2FhLTExZTYtOGY4OC0zNDM2M2JjN2M0YzAiOnsiY3JlYXRlIjo2MDAwMDAwMDAwMDAsImRlbGV0ZSI6OTAwMDAwMDAwMDAwfSwic2NoZW1hX3ZlcnNpb24iOiIxIn0="
        }
      ]
    },
    {
      "mode": "managed",
      "type": "aws_security_group",
      "name": "frontend_sg",
      "provider": "provider[\"registry.terraform.io/hashicorp/aws\"]",
      "instances": [
        {
          "schema_version": 1,
          "attributes": {
            "arn": "arn:aws:ec2:us-east-1:221082204872:security-group/sg-00a4b73d98e0198e5",
            "description": "Allow HTTP and SSH access",
            "egress": [
              {
                "cidr_blocks": [
                  "0.0.0.0/0"
                ],
                "description": "",
                "from_port": 0,
                "ipv6_cidr_blocks": [],
                "prefix_list_ids": [],
                "protocol": "-1",
                "security_groups": [],
                "self": false,
                "to_port": 0
              }
            ],
            "id": "sg-00a4b73d98e0198e5",
            "ingress": [
              {
                "cidr_blocks": [
                  "0.0.0.0/0"
                ],
                "description": "",
                "from_port": 22,
                "ipv6_cidr_blocks": [],
                "prefix_list_ids": [],
                "protocol": "tcp",
                "security_groups": [],
                "self": false,
                "to_port": 22
              },
              {
                "cidr_blocks": [
                  "0.0.0.0/0"
                ],
                "description": "",
                "from_port": 3000,
                "ipv6_cidr_blocks": [],
                "prefix_list_ids": [],
                "protocol": "tcp",
                "security_groups": [],
                "self": false,
                "to_port": 3000
              }
            ],
            "name": "lti-project-frontend-sg",
            "name_prefix": "",
            "owner_id": "221082204872",
            "revoke_rules_on_delete": false,
            "tags": {},
            "tags_all": {},
            "timeouts": null,
            "vpc_id": "vpc-0c2301a918f033073"
          },
          "sensitive_attributes": [],
          "identity_schema_version": 0,
          "private": "eyJlMmJmYjczMC1lY2FhLTExZTYtOGY4OC0zNDM2M2JjN2M0YzAiOnsiY3JlYXRlIjo2MDAwMDAwMDAwMDAsImRlbGV0ZSI6OTAwMDAwMDAwMDAwfSwic2NoZW1hX3ZlcnNpb24iOiIxIn0="
        }
      ]
    },
    {
      "mode": "managed",
      "type": "datadog_dashboard",
      "name": "enhanced_dashboard",
      "provider": "provider[\"registry.terraform.io/datadog/datadog\"]",
      "instances": [
        {
          "schema_version": 0,
          "attributes": {
            "dashboard_lists": null,
            "dashboard_lists_removed": [],
            "description": "Dashboard mejorado con variables dinámicas, mejor diseño y sincronización optimizada | Instancia: i-02fc645e96bc70814 | Región: us-east-2",
            "id": "ktk-6ae-97k",
            "is_read_only": false,
            "layout_type": "ordered",
            "notify_list": null,
            "reflow_type": "",
            "restricted_roles": null,
            "tags": [
              "team:lti-project"
            ],
            "template_variable": [
              {
                "available_values": null,
                "default": "i-02fc645e96bc70814",
                "defaults": null,
                "name": "instance",
                "prefix": "instance-id"
              },
              {
                "available_values": null,
                "default": "us-east-2",
                "defaults": null,
                "name": "region",
                "prefix": "region"
              }
            ],
            "template_variable_preset": [],
            "title": "🚀 LTI Project - Dashboard Profesional v2.0",
            "url": "/dashboard/ktk-6ae-97k/-lti-project---dashboard-profesional-v20",
            "widget": [
              {
                "alert_graph_definition": [],
                "alert_value_definition": [],
                "change_definition": [],
                "check_status_definition": [],
                "distribution_definition": [],
                "event_stream_definition": [],
                "event_timeline_definition": [],
                "free_text_definition": [],
                "geomap_definition": [],
                "group_definition": [],
                "heatmap_definition": [],
                "hostmap_definition": [],
                "id": 8409913300275964,
                "iframe_definition": [],
                "image_definition": [],
                "list_stream_definition": [],
                "log_stream_definition": [],
                "manage_status_definition": [],
                "note_definition": [
                  {
                    "background_color": "blue",
                    "content": "## 🎯 **LTI PROJECT - MONITORING PROFESIONAL**\r\n        \r\n**📊 Estado del Sistema** | **🌍 Región:** us-east-2 | **🖥️ Instancia:** `i-02fc645e96bc70814` | **📈 Site:** us5.datadoghq.com\r\n        \r\n---\r\n        \r\n### 📋 **MÉTRICAS PRINCIPALES**\r\n| Componente | Estado | Descripción |\r\n|------------|---------|-------------|\r\n| ✅ **CPU \u0026 Credits** | Operativo | Monitoreo T2 optimizado |\r\n| ✅ **Network I/O** | Operativo | Tráfico entrada/salida |\r\n| ✅ **Storage EBS** | Operativo | Operaciones disco |\r\n| ✅ **Health Checks** | Operativo | Estado sistema/instancia |\r\n| 🔄 **Logs** | Sincronizando | CloudWatch → Datadog |\r\n        \r\n### ⚡ **MEJORAS IMPLEMENTADAS**\r\n- 🎨 **Diseño profesional** con paleta consistente\r\n- 🔧 **Variables dinámicas** para instancias\r\n- 📊 **Métricas expandidas** (logs, alarmas, métricas personalizadas)\r\n- 🚀 **Sincronización mejorada** AWS-Datadog\r\n- 🎯 **Alertas inteligentes** con umbrales optimizados\r\n",
                    "font_size": "14",
                    "has_padding": true,
                    "show_tick": false,
                    "text_align": "left",
                    "tick_edge": "",
                    "tick_pos": "",
                    "vertical_align": ""
                  }
                ],
                "powerpack_definition": [],
                "query_table_definition": [],
                "query_value_definition": [],
                "run_workflow_definition": [],
                "scatterplot_definition": [],
                "service_level_objective_definition": [],
                "servicemap_definition": [],
                "slo_list_definition": [],
                "split_graph_definition": [],
                "sunburst_definition": [],
                "timeseries_definition": [],
                "toplist_definition": [],
                "topology_map_definition": [],
                "trace_service_definition": [],
                "treemap_definition": [],
                "widget_layout": []
              },
              {
                "alert_graph_definition": [],
                "alert_value_definition": [],
                "change_definition": [],
                "check_status_definition": [],
                "distribution_definition": [],
                "event_stream_definition": [],
                "event_timeline_definition": [],
                "free_text_definition": [],
                "geomap_definition": [],
                "group_definition": [
                  {
                    "background_color": "",
                    "banner_img": "",
                    "layout_type": "ordered",
                    "show_title": true,
                    "title": "📊 KPIs Principales",
                    "widget": [
                      {
                        "alert_graph_definition": [],
                        "alert_value_definition": [],
                        "change_definition": [],
                        "check_status_definition": [],
                        "distribution_definition": [],
                        "event_stream_definition": [],
                        "event_timeline_definition": [],
                        "free_text_definition": [],
                        "geomap_definition": [],
                        "heatmap_definition": [],
                        "hostmap_definition": [],
                        "id": 163518318831262,
                        "iframe_definition": [],
                        "image_definition": [],
                        "list_stream_definition": [],
                        "log_stream_definition": [],
                        "manage_status_definition": [],
                        "note_definition": [],
                        "powerpack_definition": [],
                        "query_table_definition": [],
                        "query_value_definition": [
                          {
                            "autoscale": false,
                            "custom_link": [],
                            "custom_unit": "%",
                            "live_span": "",
                            "precision": 1,
                            "request": [
                              {
                                "aggregator": "last",
                                "apm_query": [],
                                "audit_query": [],
                                "conditional_formats": [
                                  {
                                    "comparator": "\u003e",
                                    "custom_bg_color": "",
                                    "custom_fg_color": "",
                                    "hide_value": false,
                                    "image_url": "",
                                    "metric": "",
                                    "palette": "red_on_white",
                                    "timeframe": "",
                                    "value": 90
                                  },
                                  {
                                    "comparator": "\u003e",
                                    "custom_bg_color": "",
                                    "custom_fg_color": "",
                                    "hide_value": false,
                                    "image_url": "",
                                    "metric": "",
                                    "palette": "yellow_on_white",
                                    "timeframe": "",
                                    "value": 70
                                  },
                                  {
                                    "comparator": "\u003c=",
                                    "custom_bg_color": "",
                                    "custom_fg_color": "",
                                    "hide_value": false,
                                    "image_url": "",
                                    "metric": "",
                                    "palette": "green_on_white",
                                    "timeframe": "",
                                    "value": 70
                                  }
                                ],
                                "formula": [],
                                "log_query": [],
                                "process_query": [],
                                "q": "avg:aws.ec2.cpuutilization{$instance}",
                                "query": [],
                                "rum_query": [],
                                "security_query": []
                              }
                            ],
                            "text_align": "center",
                            "timeseries_background": [],
                            "title": "🔥 CPU Utilization",
                            "title_align": "center",
                            "title_size": "16"
                          }
                        ],
                        "run_workflow_definition": [],
                        "scatterplot_definition": [],
                        "service_level_objective_definition": [],
                        "servicemap_definition": [],
                        "slo_list_definition": [],
                        "split_graph_definition": [],
                        "sunburst_definition": [],
                        "timeseries_definition": [],
                        "toplist_definition": [],
                        "topology_map_definition": [],
                        "trace_service_definition": [],
                        "treemap_definition": [],
                        "widget_layout": []
                      },
                      {
                        "alert_graph_definition": [],
                        "alert_value_definition": [],
                        "change_definition": [],
                        "check_status_definition": [],
                        "distribution_definition": [],
                        "event_stream_definition": [],
                        "event_timeline_definition": [],
                        "free_text_definition": [],
                        "geomap_definition": [],
                        "heatmap_definition": [],
                        "hostmap_definition": [],
                        "id": 7782595448640414,
                        "iframe_definition": [],
                        "image_definition": [],
                        "list_stream_definition": [],
                        "log_stream_definition": [],
                        "manage_status_definition": [],
                        "note_definition": [],
                        "powerpack_definition": [],
                        "query_table_definition": [],
                        "query_value_definition": [
                          {
                            "autoscale": false,
                            "custom_link": [],
                            "custom_unit": "credits",
                            "live_span": "",
                            "precision": 0,
                            "request": [
                              {
                                "aggregator": "last",
                                "apm_query": [],
                                "audit_query": [],
                                "conditional_formats": [
                                  {
                                    "comparator": "\u003c",
                                    "custom_bg_color": "",
                                    "custom_fg_color": "",
                                    "hide_value": false,
                                    "image_url": "",
                                    "metric": "",
                                    "palette": "red_on_white",
                                    "timeframe": "",
                                    "value": 50
                                  },
                                  {
                                    "comparator": "\u003c",
                                    "custom_bg_color": "",
                                    "custom_fg_color": "",
                                    "hide_value": false,
                                    "image_url": "",
                                    "metric": "",
                                    "palette": "yellow_on_white",
                                    "timeframe": "",
                                    "value": 100
                                  },
                                  {
                                    "comparator": "\u003e=",
                                    "custom_bg_color": "",
                                    "custom_fg_color": "",
                                    "hide_value": false,
                                    "image_url": "",
                                    "metric": "",
                                    "palette": "green_on_white",
                                    "timeframe": "",
                                    "value": 100
                                  }
                                ],
                                "formula": [],
                                "log_query": [],
                                "process_query": [],
                                "q": "avg:aws.ec2.cpucreditbalance{$instance}",
                                "query": [],
                                "rum_query": [],
                                "security_query": []
                              }
                            ],
                            "text_align": "center",
                            "timeseries_background": [],
                            "title": "💾 CPU Credits",
                            "title_align": "center",
                            "title_size": "16"
                          }
                        ],
                        "run_workflow_definition": [],
                        "scatterplot_definition": [],
                        "service_level_objective_definition": [],
                        "servicemap_definition": [],
                        "slo_list_definition": [],
                        "split_graph_definition": [],
                        "sunburst_definition": [],
                        "timeseries_definition": [],
                        "toplist_definition": [],
                        "topology_map_definition": [],
                        "trace_service_definition": [],
                        "treemap_definition": [],
                        "widget_layout": []
                      },
                      {
                        "alert_graph_definition": [],
                        "alert_value_definition": [],
                        "change_definition": [],
                        "check_status_definition": [],
                        "distribution_definition": [],
                        "event_stream_definition": [],
                        "event_timeline_definition": [],
                        "free_text_definition": [],
                        "geomap_definition": [],
                        "heatmap_definition": [],
                        "hostmap_definition": [],
                        "id": 5914039657988346,
                        "iframe_definition": [],
                        "image_definition": [],
                        "list_stream_definition": [],
                        "log_stream_definition": [],
                        "manage_status_definition": [],
                        "note_definition": [],
                        "powerpack_definition": [],
                        "query_table_definition": [],
                        "query_value_definition": [
                          {
                            "autoscale": false,
                            "custom_link": [],
                            "custom_unit": "MB/s",
                            "live_span": "",
                            "precision": 2,
                            "request": [
                              {
                                "aggregator": "last",
                                "apm_query": [],
                                "audit_query": [],
                                "conditional_formats": [
                                  {
                                    "comparator": "\u003e",
                                    "custom_bg_color": "",
                                    "custom_fg_color": "",
                                    "hide_value": false,
                                    "image_url": "",
                                    "metric": "",
                                    "palette": "yellow_on_white",
                                    "timeframe": "",
                                    "value": 10
                                  },
                                  {
                                    "comparator": "\u003c=",
                                    "custom_bg_color": "",
                                    "custom_fg_color": "",
                                    "hide_value": false,
                                    "image_url": "",
                                    "metric": "",
                                    "palette": "green_on_white",
                                    "timeframe": "",
                                    "value": 10
                                  }
                                ],
                                "formula": [],
                                "log_query": [],
                                "process_query": [],
                                "q": "(avg:aws.ec2.networkin{$instance}.as_rate() + avg:aws.ec2.networkout{$instance}.as_rate()) / 1048576",
                                "query": [],
                                "rum_query": [],
                                "security_query": []
                              }
                            ],
                            "text_align": "center",
                            "timeseries_background": [],
                            "title": "🌐 Network Total",
                            "title_align": "center",
                            "title_size": "16"
                          }
                        ],
                        "run_workflow_definition": [],
                        "scatterplot_definition": [],
                        "service_level_objective_definition": [],
                        "servicemap_definition": [],
                        "slo_list_definition": [],
                        "split_graph_definition": [],
                        "sunburst_definition": [],
                        "timeseries_definition": [],
                        "toplist_definition": [],
                        "topology_map_definition": [],
                        "trace_service_definition": [],
                        "treemap_definition": [],
                        "widget_layout": []
                      },
                      {
                        "alert_graph_definition": [],
                        "alert_value_definition": [],
                        "change_definition": [],
                        "check_status_definition": [],
                        "distribution_definition": [],
                        "event_stream_definition": [],
                        "event_timeline_definition": [],
                        "free_text_definition": [],
                        "geomap_definition": [],
                        "heatmap_definition": [],
                        "hostmap_definition": [],
                        "id": 297850783167048,
                        "iframe_definition": [],
                        "image_definition": [],
                        "list_stream_definition": [],
                        "log_stream_definition": [],
                        "manage_status_definition": [],
                        "note_definition": [],
                        "powerpack_definition": [],
                        "query_table_definition": [],
                        "query_value_definition": [
                          {
                            "autoscale": false,
                            "custom_link": [],
                            "custom_unit": "",
                            "live_span": "",
                            "precision": 0,
                            "request": [
                              {
                                "aggregator": "last",
                                "apm_query": [],
                                "audit_query": [],
                                "conditional_formats": [
                                  {
                                    "comparator": "\u003e",
                                    "custom_bg_color": "",
                                    "custom_fg_color": "",
                                    "hide_value": false,
                                    "image_url": "",
                                    "metric": "",
                                    "palette": "red_on_white",
                                    "timeframe": "",
                                    "value": 0
                                  },
                                  {
                                    "comparator": "\u003c=",
                                    "custom_bg_color": "",
                                    "custom_fg_color": "",
                                    "hide_value": false,
                                    "image_url": "",
                                    "metric": "",
                                    "palette": "green_on_white",
                                    "timeframe": "",
                                    "value": 0
                                  }
                                ],
                                "formula": [],
                                "log_query": [],
                                "process_query": [],
                                "q": "max:aws.ec2.status_check_failed{$instance}",
                                "query": [],
                                "rum_query": [],
                                "security_query": []
                              }
                            ],
                            "text_align": "center",
                            "timeseries_background": [],
                            "title": "🏥 Health Status",
                            "title_align": "center",
                            "title_size": "16"
                          }
                        ],
                        "run_workflow_definition": [],
                        "scatterplot_definition": [],
                        "service_level_objective_definition": [],
                        "servicemap_definition": [],
                        "slo_list_definition": [],
                        "split_graph_definition": [],
                        "sunburst_definition": [],
                        "timeseries_definition": [],
                        "toplist_definition": [],
                        "topology_map_definition": [],
                        "trace_service_definition": [],
                        "treemap_definition": [],
                        "widget_layout": []
                      }
                    ]
                  }
                ],
                "heatmap_definition": [],
                "hostmap_definition": [],
                "id": 8047518619934905,
                "iframe_definition": [],
                "image_definition": [],
                "list_stream_definition": [],
                "log_stream_definition": [],
                "manage_status_definition": [],
                "note_definition": [],
                "powerpack_definition": [],
                "query_table_definition": [],
                "query_value_definition": [],
                "run_workflow_definition": [],
                "scatterplot_definition": [],
                "service_level_objective_definition": [],
                "servicemap_definition": [],
                "slo_list_definition": [],
                "split_graph_definition": [],
                "sunburst_definition": [],
                "timeseries_definition": [],
                "toplist_definition": [],
                "topology_map_definition": [],
                "trace_service_definition": [],
                "treemap_definition": [],
                "widget_layout": []
              },
              {
                "alert_graph_definition": [],
                "alert_value_definition": [],
                "change_definition": [],
                "check_status_definition": [],
                "distribution_definition": [],
                "event_stream_definition": [],
                "event_timeline_definition": [],
                "free_text_definition": [],
                "geomap_definition": [],
                "group_definition": [
                  {
                    "background_color": "",
                    "banner_img": "",
                    "layout_type": "ordered",
                    "show_title": true,
                    "title": "🔥 CPU \u0026 Performance",
                    "widget": [
                      {
                        "alert_graph_definition": [],
                        "alert_value_definition": [],
                        "change_definition": [],
                        "check_status_definition": [],
                        "distribution_definition": [],
                        "event_stream_definition": [],
                        "event_timeline_definition": [],
                        "free_text_definition": [],
                        "geomap_definition": [],
                        "heatmap_definition": [],
                        "hostmap_definition": [],
                        "id": 1638874066627136,
                        "iframe_definition": [],
                        "image_definition": [],
                        "list_stream_definition": [],
                        "log_stream_definition": [],
                        "manage_status_definition": [],
                        "note_definition": [],
                        "powerpack_definition": [],
                        "query_table_definition": [],
                        "query_value_definition": [],
                        "run_workflow_definition": [],
                        "scatterplot_definition": [],
                        "service_level_objective_definition": [],
                        "servicemap_definition": [],
                        "slo_list_definition": [],
                        "split_graph_definition": [],
                        "sunburst_definition": [],
                        "timeseries_definition": [
                          {
                            "custom_link": [],
                            "event": [],
                            "legend_columns": null,
                            "legend_layout": "",
                            "legend_size": "",
                            "live_span": "",
                            "marker": [
                              {
                                "display_type": "error dashed",
                                "label": "🚨 Critical: 90%",
                                "value": "y = 90"
                              },
                              {
                                "display_type": "warning dashed",
                                "label": "⚠️ Warning: 70%",
                                "value": "y = 70"
                              },
                              {
                                "display_type": "ok dashed",
                                "label": "✅ Optimal: 50%",
                                "value": "y = 50"
                              }
                            ],
                            "request": [
                              {
                                "apm_query": [],
                                "audit_query": [],
                                "display_type": "line",
                                "formula": [],
                                "log_query": [],
                                "metadata": [],
                                "network_query": [],
                                "on_right_yaxis": false,
                                "process_query": [],
                                "q": "avg:aws.ec2.cpuutilization{$instance}",
                                "query": [],
                                "rum_query": [],
                                "security_query": [],
                                "style": [
                                  {
                                    "line_type": "solid",
                                    "line_width": "thick",
                                    "palette": "cool"
                                  }
                                ]
                              }
                            ],
                            "right_yaxis": [],
                            "show_legend": true,
                            "title": "CPU Utilization - Tendencia Detallada",
                            "title_align": "left",
                            "title_size": "16",
                            "yaxis": [
                              {
                                "include_zero": false,
                                "label": "CPU Utilization (%)",
                                "max": "100",
                                "min": "0",
                                "scale": "linear"
                              }
                            ]
                          }
                        ],
                        "toplist_definition": [],
                        "topology_map_definition": [],
                        "trace_service_definition": [],
                        "treemap_definition": [],
                        "widget_layout": []
                      },
                      {
                        "alert_graph_definition": [],
                        "alert_value_definition": [],
                        "change_definition": [],
                        "check_status_definition": [],
                        "distribution_definition": [],
                        "event_stream_definition": [],
                        "event_timeline_definition": [],
                        "free_text_definition": [],
                        "geomap_definition": [],
                        "heatmap_definition": [],
                        "hostmap_definition": [],
                        "id": 5970459921006689,
                        "iframe_definition": [],
                        "image_definition": [],
                        "list_stream_definition": [],
                        "log_stream_definition": [],
                        "manage_status_definition": [],
                        "note_definition": [],
                        "powerpack_definition": [],
                        "query_table_definition": [],
                        "query_value_definition": [],
                        "run_workflow_definition": [],
                        "scatterplot_definition": [],
                        "service_level_objective_definition": [],
                        "servicemap_definition": [],
                        "slo_list_definition": [],
                        "split_graph_definition": [],
                        "sunburst_definition": [],
                        "timeseries_definition": [
                          {
                            "custom_link": [],
                            "event": [],
                            "legend_columns": null,
                            "legend_layout": "",
                            "legend_size": "",
                            "live_span": "",
                            "marker": [
                              {
                                "display_type": "warning dashed",
                                "label": "⚠️ Low Credits: 50",
                                "value": "y = 50"
                              }
                            ],
                            "request": [
                              {
                                "apm_query": [],
                                "audit_query": [],
                                "display_type": "area",
                                "formula": [],
                                "log_query": [],
                                "metadata": [],
                                "network_query": [],
                                "on_right_yaxis": false,
                                "process_query": [],
                                "q": "avg:aws.ec2.cpucreditbalance{$instance}",
                                "query": [],
                                "rum_query": [],
                                "security_query": [],
                                "style": [
                                  {
                                    "line_type": "solid",
                                    "line_width": "normal",
                                    "palette": "green"
                                  }
                                ]
                              },
                              {
                                "apm_query": [],
                                "audit_query": [],
                                "display_type": "line",
                                "formula": [],
                                "log_query": [],
                                "metadata": [],
                                "network_query": [],
                                "on_right_yaxis": false,
                                "process_query": [],
                                "q": "avg:aws.ec2.cpucreditusage{$instance}",
                                "query": [],
                                "rum_query": [],
                                "security_query": [],
                                "style": [
                                  {
                                    "line_type": "solid",
                                    "line_width": "thick",
                                    "palette": "orange"
                                  }
                                ]
                              }
                            ],
                            "right_yaxis": [],
                            "show_legend": true,
                            "title": "T2 CPU Credits - Balance \u0026 Usage",
                            "title_align": "left",
                            "title_size": "16",
                            "yaxis": [
                              {
                                "include_zero": false,
                                "label": "Credits",
                                "max": "",
                                "min": "0",
                                "scale": "linear"
                              }
                            ]
                          }
                        ],
                        "toplist_definition": [],
                        "topology_map_definition": [],
                        "trace_service_definition": [],
                        "treemap_definition": [],
                        "widget_layout": []
                      }
                    ]
                  }
                ],
                "heatmap_definition": [],
                "hostmap_definition": [],
                "id": 2139038482000700,
                "iframe_definition": [],
                "image_definition": [],
                "list_stream_definition": [],
                "log_stream_definition": [],
                "manage_status_definition": [],
                "note_definition": [],
                "powerpack_definition": [],
                "query_table_definition": [],
                "query_value_definition": [],
                "run_workflow_definition": [],
                "scatterplot_definition": [],
                "service_level_objective_definition": [],
                "servicemap_definition": [],
                "slo_list_definition": [],
                "split_graph_definition": [],
                "sunburst_definition": [],
                "timeseries_definition": [],
                "toplist_definition": [],
                "topology_map_definition": [],
                "trace_service_definition": [],
                "treemap_definition": [],
                "widget_layout": []
              },
              {
                "alert_graph_definition": [],
                "alert_value_definition": [],
                "change_definition": [],
                "check_status_definition": [],
                "distribution_definition": [],
                "event_stream_definition": [],
                "event_timeline_definition": [],
                "free_text_definition": [],
                "geomap_definition": [],
                "group_definition": [
                  {
                    "background_color": "",
                    "banner_img": "",
                    "layout_type": "ordered",
                    "show_title": true,
                    "title": "🌐 Network Performance",
                    "widget": [
                      {
                        "alert_graph_definition": [],
                        "alert_value_definition": [],
                        "change_definition": [],
                        "check_status_definition": [],
                        "distribution_definition": [],
                        "event_stream_definition": [],
                        "event_timeline_definition": [],
                        "free_text_definition": [],
                        "geomap_definition": [],
                        "heatmap_definition": [],
                        "hostmap_definition": [],
                        "id": 4783638851246294,
                        "iframe_definition": [],
                        "image_definition": [],
                        "list_stream_definition": [],
                        "log_stream_definition": [],
                        "manage_status_definition": [],
                        "note_definition": [],
                        "powerpack_definition": [],
                        "query_table_definition": [],
                        "query_value_definition": [],
                        "run_workflow_definition": [],
                        "scatterplot_definition": [],
                        "service_level_objective_definition": [],
                        "servicemap_definition": [],
                        "slo_list_definition": [],
                        "split_graph_definition": [],
                        "sunburst_definition": [],
                        "timeseries_definition": [
                          {
                            "custom_link": [],
                            "event": [],
                            "legend_columns": null,
                            "legend_layout": "",
                            "legend_size": "",
                            "live_span": "",
                            "marker": [],
                            "request": [
                              {
                                "apm_query": [],
                                "audit_query": [],
                                "display_type": "area",
                                "formula": [],
                                "log_query": [],
                                "metadata": [],
                                "network_query": [],
                                "on_right_yaxis": false,
                                "process_query": [],
                                "q": "avg:aws.ec2.networkin{$instance}.as_rate()",
                                "query": [],
                                "rum_query": [],
                                "security_query": [],
                                "style": [
                                  {
                                    "line_type": "solid",
                                    "line_width": "normal",
                                    "palette": "blue"
                                  }
                                ]
                              },
                              {
                                "apm_query": [],
                                "audit_query": [],
                                "display_type": "area",
                                "formula": [],
                                "log_query": [],
                                "metadata": [],
                                "network_query": [],
                                "on_right_yaxis": false,
                                "process_query": [],
                                "q": "avg:aws.ec2.networkout{$instance}.as_rate()",
                                "query": [],
                                "rum_query": [],
                                "security_query": [],
                                "style": [
                                  {
                                    "line_type": "solid",
                                    "line_width": "normal",
                                    "palette": "purple"
                                  }
                                ]
                              }
                            ],
                            "right_yaxis": [],
                            "show_legend": true,
                            "title": "Network Throughput (Bytes/s)",
                            "title_align": "left",
                            "title_size": "16",
                            "yaxis": [
                              {
                                "include_zero": false,
                                "label": "Bytes/second",
                                "max": "",
                                "min": "0",
                                "scale": "linear"
                              }
                            ]
                          }
                        ],
                        "toplist_definition": [],
                        "topology_map_definition": [],
                        "trace_service_definition": [],
                        "treemap_definition": [],
                        "widget_layout": []
                      },
                      {
                        "alert_graph_definition": [],
                        "alert_value_definition": [],
                        "change_definition": [],
                        "check_status_definition": [],
                        "distribution_definition": [],
                        "event_stream_definition": [],
                        "event_timeline_definition": [],
                        "free_text_definition": [],
                        "geomap_definition": [],
                        "heatmap_definition": [],
                        "hostmap_definition": [],
                        "id": 5479509959422894,
                        "iframe_definition": [],
                        "image_definition": [],
                        "list_stream_definition": [],
                        "log_stream_definition": [],
                        "manage_status_definition": [],
                        "note_definition": [],
                        "powerpack_definition": [],
                        "query_table_definition": [],
                        "query_value_definition": [],
                        "run_workflow_definition": [],
                        "scatterplot_definition": [],
                        "service_level_objective_definition": [],
                        "servicemap_definition": [],
                        "slo_list_definition": [],
                        "split_graph_definition": [],
                        "sunburst_definition": [],
                        "timeseries_definition": [
                          {
                            "custom_link": [],
                            "event": [],
                            "legend_columns": null,
                            "legend_layout": "",
                            "legend_size": "",
                            "live_span": "",
                            "marker": [],
                            "request": [
                              {
                                "apm_query": [],
                                "audit_query": [],
                                "display_type": "line",
                                "formula": [],
                                "log_query": [],
                                "metadata": [],
                                "network_query": [],
                                "on_right_yaxis": false,
                                "process_query": [],
                                "q": "avg:aws.ec2.networkpacketsin{$instance}.as_rate()",
                                "query": [],
                                "rum_query": [],
                                "security_query": [],
                                "style": [
                                  {
                                    "line_type": "solid",
                                    "line_width": "normal",
                                    "palette": "semantic"
                                  }
                                ]
                              },
                              {
                                "apm_query": [],
                                "audit_query": [],
                                "display_type": "line",
                                "formula": [],
                                "log_query": [],
                                "metadata": [],
                                "network_query": [],
                                "on_right_yaxis": false,
                                "process_query": [],
                                "q": "avg:aws.ec2.networkpacketsout{$instance}.as_rate()",
                                "query": [],
                                "rum_query": [],
                                "security_query": [],
                                "style": [
                                  {
                                    "line_type": "solid",
                                    "line_width": "normal",
                                    "palette": "warm"
                                  }
                                ]
                              }
                            ],
                            "right_yaxis": [],
                            "show_legend": true,
                            "title": "Network Packets Rate",
                            "title_align": "left",
                            "title_size": "16",
                            "yaxis": [
                              {
                                "include_zero": false,
                                "label": "Packets/second",
                                "max": "",
                                "min": "0",
                                "scale": "linear"
                              }
                            ]
                          }
                        ],
                        "toplist_definition": [],
                        "topology_map_definition": [],
                        "trace_service_definition": [],
                        "treemap_definition": [],
                        "widget_layout": []
                      }
                    ]
                  }
                ],
                "heatmap_definition": [],
                "hostmap_definition": [],
                "id": 2400091309697184,
                "iframe_definition": [],
                "image_definition": [],
                "list_stream_definition": [],
                "log_stream_definition": [],
                "manage_status_definition": [],
                "note_definition": [],
                "powerpack_definition": [],
                "query_table_definition": [],
                "query_value_definition": [],
                "run_workflow_definition": [],
                "scatterplot_definition": [],
                "service_level_objective_definition": [],
                "servicemap_definition": [],
                "slo_list_definition": [],
                "split_graph_definition": [],
                "sunburst_definition": [],
                "timeseries_definition": [],
                "toplist_definition": [],
                "topology_map_definition": [],
                "trace_service_definition": [],
                "treemap_definition": [],
                "widget_layout": []
              },
              {
                "alert_graph_definition": [],
                "alert_value_definition": [],
                "change_definition": [],
                "check_status_definition": [],
                "distribution_definition": [],
                "event_stream_definition": [],
                "event_timeline_definition": [],
                "free_text_definition": [],
                "geomap_definition": [],
                "group_definition": [
                  {
                    "background_color": "",
                    "banner_img": "",
                    "layout_type": "ordered",
                    "show_title": true,
                    "title": "💾 Storage Performance (EBS)",
                    "widget": [
                      {
                        "alert_graph_definition": [],
                        "alert_value_definition": [],
                        "change_definition": [],
                        "check_status_definition": [],
                        "distribution_definition": [],
                        "event_stream_definition": [],
                        "event_timeline_definition": [],
                        "free_text_definition": [],
                        "geomap_definition": [],
                        "heatmap_definition": [],
                        "hostmap_definition": [],
                        "id": 3891297207650411,
                        "iframe_definition": [],
                        "image_definition": [],
                        "list_stream_definition": [],
                        "log_stream_definition": [],
                        "manage_status_definition": [],
                        "note_definition": [],
                        "powerpack_definition": [],
                        "query_table_definition": [],
                        "query_value_definition": [],
                        "run_workflow_definition": [],
                        "scatterplot_definition": [],
                        "service_level_objective_definition": [],
                        "servicemap_definition": [],
                        "slo_list_definition": [],
                        "split_graph_definition": [],
                        "sunburst_definition": [],
                        "timeseries_definition": [
                          {
                            "custom_link": [],
                            "event": [],
                            "legend_columns": null,
                            "legend_layout": "",
                            "legend_size": "",
                            "live_span": "",
                            "marker": [],
                            "request": [
                              {
                                "apm_query": [],
                                "audit_query": [],
                                "display_type": "line",
                                "formula": [],
                                "log_query": [],
                                "metadata": [],
                                "network_query": [],
                                "on_right_yaxis": false,
                                "process_query": [],
                                "q": "avg:aws.ec2.ebsreadops{$instance}.as_rate()",
                                "query": [],
                                "rum_query": [],
                                "security_query": [],
                                "style": [
                                  {
                                    "line_type": "solid",
                                    "line_width": "normal",
                                    "palette": "cool"
                                  }
                                ]
                              },
                              {
                                "apm_query": [],
                                "audit_query": [],
                                "display_type": "line",
                                "formula": [],
                                "log_query": [],
                                "metadata": [],
                                "network_query": [],
                                "on_right_yaxis": false,
                                "process_query": [],
                                "q": "avg:aws.ec2.ebswriteops{$instance}.as_rate()",
                                "query": [],
                                "rum_query": [],
                                "security_query": [],
                                "style": [
                                  {
                                    "line_type": "solid",
                                    "line_width": "normal",
                                    "palette": "warm"
                                  }
                                ]
                              }
                            ],
                            "right_yaxis": [],
                            "show_legend": true,
                            "title": "EBS Operations (IOPS)",
                            "title_align": "left",
                            "title_size": "16",
                            "yaxis": [
                              {
                                "include_zero": false,
                                "label": "Operations/second",
                                "max": "",
                                "min": "0",
                                "scale": "linear"
                              }
                            ]
                          }
                        ],
                        "toplist_definition": [],
                        "topology_map_definition": [],
                        "trace_service_definition": [],
                        "treemap_definition": [],
                        "widget_layout": []
                      },
                      {
                        "alert_graph_definition": [],
                        "alert_value_definition": [],
                        "change_definition": [],
                        "check_status_definition": [],
                        "distribution_definition": [],
                        "event_stream_definition": [],
                        "event_timeline_definition": [],
                        "free_text_definition": [],
                        "geomap_definition": [],
                        "heatmap_definition": [],
                        "hostmap_definition": [],
                        "id": 1400033353253249,
                        "iframe_definition": [],
                        "image_definition": [],
                        "list_stream_definition": [],
                        "log_stream_definition": [],
                        "manage_status_definition": [],
                        "note_definition": [],
                        "powerpack_definition": [],
                        "query_table_definition": [],
                        "query_value_definition": [],
                        "run_workflow_definition": [],
                        "scatterplot_definition": [],
                        "service_level_objective_definition": [],
                        "servicemap_definition": [],
                        "slo_list_definition": [],
                        "split_graph_definition": [],
                        "sunburst_definition": [],
                        "timeseries_definition": [
                          {
                            "custom_link": [],
                            "event": [],
                            "legend_columns": null,
                            "legend_layout": "",
                            "legend_size": "",
                            "live_span": "",
                            "marker": [],
                            "request": [
                              {
                                "apm_query": [],
                                "audit_query": [],
                                "display_type": "area",
                                "formula": [],
                                "log_query": [],
                                "metadata": [],
                                "network_query": [],
                                "on_right_yaxis": false,
                                "process_query": [],
                                "q": "avg:aws.ec2.ebsreadbytes{$instance}.as_rate()",
                                "query": [],
                                "rum_query": [],
                                "security_query": [],
                                "style": [
                                  {
                                    "line_type": "solid",
                                    "line_width": "normal",
                                    "palette": "cool"
                                  }
                                ]
                              },
                              {
                                "apm_query": [],
                                "audit_query": [],
                                "display_type": "area",
                                "formula": [],
                                "log_query": [],
                                "metadata": [],
                                "network_query": [],
                                "on_right_yaxis": false,
                                "process_query": [],
                                "q": "avg:aws.ec2.ebswritebytes{$instance}.as_rate()",
                                "query": [],
                                "rum_query": [],
                                "security_query": [],
                                "style": [
                                  {
                                    "line_type": "solid",
                                    "line_width": "normal",
                                    "palette": "orange"
                                  }
                                ]
                              }
                            ],
                            "right_yaxis": [],
                            "show_legend": true,
                            "title": "EBS Throughput (Bytes/s)",
                            "title_align": "left",
                            "title_size": "16",
                            "yaxis": [
                              {
                                "include_zero": false,
                                "label": "Bytes/second",
                                "max": "",
                                "min": "0",
                                "scale": "linear"
                              }
                            ]
                          }
                        ],
                        "toplist_definition": [],
                        "topology_map_definition": [],
                        "trace_service_definition": [],
                        "treemap_definition": [],
                        "widget_layout": []
                      }
                    ]
                  }
                ],
                "heatmap_definition": [],
                "hostmap_definition": [],
                "id": 8439242740192942,
                "iframe_definition": [],
                "image_definition": [],
                "list_stream_definition": [],
                "log_stream_definition": [],
                "manage_status_definition": [],
                "note_definition": [],
                "powerpack_definition": [],
                "query_table_definition": [],
                "query_value_definition": [],
                "run_workflow_definition": [],
                "scatterplot_definition": [],
                "service_level_objective_definition": [],
                "servicemap_definition": [],
                "slo_list_definition": [],
                "split_graph_definition": [],
                "sunburst_definition": [],
                "timeseries_definition": [],
                "toplist_definition": [],
                "topology_map_definition": [],
                "trace_service_definition": [],
                "treemap_definition": [],
                "widget_layout": []
              },
              {
                "alert_graph_definition": [],
                "alert_value_definition": [],
                "change_definition": [],
                "check_status_definition": [],
                "distribution_definition": [],
                "event_stream_definition": [],
                "event_timeline_definition": [],
                "free_text_definition": [],
                "geomap_definition": [],
                "group_definition": [],
                "heatmap_definition": [],
                "hostmap_definition": [],
                "id": 3870146692607419,
                "iframe_definition": [],
                "image_definition": [],
                "list_stream_definition": [],
                "log_stream_definition": [],
                "manage_status_definition": [],
                "note_definition": [],
                "powerpack_definition": [],
                "query_table_definition": [],
                "query_value_definition": [],
                "run_workflow_definition": [],
                "scatterplot_definition": [],
                "service_level_objective_definition": [],
                "servicemap_definition": [],
                "slo_list_definition": [],
                "split_graph_definition": [],
                "sunburst_definition": [],
                "timeseries_definition": [
                  {
                    "custom_link": [],
                    "event": [],
                    "legend_columns": null,
                    "legend_layout": "",
                    "legend_size": "",
                    "live_span": "",
                    "marker": [],
                    "request": [
                      {
                        "apm_query": [],
                        "audit_query": [],
                        "display_type": "bars",
                        "formula": [],
                        "log_query": [],
                        "metadata": [],
                        "network_query": [],
                        "on_right_yaxis": false,
                        "process_query": [],
                        "q": "max:aws.ec2.status_check_failed{$instance}",
                        "query": [],
                        "rum_query": [],
                        "security_query": [],
                        "style": [
                          {
                            "line_type": "solid",
                            "line_width": "thick",
                            "palette": "semantic"
                          }
                        ]
                      },
                      {
                        "apm_query": [],
                        "audit_query": [],
                        "display_type": "bars",
                        "formula": [],
                        "log_query": [],
                        "metadata": [],
                        "network_query": [],
                        "on_right_yaxis": false,
                        "process_query": [],
                        "q": "max:aws.ec2.status_check_failed_instance{$instance}",
                        "query": [],
                        "rum_query": [],
                        "security_query": [],
                        "style": [
                          {
                            "line_type": "solid",
                            "line_width": "normal",
                            "palette": "orange"
                          }
                        ]
                      },
                      {
                        "apm_query": [],
                        "audit_query": [],
                        "display_type": "bars",
                        "formula": [],
                        "log_query": [],
                        "metadata": [],
                        "network_query": [],
                        "on_right_yaxis": false,
                        "process_query": [],
                        "q": "max:aws.ec2.status_check_failed_system{$instance}",
                        "query": [],
                        "rum_query": [],
                        "security_query": [],
                        "style": [
                          {
                            "line_type": "solid",
                            "line_width": "normal",
                            "palette": "purple"
                          }
                        ]
                      }
                    ],
                    "right_yaxis": [],
                    "show_legend": true,
                    "title": "🏥 System Health - Status Checks Detallado",
                    "title_align": "left",
                    "title_size": "16",
                    "yaxis": [
                      {
                        "include_zero": false,
                        "label": "Failed Checks (0=OK, 1=FAIL)",
                        "max": "1",
                        "min": "0",
                        "scale": "linear"
                      }
                    ]
                  }
                ],
                "toplist_definition": [],
                "topology_map_definition": [],
                "trace_service_definition": [],
                "treemap_definition": [],
                "widget_layout": []
              },
              {
                "alert_graph_definition": [],
                "alert_value_definition": [],
                "change_definition": [],
                "check_status_definition": [],
                "distribution_definition": [],
                "event_stream_definition": [],
                "event_timeline_definition": [],
                "free_text_definition": [],
                "geomap_definition": [],
                "group_definition": [],
                "heatmap_definition": [],
                "hostmap_definition": [],
                "id": 3589305259101465,
                "iframe_definition": [],
                "image_definition": [],
                "list_stream_definition": [],
                "log_stream_definition": [],
                "manage_status_definition": [],
                "note_definition": [
                  {
                    "background_color": "gray",
                    "content": "## 🔗 **ENLACES RÁPIDOS Y RECURSOS**\r\n        \r\n| 🎯 **Herramienta** | 🔗 **Enlace Directo** | 📝 **Descripción** |\r\n|-------------------|----------------------|-------------------|\r\n| 📊 **Metrics Explorer** | [Explorar Métricas](https://app.us5.datadoghq.com/metric/explorer) | Buscar y analizar todas las métricas |\r\n| 🏗️ **Infrastructure** | [Vista Infraestructura](https://app.us5.datadoghq.com/infrastructure) | Mapa de hosts y servicios |\r\n| ☁️ **AWS Integration** | [Configuración AWS](https://app.us5.datadoghq.com/account/settings#integrations/amazon_web_services) | Gestionar integración AWS |\r\n| 📱 **Mobile App** | [App Datadog](https://app.datadoghq.com/account/settings#mobile) | Monitoreo móvil |\r\n| 🚨 **Alertas** | [Gestión Monitores](https://app.us5.datadoghq.com/monitors/manage) | Configurar alertas |\r\n        \r\n---\r\n        \r\n**📈 Dashboard actualizado**: Versión 2.0 Profesional | **⚡ Sync**: Optimizado | **🎨 UI**: Mejorada | **📊 Variables**: Dinámicas\r\n        \r\n**🛠️ Soporte**: Para soporte técnico, contactar al equipo DevOps\r\n",
                    "font_size": "14",
                    "has_padding": true,
                    "show_tick": false,
                    "text_align": "left",
                    "tick_edge": "",
                    "tick_pos": "",
                    "vertical_align": ""
                  }
                ],
                "powerpack_definition": [],
                "query_table_definition": [],
                "query_value_definition": [],
                "run_workflow_definition": [],
                "scatterplot_definition": [],
                "service_level_objective_definition": [],
                "servicemap_definition": [],
                "slo_list_definition": [],
                "split_graph_definition": [],
                "sunburst_definition": [],
                "timeseries_definition": [],
                "toplist_definition": [],
                "topology_map_definition": [],
                "trace_service_definition": [],
                "treemap_definition": [],
                "widget_layout": []
              }
            ]
          },
          "sensitive_attributes": [],
          "identity_schema_version": 0,
          "private": "bnVsbA==",
          "dependencies": [
            "data.aws_instances.project_instances"
          ]
        }
      ]
    },
    {
      "mode": "managed",
      "type": "datadog_dashboard",
      "name": "final_dashboard",
      "provider": "provider[\"registry.terraform.io/datadog/datadog\"]",
      "instances": [
        {
          "schema_version": 0,
          "attributes": {
            "dashboard_lists": null,
            "dashboard_lists_removed": [],
            "description": "Dashboard final optimizado con métricas CloudWatch verificadas para i-02fc645e96bc70814",
            "id": "yz9-t97-pyy",
            "is_read_only": false,
            "layout_type": "ordered",
            "notify_list": [],
            "reflow_type": "",
            "restricted_roles": [],
            "tags": [
              "team:lti-project"
            ],
            "template_variable": [
              {
                "available_values": [],
                "default": "",
                "defaults": [
                  "i-02fc645e96bc70814"
                ],
                "name": "instance",
                "prefix": "instance-id"
              }
            ],
            "template_variable_preset": [],
            "title": "🚀 LTI Project - Monitoring Final",
            "url": "/dashboard/yz9-t97-pyy/-lti-project---monitoring-final",
            "widget": [
              {
                "alert_graph_definition": [],
                "alert_value_definition": [],
                "change_definition": [],
                "check_status_definition": [],
                "distribution_definition": [],
                "event_stream_definition": [],
                "event_timeline_definition": [],
                "free_text_definition": [],
                "geomap_definition": [],
                "group_definition": [],
                "heatmap_definition": [],
                "hostmap_definition": [],
                "id": 2498527598164139,
                "iframe_definition": [],
                "image_definition": [],
                "list_stream_definition": [],
                "log_stream_definition": [],
                "manage_status_definition": [],
                "note_definition": [
                  {
                    "background_color": "blue",
                    "content": "## 🎯 **LTI PROJECT - MONITOREO FINAL**\n\n**Instancia:** i-02fc645e96bc70814 | **Región:** us-east-2 | **Tipo:** t2.micro\n\n**Estado:** ✅ Integración AWS-Datadog operativa\n\n---\n\n### 📊 **MÉTRICAS DISPONIBLES**\n- ✅ CPU Utilization \u0026 Credits (T2)\n- ✅ Network In/Out \u0026 Packets\n- ✅ Status Checks\n- ✅ EBS Metrics\n- ⚠️ Métricas pueden tardar 5-15 min en aparecer",
                    "font_size": "14",
                    "has_padding": true,
                    "show_tick": false,
                    "text_align": "left",
                    "tick_edge": "",
                    "tick_pos": "",
                    "vertical_align": ""
                  }
                ],
                "powerpack_definition": [],
                "query_table_definition": [],
                "query_value_definition": [],
                "run_workflow_definition": [],
                "scatterplot_definition": [],
                "service_level_objective_definition": [],
                "servicemap_definition": [],
                "slo_list_definition": [],
                "split_graph_definition": [],
                "sunburst_definition": [],
                "timeseries_definition": [],
                "toplist_definition": [],
                "topology_map_definition": [],
                "trace_service_definition": [],
                "treemap_definition": [],
                "widget_layout": []
              },
              {
                "alert_graph_definition": [],
                "alert_value_definition": [],
                "change_definition": [],
                "check_status_definition": [],
                "distribution_definition": [],
                "event_stream_definition": [],
                "event_timeline_definition": [],
                "free_text_definition": [],
                "geomap_definition": [],
                "group_definition": [],
                "heatmap_definition": [],
                "hostmap_definition": [],
                "id": 5248583494811266,
                "iframe_definition": [],
                "image_definition": [],
                "list_stream_definition": [],
                "log_stream_definition": [],
                "manage_status_definition": [],
                "note_definition": [],
                "powerpack_definition": [],
                "query_table_definition": [],
                "query_value_definition": [
                  {
                    "autoscale": false,
                    "custom_link": [],
                    "custom_unit": "%",
                    "live_span": "",
                    "precision": 1,
                    "request": [
                      {
                        "aggregator": "last",
                        "apm_query": [],
                        "audit_query": [],
                        "conditional_formats": [
                          {
                            "comparator": "\u003e",
                            "custom_bg_color": "",
                            "custom_fg_color": "",
                            "hide_value": false,
                            "image_url": "",
                            "metric": "",
                            "palette": "red_on_white",
                            "timeframe": "",
                            "value": 90
                          },
                          {
                            "comparator": "\u003e",
                            "custom_bg_color": "",
                            "custom_fg_color": "",
                            "hide_value": false,
                            "image_url": "",
                            "metric": "",
                            "palette": "yellow_on_white",
                            "timeframe": "",
                            "value": 70
                          },
                          {
                            "comparator": "\u003c=",
                            "custom_bg_color": "",
                            "custom_fg_color": "",
                            "hide_value": false,
                            "image_url": "",
                            "metric": "",
                            "palette": "green_on_white",
                            "timeframe": "",
                            "value": 70
                          }
                        ],
                        "formula": [],
                        "log_query": [],
                        "process_query": [],
                        "q": "avg:aws.ec2.cpuutilization{instance-id:i-02fc645e96bc70814}",
                        "query": [],
                        "rum_query": [],
                        "security_query": []
                      }
                    ],
                    "text_align": "center",
                    "timeseries_background": [],
                    "title": "🔥 CPUUtilization (%)",
                    "title_align": "center",
                    "title_size": "16"
                  }
                ],
                "run_workflow_definition": [],
                "scatterplot_definition": [],
                "service_level_objective_definition": [],
                "servicemap_definition": [],
                "slo_list_definition": [],
                "split_graph_definition": [],
                "sunburst_definition": [],
                "timeseries_definition": [],
                "toplist_definition": [],
                "topology_map_definition": [],
                "trace_service_definition": [],
                "treemap_definition": [],
                "widget_layout": []
              },
              {
                "alert_graph_definition": [],
                "alert_value_definition": [],
                "change_definition": [],
                "check_status_definition": [],
                "distribution_definition": [],
                "event_stream_definition": [],
                "event_timeline_definition": [],
                "free_text_definition": [],
                "geomap_definition": [],
                "group_definition": [],
                "heatmap_definition": [],
                "hostmap_definition": [],
                "id": 2075936762460079,
                "iframe_definition": [],
                "image_definition": [],
                "list_stream_definition": [],
                "log_stream_definition": [],
                "manage_status_definition": [],
                "note_definition": [],
                "powerpack_definition": [],
                "query_table_definition": [],
                "query_value_definition": [
                  {
                    "autoscale": false,
                    "custom_link": [],
                    "custom_unit": "",
                    "live_span": "",
                    "precision": 0,
                    "request": [
                      {
                        "aggregator": "last",
                        "apm_query": [],
                        "audit_query": [],
                        "conditional_formats": [
                          {
                            "comparator": "\u003e",
                            "custom_bg_color": "",
                            "custom_fg_color": "",
                            "hide_value": false,
                            "image_url": "",
                            "metric": "",
                            "palette": "red_on_white",
                            "timeframe": "",
                            "value": 0
                          },
                          {
                            "comparator": "\u003c=",
                            "custom_bg_color": "",
                            "custom_fg_color": "",
                            "hide_value": false,
                            "image_url": "",
                            "metric": "",
                            "palette": "green_on_white",
                            "timeframe": "",
                            "value": 0
                          }
                        ],
                        "formula": [],
                        "log_query": [],
                        "process_query": [],
                        "q": "max:aws.ec2.status_check_failed{instance-id:i-02fc645e96bc70814}",
                        "query": [],
                        "rum_query": [],
                        "security_query": []
                      }
                    ],
                    "text_align": "center",
                    "timeseries_background": [],
                    "title": "📊 StatusCheckFailed",
                    "title_align": "center",
                    "title_size": "16"
                  }
                ],
                "run_workflow_definition": [],
                "scatterplot_definition": [],
                "service_level_objective_definition": [],
                "servicemap_definition": [],
                "slo_list_definition": [],
                "split_graph_definition": [],
                "sunburst_definition": [],
                "timeseries_definition": [],
                "toplist_definition": [],
                "topology_map_definition": [],
                "trace_service_definition": [],
                "treemap_definition": [],
                "widget_layout": []
              },
              {
                "alert_graph_definition": [],
                "alert_value_definition": [],
                "change_definition": [],
                "check_status_definition": [],
                "distribution_definition": [],
                "event_stream_definition": [],
                "event_timeline_definition": [],
                "free_text_definition": [],
                "geomap_definition": [],
                "group_definition": [],
                "heatmap_definition": [],
                "hostmap_definition": [],
                "id": 3571275537635728,
                "iframe_definition": [],
                "image_definition": [],
                "list_stream_definition": [],
                "log_stream_definition": [],
                "manage_status_definition": [],
                "note_definition": [],
                "powerpack_definition": [],
                "query_table_definition": [],
                "query_value_definition": [
                  {
                    "autoscale": false,
                    "custom_link": [],
                    "custom_unit": "credits",
                    "live_span": "",
                    "precision": 1,
                    "request": [
                      {
                        "aggregator": "last",
                        "apm_query": [],
                        "audit_query": [],
                        "conditional_formats": [
                          {
                            "comparator": "\u003c",
                            "custom_bg_color": "",
                            "custom_fg_color": "",
                            "hide_value": false,
                            "image_url": "",
                            "metric": "",
                            "palette": "red_on_white",
                            "timeframe": "",
                            "value": 50
                          },
                          {
                            "comparator": "\u003c",
                            "custom_bg_color": "",
                            "custom_fg_color": "",
                            "hide_value": false,
                            "image_url": "",
                            "metric": "",
                            "palette": "yellow_on_white",
                            "timeframe": "",
                            "value": 100
                          },
                          {
                            "comparator": "\u003e=",
                            "custom_bg_color": "",
                            "custom_fg_color": "",
                            "hide_value": false,
                            "image_url": "",
                            "metric": "",
                            "palette": "green_on_white",
                            "timeframe": "",
                            "value": 100
                          }
                        ],
                        "formula": [],
                        "log_query": [],
                        "process_query": [],
                        "q": "avg:aws.ec2.cpucreditbalance{instance-id:i-02fc645e96bc70814}",
                        "query": [],
                        "rum_query": [],
                        "security_query": []
                      }
                    ],
                    "text_align": "center",
                    "timeseries_background": [],
                    "title": "💾 CPUCreditBalance",
                    "title_align": "center",
                    "title_size": "16"
                  }
                ],
                "run_workflow_definition": [],
                "scatterplot_definition": [],
                "service_level_objective_definition": [],
                "servicemap_definition": [],
                "slo_list_definition": [],
                "split_graph_definition": [],
                "sunburst_definition": [],
                "timeseries_definition": [],
                "toplist_definition": [],
                "topology_map_definition": [],
                "trace_service_definition": [],
                "treemap_definition": [],
                "widget_layout": []
              },
              {
                "alert_graph_definition": [],
                "alert_value_definition": [],
                "change_definition": [],
                "check_status_definition": [],
                "distribution_definition": [],
                "event_stream_definition": [],
                "event_timeline_definition": [],
                "free_text_definition": [],
                "geomap_definition": [],
                "group_definition": [],
                "heatmap_definition": [],
                "hostmap_definition": [],
                "id": 997334706991364,
                "iframe_definition": [],
                "image_definition": [],
                "list_stream_definition": [],
                "log_stream_definition": [],
                "manage_status_definition": [],
                "note_definition": [],
                "powerpack_definition": [],
                "query_table_definition": [],
                "query_value_definition": [],
                "run_workflow_definition": [],
                "scatterplot_definition": [],
                "service_level_objective_definition": [],
                "servicemap_definition": [],
                "slo_list_definition": [],
                "split_graph_definition": [],
                "sunburst_definition": [],
                "timeseries_definition": [
                  {
                    "custom_link": [],
                    "event": [],
                    "legend_columns": [],
                    "legend_layout": "",
                    "legend_size": "",
                    "live_span": "",
                    "marker": [
                      {
                        "display_type": "error dashed",
                        "label": "Critical: 90%",
                        "value": "y = 90"
                      },
                      {
                        "display_type": "warning dashed",
                        "label": "Warning: 70%",
                        "value": "y = 70"
                      }
                    ],
                    "request": [
                      {
                        "apm_query": [],
                        "audit_query": [],
                        "display_type": "line",
                        "formula": [],
                        "log_query": [],
                        "metadata": [],
                        "network_query": [],
                        "on_right_yaxis": false,
                        "process_query": [],
                        "q": "avg:aws.ec2.cpuutilization{instance-id:i-02fc645e96bc70814}",
                        "query": [],
                        "rum_query": [],
                        "security_query": [],
                        "style": [
                          {
                            "line_type": "solid",
                            "line_width": "normal",
                            "palette": "dog_classic"
                          }
                        ]
                      }
                    ],
                    "right_yaxis": [],
                    "show_legend": true,
                    "title": "🔥 CPUUtilization - Tendencia",
                    "title_align": "left",
                    "title_size": "16",
                    "yaxis": [
                      {
                        "include_zero": false,
                        "label": "CPU %",
                        "max": "100",
                        "min": "0",
                        "scale": "linear"
                      }
                    ]
                  }
                ],
                "toplist_definition": [],
                "topology_map_definition": [],
                "trace_service_definition": [],
                "treemap_definition": [],
                "widget_layout": []
              },
              {
                "alert_graph_definition": [],
                "alert_value_definition": [],
                "change_definition": [],
                "check_status_definition": [],
                "distribution_definition": [],
                "event_stream_definition": [],
                "event_timeline_definition": [],
                "free_text_definition": [],
                "geomap_definition": [],
                "group_definition": [],
                "heatmap_definition": [],
                "hostmap_definition": [],
                "id": 8341269268927910,
                "iframe_definition": [],
                "image_definition": [],
                "list_stream_definition": [],
                "log_stream_definition": [],
                "manage_status_definition": [],
                "note_definition": [],
                "powerpack_definition": [],
                "query_table_definition": [],
                "query_value_definition": [],
                "run_workflow_definition": [],
                "scatterplot_definition": [],
                "service_level_objective_definition": [],
                "servicemap_definition": [],
                "slo_list_definition": [],
                "split_graph_definition": [],
                "sunburst_definition": [],
                "timeseries_definition": [
                  {
                    "custom_link": [],
                    "event": [],
                    "legend_columns": [],
                    "legend_layout": "",
                    "legend_size": "",
                    "live_span": "",
                    "marker": [],
                    "request": [
                      {
                        "apm_query": [],
                        "audit_query": [],
                        "display_type": "line",
                        "formula": [],
                        "log_query": [],
                        "metadata": [],
                        "network_query": [],
                        "on_right_yaxis": false,
                        "process_query": [],
                        "q": "avg:aws.ec2.cpucreditbalance{instance-id:i-02fc645e96bc70814}",
                        "query": [],
                        "rum_query": [],
                        "security_query": [],
                        "style": [
                          {
                            "line_type": "solid",
                            "line_width": "normal",
                            "palette": "cool"
                          }
                        ]
                      },
                      {
                        "apm_query": [],
                        "audit_query": [],
                        "display_type": "line",
                        "formula": [],
                        "log_query": [],
                        "metadata": [],
                        "network_query": [],
                        "on_right_yaxis": false,
                        "process_query": [],
                        "q": "avg:aws.ec2.cpucreditusage{instance-id:i-02fc645e96bc70814}",
                        "query": [],
                        "rum_query": [],
                        "security_query": [],
                        "style": [
                          {
                            "line_type": "solid",
                            "line_width": "normal",
                            "palette": "warm"
                          }
                        ]
                      }
                    ],
                    "right_yaxis": [],
                    "show_legend": true,
                    "title": "💾 CPUCreditBalance \u0026 CPUCreditUsage",
                    "title_align": "left",
                    "title_size": "16",
                    "yaxis": [
                      {
                        "include_zero": false,
                        "label": "Credits",
                        "max": "",
                        "min": "0",
                        "scale": "linear"
                      }
                    ]
                  }
                ],
                "toplist_definition": [],
                "topology_map_definition": [],
                "trace_service_definition": [],
                "treemap_definition": [],
                "widget_layout": []
              },
              {
                "alert_graph_definition": [],
                "alert_value_definition": [],
                "change_definition": [],
                "check_status_definition": [],
                "distribution_definition": [],
                "event_stream_definition": [],
                "event_timeline_definition": [],
                "free_text_definition": [],
                "geomap_definition": [],
                "group_definition": [],
                "heatmap_definition": [],
                "hostmap_definition": [],
                "id": 8900587204484749,
                "iframe_definition": [],
                "image_definition": [],
                "list_stream_definition": [],
                "log_stream_definition": [],
                "manage_status_definition": [],
                "note_definition": [],
                "powerpack_definition": [],
                "query_table_definition": [],
                "query_value_definition": [],
                "run_workflow_definition": [],
                "scatterplot_definition": [],
                "service_level_objective_definition": [],
                "servicemap_definition": [],
                "slo_list_definition": [],
                "split_graph_definition": [],
                "sunburst_definition": [],
                "timeseries_definition": [
                  {
                    "custom_link": [],
                    "event": [],
                    "legend_columns": [],
                    "legend_layout": "",
                    "legend_size": "",
                    "live_span": "",
                    "marker": [],
                    "request": [
                      {
                        "apm_query": [],
                        "audit_query": [],
                        "display_type": "area",
                        "formula": [],
                        "log_query": [],
                        "metadata": [],
                        "network_query": [],
                        "on_right_yaxis": false,
                        "process_query": [],
                        "q": "sum:aws.ec2.networkin{instance-id:i-02fc645e96bc70814}.as_rate()",
                        "query": [],
                        "rum_query": [],
                        "security_query": [],
                        "style": [
                          {
                            "line_type": "solid",
                            "line_width": "normal",
                            "palette": "dog_classic_area"
                          }
                        ]
                      },
                      {
                        "apm_query": [],
                        "audit_query": [],
                        "display_type": "area",
                        "formula": [],
                        "log_query": [],
                        "metadata": [],
                        "network_query": [],
                        "on_right_yaxis": false,
                        "process_query": [],
                        "q": "sum:aws.ec2.networkout{instance-id:i-02fc645e96bc70814}.as_rate()",
                        "query": [],
                        "rum_query": [],
                        "security_query": [],
                        "style": [
                          {
                            "line_type": "solid",
                            "line_width": "normal",
                            "palette": "purple"
                          }
                        ]
                      }
                    ],
                    "right_yaxis": [],
                    "show_legend": true,
                    "title": "🌐 NetworkIn \u0026 NetworkOut (Bytes/sec)",
                    "title_align": "left",
                    "title_size": "16",
                    "yaxis": [
                      {
                        "include_zero": false,
                        "label": "Bytes/sec",
                        "max": "",
                        "min": "0",
                        "scale": "linear"
                      }
                    ]
                  }
                ],
                "toplist_definition": [],
                "topology_map_definition": [],
                "trace_service_definition": [],
                "treemap_definition": [],
                "widget_layout": []
              },
              {
                "alert_graph_definition": [],
                "alert_value_definition": [],
                "change_definition": [],
                "check_status_definition": [],
                "distribution_definition": [],
                "event_stream_definition": [],
                "event_timeline_definition": [],
                "free_text_definition": [],
                "geomap_definition": [],
                "group_definition": [],
                "heatmap_definition": [],
                "hostmap_definition": [],
                "id": 2193036363981821,
                "iframe_definition": [],
                "image_definition": [],
                "list_stream_definition": [],
                "log_stream_definition": [],
                "manage_status_definition": [],
                "note_definition": [],
                "powerpack_definition": [],
                "query_table_definition": [],
                "query_value_definition": [],
                "run_workflow_definition": [],
                "scatterplot_definition": [],
                "service_level_objective_definition": [],
                "servicemap_definition": [],
                "slo_list_definition": [],
                "split_graph_definition": [],
                "sunburst_definition": [],
                "timeseries_definition": [
                  {
                    "custom_link": [],
                    "event": [],
                    "legend_columns": [],
                    "legend_layout": "",
                    "legend_size": "",
                    "live_span": "",
                    "marker": [],
                    "request": [
                      {
                        "apm_query": [],
                        "audit_query": [],
                        "display_type": "line",
                        "formula": [],
                        "log_query": [],
                        "metadata": [],
                        "network_query": [],
                        "on_right_yaxis": false,
                        "process_query": [],
                        "q": "sum:aws.ec2.networkpacketsin{instance-id:i-02fc645e96bc70814}.as_rate()",
                        "query": [],
                        "rum_query": [],
                        "security_query": [],
                        "style": [
                          {
                            "line_type": "solid",
                            "line_width": "normal",
                            "palette": "cool"
                          }
                        ]
                      },
                      {
                        "apm_query": [],
                        "audit_query": [],
                        "display_type": "line",
                        "formula": [],
                        "log_query": [],
                        "metadata": [],
                        "network_query": [],
                        "on_right_yaxis": false,
                        "process_query": [],
                        "q": "sum:aws.ec2.networkpacketsout{instance-id:i-02fc645e96bc70814}.as_rate()",
                        "query": [],
                        "rum_query": [],
                        "security_query": [],
                        "style": [
                          {
                            "line_type": "solid",
                            "line_width": "normal",
                            "palette": "warm"
                          }
                        ]
                      }
                    ],
                    "right_yaxis": [],
                    "show_legend": true,
                    "title": "📊 NetworkPacketsIn \u0026 NetworkPacketsOut",
                    "title_align": "left",
                    "title_size": "16",
                    "yaxis": [
                      {
                        "include_zero": false,
                        "label": "Packets/sec",
                        "max": "",
                        "min": "0",
                        "scale": "linear"
                      }
                    ]
                  }
                ],
                "toplist_definition": [],
                "topology_map_definition": [],
                "trace_service_definition": [],
                "treemap_definition": [],
                "widget_layout": []
              },
              {
                "alert_graph_definition": [],
                "alert_value_definition": [],
                "change_definition": [],
                "check_status_definition": [],
                "distribution_definition": [],
                "event_stream_definition": [],
                "event_timeline_definition": [],
                "free_text_definition": [],
                "geomap_definition": [],
                "group_definition": [],
                "heatmap_definition": [],
                "hostmap_definition": [],
                "id": 923107177003364,
                "iframe_definition": [],
                "image_definition": [],
                "list_stream_definition": [],
                "log_stream_definition": [],
                "manage_status_definition": [],
                "note_definition": [],
                "powerpack_definition": [],
                "query_table_definition": [],
                "query_value_definition": [],
                "run_workflow_definition": [],
                "scatterplot_definition": [],
                "service_level_objective_definition": [],
                "servicemap_definition": [],
                "slo_list_definition": [],
                "split_graph_definition": [],
                "sunburst_definition": [],
                "timeseries_definition": [
                  {
                    "custom_link": [],
                    "event": [],
                    "legend_columns": [],
                    "legend_layout": "",
                    "legend_size": "",
                    "live_span": "",
                    "marker": [],
                    "request": [
                      {
                        "apm_query": [],
                        "audit_query": [],
                        "display_type": "line",
                        "formula": [],
                        "log_query": [],
                        "metadata": [],
                        "network_query": [],
                        "on_right_yaxis": false,
                        "process_query": [],
                        "q": "sum:aws.ec2.ebsreadops{instance-id:i-02fc645e96bc70814}.as_rate()",
                        "query": [],
                        "rum_query": [],
                        "security_query": [],
                        "style": [
                          {
                            "line_type": "solid",
                            "line_width": "normal",
                            "palette": "cool"
                          }
                        ]
                      },
                      {
                        "apm_query": [],
                        "audit_query": [],
                        "display_type": "line",
                        "formula": [],
                        "log_query": [],
                        "metadata": [],
                        "network_query": [],
                        "on_right_yaxis": false,
                        "process_query": [],
                        "q": "sum:aws.ec2.ebswriteops{instance-id:i-02fc645e96bc70814}.as_rate()",
                        "query": [],
                        "rum_query": [],
                        "security_query": [],
                        "style": [
                          {
                            "line_type": "solid",
                            "line_width": "normal",
                            "palette": "warm"
                          }
                        ]
                      }
                    ],
                    "right_yaxis": [],
                    "show_legend": true,
                    "title": "💾 EBSReadOps \u0026 EBSWriteOps",
                    "title_align": "left",
                    "title_size": "16",
                    "yaxis": [
                      {
                        "include_zero": false,
                        "label": "Operations/sec",
                        "max": "",
                        "min": "0",
                        "scale": "linear"
                      }
                    ]
                  }
                ],
                "toplist_definition": [],
                "topology_map_definition": [],
                "trace_service_definition": [],
                "treemap_definition": [],
                "widget_layout": []
              },
              {
                "alert_graph_definition": [],
                "alert_value_definition": [],
                "change_definition": [],
                "check_status_definition": [],
                "distribution_definition": [],
                "event_stream_definition": [],
                "event_timeline_definition": [],
                "free_text_definition": [],
                "geomap_definition": [],
                "group_definition": [],
                "heatmap_definition": [],
                "hostmap_definition": [],
                "id": 8192239121237638,
                "iframe_definition": [],
                "image_definition": [],
                "list_stream_definition": [],
                "log_stream_definition": [],
                "manage_status_definition": [],
                "note_definition": [],
                "powerpack_definition": [],
                "query_table_definition": [],
                "query_value_definition": [],
                "run_workflow_definition": [],
                "scatterplot_definition": [],
                "service_level_objective_definition": [],
                "servicemap_definition": [],
                "slo_list_definition": [],
                "split_graph_definition": [],
                "sunburst_definition": [],
                "timeseries_definition": [
                  {
                    "custom_link": [],
                    "event": [],
                    "legend_columns": [],
                    "legend_layout": "",
                    "legend_size": "",
                    "live_span": "",
                    "marker": [],
                    "request": [
                      {
                        "apm_query": [],
                        "audit_query": [],
                        "display_type": "area",
                        "formula": [],
                        "log_query": [],
                        "metadata": [],
                        "network_query": [],
                        "on_right_yaxis": false,
                        "process_query": [],
                        "q": "sum:aws.ec2.ebsreadbytes{instance-id:i-02fc645e96bc70814}.as_rate()",
                        "query": [],
                        "rum_query": [],
                        "security_query": [],
                        "style": [
                          {
                            "line_type": "solid",
                            "line_width": "normal",
                            "palette": "cool"
                          }
                        ]
                      },
                      {
                        "apm_query": [],
                        "audit_query": [],
                        "display_type": "area",
                        "formula": [],
                        "log_query": [],
                        "metadata": [],
                        "network_query": [],
                        "on_right_yaxis": false,
                        "process_query": [],
                        "q": "sum:aws.ec2.ebswritebytes{instance-id:i-02fc645e96bc70814}.as_rate()",
                        "query": [],
                        "rum_query": [],
                        "security_query": [],
                        "style": [
                          {
                            "line_type": "solid",
                            "line_width": "normal",
                            "palette": "orange"
                          }
                        ]
                      }
                    ],
                    "right_yaxis": [],
                    "show_legend": true,
                    "title": "📈 EBSReadBytes \u0026 EBSWriteBytes",
                    "title_align": "left",
                    "title_size": "16",
                    "yaxis": [
                      {
                        "include_zero": false,
                        "label": "Bytes/sec",
                        "max": "",
                        "min": "0",
                        "scale": "linear"
                      }
                    ]
                  }
                ],
                "toplist_definition": [],
                "topology_map_definition": [],
                "trace_service_definition": [],
                "treemap_definition": [],
                "widget_layout": []
              },
              {
                "alert_graph_definition": [],
                "alert_value_definition": [],
                "change_definition": [],
                "check_status_definition": [],
                "distribution_definition": [],
                "event_stream_definition": [],
                "event_timeline_definition": [],
                "free_text_definition": [],
                "geomap_definition": [],
                "group_definition": [],
                "heatmap_definition": [],
                "hostmap_definition": [],
                "id": 319732614131790,
                "iframe_definition": [],
                "image_definition": [],
                "list_stream_definition": [],
                "log_stream_definition": [],
                "manage_status_definition": [],
                "note_definition": [],
                "powerpack_definition": [],
                "query_table_definition": [],
                "query_value_definition": [],
                "run_workflow_definition": [],
                "scatterplot_definition": [],
                "service_level_objective_definition": [],
                "servicemap_definition": [],
                "slo_list_definition": [],
                "split_graph_definition": [],
                "sunburst_definition": [],
                "timeseries_definition": [
                  {
                    "custom_link": [],
                    "event": [],
                    "legend_columns": [],
                    "legend_layout": "",
                    "legend_size": "",
                    "live_span": "",
                    "marker": [],
                    "request": [
                      {
                        "apm_query": [],
                        "audit_query": [],
                        "display_type": "bars",
                        "formula": [],
                        "log_query": [],
                        "metadata": [],
                        "network_query": [],
                        "on_right_yaxis": false,
                        "process_query": [],
                        "q": "max:aws.ec2.status_check_failed{instance-id:i-02fc645e96bc70814}",
                        "query": [],
                        "rum_query": [],
                        "security_query": [],
                        "style": [
                          {
                            "line_type": "solid",
                            "line_width": "normal",
                            "palette": "semantic"
                          }
                        ]
                      },
                      {
                        "apm_query": [],
                        "audit_query": [],
                        "display_type": "bars",
                        "formula": [],
                        "log_query": [],
                        "metadata": [],
                        "network_query": [],
                        "on_right_yaxis": false,
                        "process_query": [],
                        "q": "max:aws.ec2.status_check_failed_instance{instance-id:i-02fc645e96bc70814}",
                        "query": [],
                        "rum_query": [],
                        "security_query": [],
                        "style": [
                          {
                            "line_type": "solid",
                            "line_width": "normal",
                            "palette": "orange"
                          }
                        ]
                      },
                      {
                        "apm_query": [],
                        "audit_query": [],
                        "display_type": "bars",
                        "formula": [],
                        "log_query": [],
                        "metadata": [],
                        "network_query": [],
                        "on_right_yaxis": false,
                        "process_query": [],
                        "q": "max:aws.ec2.status_check_failed_system{instance-id:i-02fc645e96bc70814}",
                        "query": [],
                        "rum_query": [],
                        "security_query": [],
                        "style": [
                          {
                            "line_type": "solid",
                            "line_width": "normal",
                            "palette": "purple"
                          }
                        ]
                      }
                    ],
                    "right_yaxis": [],
                    "show_legend": true,
                    "title": "🏥 StatusCheckFailed Detallado",
                    "title_align": "left",
                    "title_size": "16",
                    "yaxis": [
                      {
                        "include_zero": false,
                        "label": "Failed Checks",
                        "max": "1",
                        "min": "0",
                        "scale": "linear"
                      }
                    ]
                  }
                ],
                "toplist_definition": [],
                "topology_map_definition": [],
                "trace_service_definition": [],
                "treemap_definition": [],
                "widget_layout": []
              },
              {
                "alert_graph_definition": [],
                "alert_value_definition": [],
                "change_definition": [],
                "check_status_definition": [],
                "distribution_definition": [],
                "event_stream_definition": [],
                "event_timeline_definition": [],
                "free_text_definition": [],
                "geomap_definition": [],
                "group_definition": [],
                "heatmap_definition": [],
                "hostmap_definition": [],
                "id": 2982552346357697,
                "iframe_definition": [],
                "image_definition": [],
                "list_stream_definition": [],
                "log_stream_definition": [],
                "manage_status_definition": [],
                "note_definition": [],
                "powerpack_definition": [],
                "query_table_definition": [
                  {
                    "custom_link": [],
                    "has_search_bar": "",
                    "live_span": "",
                    "request": [
                      {
                        "aggregator": "last",
                        "alias": "CPUUtilization %",
                        "apm_query": [],
                        "apm_stats_query": [],
                        "cell_display_mode": [],
                        "conditional_formats": [],
                        "formula": [],
                        "limit": 0,
                        "log_query": [],
                        "order": "",
                        "process_query": [],
                        "q": "avg:aws.ec2.cpuutilization{instance-id:i-02fc645e96bc70814}",
                        "query": [],
                        "rum_query": [],
                        "security_query": [],
                        "text_formats": []
                      },
                      {
                        "aggregator": "last",
                        "alias": "CPUCreditBalance",
                        "apm_query": [],
                        "apm_stats_query": [],
                        "cell_display_mode": [],
                        "conditional_formats": [],
                        "formula": [],
                        "limit": 0,
                        "log_query": [],
                        "order": "",
                        "process_query": [],
                        "q": "avg:aws.ec2.cpucreditbalance{instance-id:i-02fc645e96bc70814}",
                        "query": [],
                        "rum_query": [],
                        "security_query": [],
                        "text_formats": []
                      },
                      {
                        "aggregator": "last",
                        "alias": "NetworkIn (bytes/sec)",
                        "apm_query": [],
                        "apm_stats_query": [],
                        "cell_display_mode": [],
                        "conditional_formats": [],
                        "formula": [],
                        "limit": 0,
                        "log_query": [],
                        "order": "",
                        "process_query": [],
                        "q": "sum:aws.ec2.networkin{instance-id:i-02fc645e96bc70814}.as_rate()",
                        "query": [],
                        "rum_query": [],
                        "security_query": [],
                        "text_formats": []
                      },
                      {
                        "aggregator": "last",
                        "alias": "NetworkOut (bytes/sec)",
                        "apm_query": [],
                        "apm_stats_query": [],
                        "cell_display_mode": [],
                        "conditional_formats": [],
                        "formula": [],
                        "limit": 0,
                        "log_query": [],
                        "order": "",
                        "process_query": [],
                        "q": "sum:aws.ec2.networkout{instance-id:i-02fc645e96bc70814}.as_rate()",
                        "query": [],
                        "rum_query": [],
                        "security_query": [],
                        "text_formats": []
                      },
                      {
                        "aggregator": "last",
                        "alias": "StatusCheckFailed",
                        "apm_query": [],
                        "apm_stats_query": [],
                        "cell_display_mode": [],
                        "conditional_formats": [],
                        "formula": [],
                        "limit": 0,
                        "log_query": [],
                        "order": "",
                        "process_query": [],
                        "q": "max:aws.ec2.status_check_failed{instance-id:i-02fc645e96bc70814}",
                        "query": [],
                        "rum_query": [],
                        "security_query": [],
                        "text_formats": []
                      }
                    ],
                    "title": "📋 Resumen de Métricas Actuales",
                    "title_align": "left",
                    "title_size": "16"
                  }
                ],
                "query_value_definition": [],
                "run_workflow_definition": [],
                "scatterplot_definition": [],
                "service_level_objective_definition": [],
                "servicemap_definition": [],
                "slo_list_definition": [],
                "split_graph_definition": [],
                "sunburst_definition": [],
                "timeseries_definition": [],
                "toplist_definition": [],
                "topology_map_definition": [],
                "trace_service_definition": [],
                "treemap_definition": [],
                "widget_layout": []
              }
            ]
          },
          "sensitive_attributes": [],
          "identity_schema_version": 0,
          "private": "bnVsbA=="
        }
      ]
    },
    {
      "mode": "managed",
      "type": "datadog_dashboard",
      "name": "lti_project_v2",
      "provider": "provider[\"registry.terraform.io/datadog/datadog\"]",
      "instances": [
        {
          "schema_version": 0,
          "attributes": {
            "dashboard_lists": null,
            "dashboard_lists_removed": [],
            "description": "Dashboard optimizado para monitoreo y alertas del proyecto LTI",
            "id": "8nw-3n7-c8h",
            "is_read_only": false,
            "layout_type": "ordered",
            "notify_list": null,
            "reflow_type": "",
            "restricted_roles": null,
            "tags": [
              "team:devops"
            ],
            "template_variable": [
              {
                "available_values": null,
                "default": "",
                "defaults": [
                  "production"
                ],
                "name": "environment",
                "prefix": "environment"
              }
            ],
            "template_variable_preset": [],
            "title": "LTI Project - Monitoring Dashboard v2",
            "url": "/dashboard/8nw-3n7-c8h/lti-project---monitoring-dashboard-v2",
            "widget": [
              {
                "alert_graph_definition": [],
                "alert_value_definition": [],
                "change_definition": [],
                "check_status_definition": [],
                "distribution_definition": [],
                "event_stream_definition": [],
                "event_timeline_definition": [],
                "free_text_definition": [],
                "geomap_definition": [],
                "group_definition": [
                  {
                    "background_color": "blue",
                    "banner_img": "",
                    "layout_type": "ordered",
                    "show_title": true,
                    "title": "📊 Estado del Sistema - KPIs",
                    "widget": [
                      {
                        "alert_graph_definition": [],
                        "alert_value_definition": [],
                        "change_definition": [],
                        "check_status_definition": [],
                        "distribution_definition": [],
                        "event_stream_definition": [],
                        "event_timeline_definition": [],
                        "free_text_definition": [],
                        "geomap_definition": [],
                        "heatmap_definition": [],
                        "hostmap_definition": [],
                        "id": 6667689069786837,
                        "iframe_definition": [],
                        "image_definition": [],
                        "list_stream_definition": [],
                        "log_stream_definition": [],
                        "manage_status_definition": [],
                        "note_definition": [],
                        "powerpack_definition": [],
                        "query_table_definition": [],
                        "query_value_definition": [
                          {
                            "autoscale": false,
                            "custom_link": [],
                            "custom_unit": "",
                            "live_span": "",
                            "precision": 0,
                            "request": [
                              {
                                "aggregator": "last",
                                "apm_query": [],
                                "audit_query": [],
                                "conditional_formats": [
                                  {
                                    "comparator": "=",
                                    "custom_bg_color": "",
                                    "custom_fg_color": "",
                                    "hide_value": false,
                                    "image_url": "",
                                    "metric": "",
                                    "palette": "green_on_white",
                                    "timeframe": "",
                                    "value": 100
                                  },
                                  {
                                    "comparator": "\u003c",
                                    "custom_bg_color": "",
                                    "custom_fg_color": "",
                                    "hide_value": false,
                                    "image_url": "",
                                    "metric": "",
                                    "palette": "red_on_white",
                                    "timeframe": "",
                                    "value": 100
                                  }
                                ],
                                "formula": [],
                                "log_query": [],
                                "process_query": [],
                                "q": "100 - avg:aws.ec2.status_check_failed{instance-id:i-02fc645e96bc70814} * 100",
                                "query": [],
                                "rum_query": [],
                                "security_query": []
                              }
                            ],
                            "text_align": "center",
                            "timeseries_background": [],
                            "title": "Sistema Online",
                            "title_align": "center",
                            "title_size": "16"
                          }
                        ],
                        "run_workflow_definition": [],
                        "scatterplot_definition": [],
                        "service_level_objective_definition": [],
                        "servicemap_definition": [],
                        "slo_list_definition": [],
                        "split_graph_definition": [],
                        "sunburst_definition": [],
                        "timeseries_definition": [],
                        "toplist_definition": [],
                        "topology_map_definition": [],
                        "trace_service_definition": [],
                        "treemap_definition": [],
                        "widget_layout": []
                      },
                      {
                        "alert_graph_definition": [],
                        "alert_value_definition": [],
                        "change_definition": [],
                        "check_status_definition": [],
                        "distribution_definition": [],
                        "event_stream_definition": [],
                        "event_timeline_definition": [],
                        "free_text_definition": [],
                        "geomap_definition": [],
                        "heatmap_definition": [],
                        "hostmap_definition": [],
                        "id": 5990823181373474,
                        "iframe_definition": [],
                        "image_definition": [],
                        "list_stream_definition": [],
                        "log_stream_definition": [],
                        "manage_status_definition": [],
                        "note_definition": [],
                        "powerpack_definition": [],
                        "query_table_definition": [],
                        "query_value_definition": [
                          {
                            "autoscale": false,
                            "custom_link": [],
                            "custom_unit": "",
                            "live_span": "",
                            "precision": 1,
                            "request": [
                              {
                                "aggregator": "last",
                                "apm_query": [],
                                "audit_query": [],
                                "conditional_formats": [
                                  {
                                    "comparator": "\u003e",
                                    "custom_bg_color": "",
                                    "custom_fg_color": "",
                                    "hide_value": false,
                                    "image_url": "",
                                    "metric": "",
                                    "palette": "red_on_white",
                                    "timeframe": "",
                                    "value": 80
                                  },
                                  {
                                    "comparator": "\u003e",
                                    "custom_bg_color": "",
                                    "custom_fg_color": "",
                                    "hide_value": false,
                                    "image_url": "",
                                    "metric": "",
                                    "palette": "yellow_on_white",
                                    "timeframe": "",
                                    "value": 60
                                  },
                                  {
                                    "comparator": "\u003c=",
                                    "custom_bg_color": "",
                                    "custom_fg_color": "",
                                    "hide_value": false,
                                    "image_url": "",
                                    "metric": "",
                                    "palette": "green_on_white",
                                    "timeframe": "",
                                    "value": 60
                                  }
                                ],
                                "formula": [],
                                "log_query": [],
                                "process_query": [],
                                "q": "avg:aws.ec2.cpuutilization{instance-id:i-02fc645e96bc70814}",
                                "query": [],
                                "rum_query": [],
                                "security_query": []
                              }
                            ],
                            "text_align": "center",
                            "timeseries_background": [],
                            "title": "CPU Actual (%)",
                            "title_align": "center",
                            "title_size": "16"
                          }
                        ],
                        "run_workflow_definition": [],
                        "scatterplot_definition": [],
                        "service_level_objective_definition": [],
                        "servicemap_definition": [],
                        "slo_list_definition": [],
                        "split_graph_definition": [],
                        "sunburst_definition": [],
                        "timeseries_definition": [],
                        "toplist_definition": [],
                        "topology_map_definition": [],
                        "trace_service_definition": [],
                        "treemap_definition": [],
                        "widget_layout": []
                      },
                      {
                        "alert_graph_definition": [],
                        "alert_value_definition": [],
                        "change_definition": [],
                        "check_status_definition": [],
                        "distribution_definition": [],
                        "event_stream_definition": [],
                        "event_timeline_definition": [],
                        "free_text_definition": [],
                        "geomap_definition": [],
                        "heatmap_definition": [],
                        "hostmap_definition": [],
                        "id": 7738111829641965,
                        "iframe_definition": [],
                        "image_definition": [],
                        "list_stream_definition": [],
                        "log_stream_definition": [],
                        "manage_status_definition": [],
                        "note_definition": [],
                        "powerpack_definition": [],
                        "query_table_definition": [],
                        "query_value_definition": [
                          {
                            "autoscale": false,
                            "custom_link": [],
                            "custom_unit": "",
                            "live_span": "",
                            "precision": 1,
                            "request": [
                              {
                                "aggregator": "last",
                                "apm_query": [],
                                "audit_query": [],
                                "conditional_formats": [
                                  {
                                    "comparator": "\u003e",
                                    "custom_bg_color": "",
                                    "custom_fg_color": "",
                                    "hide_value": false,
                                    "image_url": "",
                                    "metric": "",
                                    "palette": "red_on_white",
                                    "timeframe": "",
                                    "value": 85
                                  },
                                  {
                                    "comparator": "\u003e",
                                    "custom_bg_color": "",
                                    "custom_fg_color": "",
                                    "hide_value": false,
                                    "image_url": "",
                                    "metric": "",
                                    "palette": "yellow_on_white",
                                    "timeframe": "",
                                    "value": 70
                                  },
                                  {
                                    "comparator": "\u003c=",
                                    "custom_bg_color": "",
                                    "custom_fg_color": "",
                                    "hide_value": false,
                                    "image_url": "",
                                    "metric": "",
                                    "palette": "green_on_white",
                                    "timeframe": "",
                                    "value": 70
                                  }
                                ],
                                "formula": [],
                                "log_query": [],
                                "process_query": [],
                                "q": "100 - avg:system.mem.pct_usable{host:i-02fc645e96bc70814}",
                                "query": [],
                                "rum_query": [],
                                "security_query": []
                              }
                            ],
                            "text_align": "center",
                            "timeseries_background": [],
                            "title": "Memoria Usada (%)",
                            "title_align": "center",
                            "title_size": "16"
                          }
                        ],
                        "run_workflow_definition": [],
                        "scatterplot_definition": [],
                        "service_level_objective_definition": [],
                        "servicemap_definition": [],
                        "slo_list_definition": [],
                        "split_graph_definition": [],
                        "sunburst_definition": [],
                        "timeseries_definition": [],
                        "toplist_definition": [],
                        "topology_map_definition": [],
                        "trace_service_definition": [],
                        "treemap_definition": [],
                        "widget_layout": []
                      },
                      {
                        "alert_graph_definition": [],
                        "alert_value_definition": [],
                        "change_definition": [],
                        "check_status_definition": [],
                        "distribution_definition": [],
                        "event_stream_definition": [],
                        "event_timeline_definition": [],
                        "free_text_definition": [],
                        "geomap_definition": [],
                        "heatmap_definition": [],
                        "hostmap_definition": [],
                        "id": 728089514288929,
                        "iframe_definition": [],
                        "image_definition": [],
                        "list_stream_definition": [],
                        "log_stream_definition": [],
                        "manage_status_definition": [],
                        "note_definition": [],
                        "powerpack_definition": [],
                        "query_table_definition": [],
                        "query_value_definition": [
                          {
                            "autoscale": false,
                            "custom_link": [],
                            "custom_unit": "",
                            "live_span": "",
                            "precision": 2,
                            "request": [
                              {
                                "aggregator": "last",
                                "apm_query": [],
                                "audit_query": [],
                                "conditional_formats": [
                                  {
                                    "comparator": "\u003e",
                                    "custom_bg_color": "",
                                    "custom_fg_color": "",
                                    "hide_value": false,
                                    "image_url": "",
                                    "metric": "",
                                    "palette": "red_on_white",
                                    "timeframe": "",
                                    "value": 4
                                  },
                                  {
                                    "comparator": "\u003e",
                                    "custom_bg_color": "",
                                    "custom_fg_color": "",
                                    "hide_value": false,
                                    "image_url": "",
                                    "metric": "",
                                    "palette": "yellow_on_white",
                                    "timeframe": "",
                                    "value": 2
                                  },
                                  {
                                    "comparator": "\u003c=",
                                    "custom_bg_color": "",
                                    "custom_fg_color": "",
                                    "hide_value": false,
                                    "image_url": "",
                                    "metric": "",
                                    "palette": "green_on_white",
                                    "timeframe": "",
                                    "value": 2
                                  }
                                ],
                                "formula": [],
                                "log_query": [],
                                "process_query": [],
                                "q": "avg:system.load.1{host:i-02fc645e96bc70814}",
                                "query": [],
                                "rum_query": [],
                                "security_query": []
                              }
                            ],
                            "text_align": "center",
                            "timeseries_background": [],
                            "title": "Load Average (1m)",
                            "title_align": "center",
                            "title_size": "16"
                          }
                        ],
                        "run_workflow_definition": [],
                        "scatterplot_definition": [],
                        "service_level_objective_definition": [],
                        "servicemap_definition": [],
                        "slo_list_definition": [],
                        "split_graph_definition": [],
                        "sunburst_definition": [],
                        "timeseries_definition": [],
                        "toplist_definition": [],
                        "topology_map_definition": [],
                        "trace_service_definition": [],
                        "treemap_definition": [],
                        "widget_layout": []
                      }
                    ]
                  }
                ],
                "heatmap_definition": [],
                "hostmap_definition": [],
                "id": 6513605538824436,
                "iframe_definition": [],
                "image_definition": [],
                "list_stream_definition": [],
                "log_stream_definition": [],
                "manage_status_definition": [],
                "note_definition": [],
                "powerpack_definition": [],
                "query_table_definition": [],
                "query_value_definition": [],
                "run_workflow_definition": [],
                "scatterplot_definition": [],
                "service_level_objective_definition": [],
                "servicemap_definition": [],
                "slo_list_definition": [],
                "split_graph_definition": [],
                "sunburst_definition": [],
                "timeseries_definition": [],
                "toplist_definition": [],
                "topology_map_definition": [],
                "trace_service_definition": [],
                "treemap_definition": [],
                "widget_layout": []
              },
              {
                "alert_graph_definition": [],
                "alert_value_definition": [],
                "change_definition": [],
                "check_status_definition": [],
                "distribution_definition": [],
                "event_stream_definition": [],
                "event_timeline_definition": [],
                "free_text_definition": [],
                "geomap_definition": [],
                "group_definition": [
                  {
                    "background_color": "vivid_blue",
                    "banner_img": "",
                    "layout_type": "ordered",
                    "show_title": true,
                    "title": "🔥 CPU - Monitoreo Detallado",
                    "widget": [
                      {
                        "alert_graph_definition": [],
                        "alert_value_definition": [],
                        "change_definition": [],
                        "check_status_definition": [],
                        "distribution_definition": [],
                        "event_stream_definition": [],
                        "event_timeline_definition": [],
                        "free_text_definition": [],
                        "geomap_definition": [],
                        "heatmap_definition": [],
                        "hostmap_definition": [],
                        "id": 3260047692911458,
                        "iframe_definition": [],
                        "image_definition": [],
                        "list_stream_definition": [],
                        "log_stream_definition": [],
                        "manage_status_definition": [],
                        "note_definition": [],
                        "powerpack_definition": [],
                        "query_table_definition": [],
                        "query_value_definition": [],
                        "run_workflow_definition": [],
                        "scatterplot_definition": [],
                        "service_level_objective_definition": [],
                        "servicemap_definition": [],
                        "slo_list_definition": [],
                        "split_graph_definition": [],
                        "sunburst_definition": [],
                        "timeseries_definition": [
                          {
                            "custom_link": [],
                            "event": [],
                            "legend_columns": null,
                            "legend_layout": "",
                            "legend_size": "2",
                            "live_span": "",
                            "marker": [
                              {
                                "display_type": "error dashed",
                                "label": "⚠️ Umbral Crítico 80%",
                                "value": "80"
                              },
                              {
                                "display_type": "warning dashed",
                                "label": "⚠️ Umbral Advertencia 50%",
                                "value": "50"
                              }
                            ],
                            "request": [
                              {
                                "apm_query": [],
                                "audit_query": [],
                                "display_type": "line",
                                "formula": [],
                                "log_query": [],
                                "metadata": [],
                                "network_query": [],
                                "on_right_yaxis": false,
                                "process_query": [],
                                "q": "avg:aws.ec2.cpuutilization{instance-id:i-02fc645e96bc70814}",
                                "query": [],
                                "rum_query": [],
                                "security_query": [],
                                "style": [
                                  {
                                    "line_type": "solid",
                                    "line_width": "thick",
                                    "palette": "dog_classic"
                                  }
                                ]
                              },
                              {
                                "apm_query": [],
                                "audit_query": [],
                                "display_type": "line",
                                "formula": [],
                                "log_query": [],
                                "metadata": [],
                                "network_query": [],
                                "on_right_yaxis": false,
                                "process_query": [],
                                "q": "avg:system.cpu.user{host:i-02fc645e96bc70814} + avg:system.cpu.system{host:i-02fc645e96bc70814}",
                                "query": [],
                                "rum_query": [],
                                "security_query": [],
                                "style": [
                                  {
                                    "line_type": "solid",
                                    "line_width": "normal",
                                    "palette": "warm"
                                  }
                                ]
                              },
                              {
                                "apm_query": [],
                                "audit_query": [],
                                "display_type": "line",
                                "formula": [],
                                "log_query": [],
                                "metadata": [],
                                "network_query": [],
                                "on_right_yaxis": false,
                                "process_query": [],
                                "q": "80",
                                "query": [],
                                "rum_query": [],
                                "security_query": [],
                                "style": [
                                  {
                                    "line_type": "dashed",
                                    "line_width": "thin",
                                    "palette": "red"
                                  }
                                ]
                              }
                            ],
                            "right_yaxis": [],
                            "show_legend": true,
                            "title": "CPU Utilization - Comparativa",
                            "title_align": "",
                            "title_size": "",
                            "yaxis": [
                              {
                                "include_zero": false,
                                "label": "",
                                "max": "100",
                                "min": "0",
                                "scale": "linear"
                              }
                            ]
                          }
                        ],
                        "toplist_definition": [],
                        "topology_map_definition": [],
                        "trace_service_definition": [],
                        "treemap_definition": [],
                        "widget_layout": []
                      },
                      {
                        "alert_graph_definition": [],
                        "alert_value_definition": [],
                        "change_definition": [],
                        "check_status_definition": [],
                        "distribution_definition": [],
                        "event_stream_definition": [],
                        "event_timeline_definition": [],
                        "free_text_definition": [],
                        "geomap_definition": [],
                        "heatmap_definition": [],
                        "hostmap_definition": [],
                        "id": 4055273457901002,
                        "iframe_definition": [],
                        "image_definition": [],
                        "list_stream_definition": [],
                        "log_stream_definition": [],
                        "manage_status_definition": [],
                        "note_definition": [],
                        "powerpack_definition": [],
                        "query_table_definition": [],
                        "query_value_definition": [],
                        "run_workflow_definition": [],
                        "scatterplot_definition": [],
                        "service_level_objective_definition": [],
                        "servicemap_definition": [],
                        "slo_list_definition": [],
                        "split_graph_definition": [],
                        "sunburst_definition": [],
                        "timeseries_definition": [
                          {
                            "custom_link": [],
                            "event": [],
                            "legend_columns": null,
                            "legend_layout": "",
                            "legend_size": "",
                            "live_span": "",
                            "marker": [],
                            "request": [
                              {
                                "apm_query": [],
                                "audit_query": [],
                                "display_type": "line",
                                "formula": [],
                                "log_query": [],
                                "metadata": [],
                                "network_query": [],
                                "on_right_yaxis": false,
                                "process_query": [],
                                "q": "avg:system.cpu.user{host:i-02fc645e96bc70814} by {core}",
                                "query": [],
                                "rum_query": [],
                                "security_query": [],
                                "style": [
                                  {
                                    "line_type": "",
                                    "line_width": "",
                                    "palette": "cool"
                                  }
                                ]
                              },
                              {
                                "apm_query": [],
                                "audit_query": [],
                                "display_type": "line",
                                "formula": [],
                                "log_query": [],
                                "metadata": [],
                                "network_query": [],
                                "on_right_yaxis": false,
                                "process_query": [],
                                "q": "avg:system.cpu.system{host:i-02fc645e96bc70814} by {core}",
                                "query": [],
                                "rum_query": [],
                                "security_query": [],
                                "style": [
                                  {
                                    "line_type": "",
                                    "line_width": "",
                                    "palette": "warm"
                                  }
                                ]
                              }
                            ],
                            "right_yaxis": [],
                            "show_legend": true,
                            "title": "CPU por Core",
                            "title_align": "",
                            "title_size": "",
                            "yaxis": [
                              {
                                "include_zero": false,
                                "label": "",
                                "max": "100",
                                "min": "0",
                                "scale": "linear"
                              }
                            ]
                          }
                        ],
                        "toplist_definition": [],
                        "topology_map_definition": [],
                        "trace_service_definition": [],
                        "treemap_definition": [],
                        "widget_layout": []
                      }
                    ]
                  }
                ],
                "heatmap_definition": [],
                "hostmap_definition": [],
                "id": 3671572132500625,
                "iframe_definition": [],
                "image_definition": [],
                "list_stream_definition": [],
                "log_stream_definition": [],
                "manage_status_definition": [],
                "note_definition": [],
                "powerpack_definition": [],
                "query_table_definition": [],
                "query_value_definition": [],
                "run_workflow_definition": [],
                "scatterplot_definition": [],
                "service_level_objective_definition": [],
                "servicemap_definition": [],
                "slo_list_definition": [],
                "split_graph_definition": [],
                "sunburst_definition": [],
                "timeseries_definition": [],
                "toplist_definition": [],
                "topology_map_definition": [],
                "trace_service_definition": [],
                "treemap_definition": [],
                "widget_layout": []
              },
              {
                "alert_graph_definition": [],
                "alert_value_definition": [],
                "change_definition": [],
                "check_status_definition": [],
                "distribution_definition": [],
                "event_stream_definition": [],
                "event_timeline_definition": [],
                "free_text_definition": [],
                "geomap_definition": [],
                "group_definition": [
                  {
                    "background_color": "vivid_green",
                    "banner_img": "",
                    "layout_type": "ordered",
                    "show_title": true,
                    "title": "🧠 Memoria - Análisis Completo",
                    "widget": [
                      {
                        "alert_graph_definition": [],
                        "alert_value_definition": [],
                        "change_definition": [],
                        "check_status_definition": [],
                        "distribution_definition": [],
                        "event_stream_definition": [],
                        "event_timeline_definition": [],
                        "free_text_definition": [],
                        "geomap_definition": [],
                        "heatmap_definition": [],
                        "hostmap_definition": [],
                        "id": 746566762527286,
                        "iframe_definition": [],
                        "image_definition": [],
                        "list_stream_definition": [],
                        "log_stream_definition": [],
                        "manage_status_definition": [],
                        "note_definition": [],
                        "powerpack_definition": [],
                        "query_table_definition": [],
                        "query_value_definition": [],
                        "run_workflow_definition": [],
                        "scatterplot_definition": [],
                        "service_level_objective_definition": [],
                        "servicemap_definition": [],
                        "slo_list_definition": [],
                        "split_graph_definition": [],
                        "sunburst_definition": [],
                        "timeseries_definition": [
                          {
                            "custom_link": [],
                            "event": [],
                            "legend_columns": null,
                            "legend_layout": "",
                            "legend_size": "2",
                            "live_span": "",
                            "marker": [
                              {
                                "display_type": "error dashed",
                                "label": "🚨 CRÍTICO: \u003e85%",
                                "value": "85"
                              }
                            ],
                            "request": [
                              {
                                "apm_query": [],
                                "audit_query": [],
                                "display_type": "area",
                                "formula": [],
                                "log_query": [],
                                "metadata": [],
                                "network_query": [],
                                "on_right_yaxis": false,
                                "process_query": [],
                                "q": "100 - avg:system.mem.pct_usable{host:i-02fc645e96bc70814}",
                                "query": [],
                                "rum_query": [],
                                "security_query": [],
                                "style": [
                                  {
                                    "line_type": "",
                                    "line_width": "",
                                    "palette": "warm"
                                  }
                                ]
                              },
                              {
                                "apm_query": [],
                                "audit_query": [],
                                "display_type": "line",
                                "formula": [],
                                "log_query": [],
                                "metadata": [],
                                "network_query": [],
                                "on_right_yaxis": false,
                                "process_query": [],
                                "q": "avg:system.mem.cached{host:i-02fc645e96bc70814} / avg:system.mem.total{host:i-02fc645e96bc70814} * 100",
                                "query": [],
                                "rum_query": [],
                                "security_query": [],
                                "style": [
                                  {
                                    "line_type": "",
                                    "line_width": "",
                                    "palette": "purple"
                                  }
                                ]
                              },
                              {
                                "apm_query": [],
                                "audit_query": [],
                                "display_type": "line",
                                "formula": [],
                                "log_query": [],
                                "metadata": [],
                                "network_query": [],
                                "on_right_yaxis": false,
                                "process_query": [],
                                "q": "85",
                                "query": [],
                                "rum_query": [],
                                "security_query": [],
                                "style": [
                                  {
                                    "line_type": "dashed",
                                    "line_width": "thick",
                                    "palette": "red"
                                  }
                                ]
                              }
                            ],
                            "right_yaxis": [],
                            "show_legend": true,
                            "title": "Memoria - Uso vs Disponible",
                            "title_align": "",
                            "title_size": "",
                            "yaxis": [
                              {
                                "include_zero": false,
                                "label": "",
                                "max": "100",
                                "min": "0",
                                "scale": "linear"
                              }
                            ]
                          }
                        ],
                        "toplist_definition": [],
                        "topology_map_definition": [],
                        "trace_service_definition": [],
                        "treemap_definition": [],
                        "widget_layout": []
                      },
                      {
                        "alert_graph_definition": [],
                        "alert_value_definition": [],
                        "change_definition": [],
                        "check_status_definition": [],
                        "distribution_definition": [],
                        "event_stream_definition": [],
                        "event_timeline_definition": [],
                        "free_text_definition": [],
                        "geomap_definition": [],
                        "heatmap_definition": [],
                        "hostmap_definition": [],
                        "id": 8580392549426070,
                        "iframe_definition": [],
                        "image_definition": [],
                        "list_stream_definition": [],
                        "log_stream_definition": [],
                        "manage_status_definition": [],
                        "note_definition": [],
                        "powerpack_definition": [],
                        "query_table_definition": [],
                        "query_value_definition": [],
                        "run_workflow_definition": [],
                        "scatterplot_definition": [],
                        "service_level_objective_definition": [],
                        "servicemap_definition": [],
                        "slo_list_definition": [],
                        "split_graph_definition": [],
                        "sunburst_definition": [],
                        "timeseries_definition": [
                          {
                            "custom_link": [],
                            "event": [],
                            "legend_columns": null,
                            "legend_layout": "",
                            "legend_size": "",
                            "live_span": "",
                            "marker": [],
                            "request": [
                              {
                                "apm_query": [],
                                "audit_query": [],
                                "display_type": "line",
                                "formula": [],
                                "log_query": [],
                                "metadata": [],
                                "network_query": [],
                                "on_right_yaxis": false,
                                "process_query": [],
                                "q": "avg:system.mem.total{host:i-02fc645e96bc70814} / 1024 / 1024 / 1024",
                                "query": [],
                                "rum_query": [],
                                "security_query": [],
                                "style": [
                                  {
                                    "line_type": "",
                                    "line_width": "",
                                    "palette": "blue"
                                  }
                                ]
                              },
                              {
                                "apm_query": [],
                                "audit_query": [],
                                "display_type": "area",
                                "formula": [],
                                "log_query": [],
                                "metadata": [],
                                "network_query": [],
                                "on_right_yaxis": false,
                                "process_query": [],
                                "q": "avg:system.mem.used{host:i-02fc645e96bc70814} / 1024 / 1024 / 1024",
                                "query": [],
                                "rum_query": [],
                                "security_query": [],
                                "style": [
                                  {
                                    "line_type": "",
                                    "line_width": "",
                                    "palette": "orange"
                                  }
                                ]
                              },
                              {
                                "apm_query": [],
                                "audit_query": [],
                                "display_type": "line",
                                "formula": [],
                                "log_query": [],
                                "metadata": [],
                                "network_query": [],
                                "on_right_yaxis": false,
                                "process_query": [],
                                "q": "avg:system.mem.free{host:i-02fc645e96bc70814} / 1024 / 1024 / 1024",
                                "query": [],
                                "rum_query": [],
                                "security_query": [],
                                "style": [
                                  {
                                    "line_type": "",
                                    "line_width": "",
                                    "palette": "green"
                                  }
                                ]
                              }
                            ],
                            "right_yaxis": [],
                            "show_legend": true,
                            "title": "Memoria - Valores Absolutos (GB)",
                            "title_align": "",
                            "title_size": "",
                            "yaxis": [
                              {
                                "include_zero": false,
                                "label": "",
                                "max": "",
                                "min": "0",
                                "scale": "linear"
                              }
                            ]
                          }
                        ],
                        "toplist_definition": [],
                        "topology_map_definition": [],
                        "trace_service_definition": [],
                        "treemap_definition": [],
                        "widget_layout": []
                      }
                    ]
                  }
                ],
                "heatmap_definition": [],
                "hostmap_definition": [],
                "id": 3437077922100922,
                "iframe_definition": [],
                "image_definition": [],
                "list_stream_definition": [],
                "log_stream_definition": [],
                "manage_status_definition": [],
                "note_definition": [],
                "powerpack_definition": [],
                "query_table_definition": [],
                "query_value_definition": [],
                "run_workflow_definition": [],
                "scatterplot_definition": [],
                "service_level_objective_definition": [],
                "servicemap_definition": [],
                "slo_list_definition": [],
                "split_graph_definition": [],
                "sunburst_definition": [],
                "timeseries_definition": [],
                "toplist_definition": [],
                "topology_map_definition": [],
                "trace_service_definition": [],
                "treemap_definition": [],
                "widget_layout": []
              },
              {
                "alert_graph_definition": [],
                "alert_value_definition": [],
                "change_definition": [],
                "check_status_definition": [],
                "distribution_definition": [],
                "event_stream_definition": [],
                "event_timeline_definition": [],
                "free_text_definition": [],
                "geomap_definition": [],
                "group_definition": [
                  {
                    "background_color": "vivid_purple",
                    "banner_img": "",
                    "layout_type": "ordered",
                    "show_title": true,
                    "title": "💾 Almacenamiento y Sistema de Archivos",
                    "widget": [
                      {
                        "alert_graph_definition": [],
                        "alert_value_definition": [],
                        "change_definition": [],
                        "check_status_definition": [],
                        "distribution_definition": [],
                        "event_stream_definition": [],
                        "event_timeline_definition": [],
                        "free_text_definition": [],
                        "geomap_definition": [],
                        "heatmap_definition": [],
                        "hostmap_definition": [],
                        "id": 7576027339016233,
                        "iframe_definition": [],
                        "image_definition": [],
                        "list_stream_definition": [],
                        "log_stream_definition": [],
                        "manage_status_definition": [],
                        "note_definition": [],
                        "powerpack_definition": [],
                        "query_table_definition": [],
                        "query_value_definition": [],
                        "run_workflow_definition": [],
                        "scatterplot_definition": [],
                        "service_level_objective_definition": [],
                        "servicemap_definition": [],
                        "slo_list_definition": [],
                        "split_graph_definition": [],
                        "sunburst_definition": [],
                        "timeseries_definition": [
                          {
                            "custom_link": [],
                            "event": [],
                            "legend_columns": null,
                            "legend_layout": "",
                            "legend_size": "",
                            "live_span": "",
                            "marker": [
                              {
                                "display_type": "error dashed",
                                "label": "🆘 CRÍTICO: \u003e95%",
                                "value": "95"
                              }
                            ],
                            "request": [
                              {
                                "apm_query": [],
                                "audit_query": [],
                                "display_type": "area",
                                "formula": [],
                                "log_query": [],
                                "metadata": [],
                                "network_query": [],
                                "on_right_yaxis": false,
                                "process_query": [],
                                "q": "avg:system.disk.in_use{host:i-02fc645e96bc70814,device:/dev/root} * 100",
                                "query": [],
                                "rum_query": [],
                                "security_query": [],
                                "style": [
                                  {
                                    "line_type": "",
                                    "line_width": "",
                                    "palette": "purple"
                                  }
                                ]
                              },
                              {
                                "apm_query": [],
                                "audit_query": [],
                                "display_type": "line",
                                "formula": [],
                                "log_query": [],
                                "metadata": [],
                                "network_query": [],
                                "on_right_yaxis": false,
                                "process_query": [],
                                "q": "95",
                                "query": [],
                                "rum_query": [],
                                "security_query": [],
                                "style": [
                                  {
                                    "line_type": "dashed",
                                    "line_width": "thick",
                                    "palette": "red"
                                  }
                                ]
                              }
                            ],
                            "right_yaxis": [],
                            "show_legend": true,
                            "title": "Uso de Disco - Particiones Principales",
                            "title_align": "",
                            "title_size": "",
                            "yaxis": [
                              {
                                "include_zero": false,
                                "label": "",
                                "max": "100",
                                "min": "0",
                                "scale": "linear"
                              }
                            ]
                          }
                        ],
                        "toplist_definition": [],
                        "topology_map_definition": [],
                        "trace_service_definition": [],
                        "treemap_definition": [],
                        "widget_layout": []
                      },
                      {
                        "alert_graph_definition": [],
                        "alert_value_definition": [],
                        "change_definition": [],
                        "check_status_definition": [],
                        "distribution_definition": [],
                        "event_stream_definition": [],
                        "event_timeline_definition": [],
                        "free_text_definition": [],
                        "geomap_definition": [],
                        "heatmap_definition": [],
                        "hostmap_definition": [],
                        "id": 4120008231810203,
                        "iframe_definition": [],
                        "image_definition": [],
                        "list_stream_definition": [],
                        "log_stream_definition": [],
                        "manage_status_definition": [],
                        "note_definition": [],
                        "powerpack_definition": [],
                        "query_table_definition": [],
                        "query_value_definition": [],
                        "run_workflow_definition": [],
                        "scatterplot_definition": [],
                        "service_level_objective_definition": [],
                        "servicemap_definition": [],
                        "slo_list_definition": [],
                        "split_graph_definition": [],
                        "sunburst_definition": [],
                        "timeseries_definition": [
                          {
                            "custom_link": [],
                            "event": [],
                            "legend_columns": null,
                            "legend_layout": "",
                            "legend_size": "",
                            "live_span": "",
                            "marker": [],
                            "request": [
                              {
                                "apm_query": [],
                                "audit_query": [],
                                "display_type": "line",
                                "formula": [],
                                "log_query": [],
                                "metadata": [],
                                "network_query": [],
                                "on_right_yaxis": false,
                                "process_query": [],
                                "q": "avg:system.io.r_s{host:i-02fc645e96bc70814}",
                                "query": [],
                                "rum_query": [],
                                "security_query": [],
                                "style": [
                                  {
                                    "line_type": "",
                                    "line_width": "",
                                    "palette": "green"
                                  }
                                ]
                              },
                              {
                                "apm_query": [],
                                "audit_query": [],
                                "display_type": "line",
                                "formula": [],
                                "log_query": [],
                                "metadata": [],
                                "network_query": [],
                                "on_right_yaxis": false,
                                "process_query": [],
                                "q": "avg:system.io.w_s{host:i-02fc645e96bc70814}",
                                "query": [],
                                "rum_query": [],
                                "security_query": [],
                                "style": [
                                  {
                                    "line_type": "",
                                    "line_width": "",
                                    "palette": "orange"
                                  }
                                ]
                              }
                            ],
                            "right_yaxis": [],
                            "show_legend": true,
                            "title": "Disk I/O - Operaciones por Segundo",
                            "title_align": "",
                            "title_size": "",
                            "yaxis": [
                              {
                                "include_zero": false,
                                "label": "",
                                "max": "",
                                "min": "0",
                                "scale": "linear"
                              }
                            ]
                          }
                        ],
                        "toplist_definition": [],
                        "topology_map_definition": [],
                        "trace_service_definition": [],
                        "treemap_definition": [],
                        "widget_layout": []
                      }
                    ]
                  }
                ],
                "heatmap_definition": [],
                "hostmap_definition": [],
                "id": 2701252642143798,
                "iframe_definition": [],
                "image_definition": [],
                "list_stream_definition": [],
                "log_stream_definition": [],
                "manage_status_definition": [],
                "note_definition": [],
                "powerpack_definition": [],
                "query_table_definition": [],
                "query_value_definition": [],
                "run_workflow_definition": [],
                "scatterplot_definition": [],
                "service_level_objective_definition": [],
                "servicemap_definition": [],
                "slo_list_definition": [],
                "split_graph_definition": [],
                "sunburst_definition": [],
                "timeseries_definition": [],
                "toplist_definition": [],
                "topology_map_definition": [],
                "trace_service_definition": [],
                "treemap_definition": [],
                "widget_layout": []
              },
              {
                "alert_graph_definition": [],
                "alert_value_definition": [],
                "change_definition": [],
                "check_status_definition": [],
                "distribution_definition": [],
                "event_stream_definition": [],
                "event_timeline_definition": [],
                "free_text_definition": [],
                "geomap_definition": [],
                "group_definition": [
                  {
                    "background_color": "vivid_orange",
                    "banner_img": "",
                    "layout_type": "ordered",
                    "show_title": true,
                    "title": "🌐 Red y Conectividad",
                    "widget": [
                      {
                        "alert_graph_definition": [],
                        "alert_value_definition": [],
                        "change_definition": [],
                        "check_status_definition": [],
                        "distribution_definition": [],
                        "event_stream_definition": [],
                        "event_timeline_definition": [],
                        "free_text_definition": [],
                        "geomap_definition": [],
                        "heatmap_definition": [],
                        "hostmap_definition": [],
                        "id": 4191559057037936,
                        "iframe_definition": [],
                        "image_definition": [],
                        "list_stream_definition": [],
                        "log_stream_definition": [],
                        "manage_status_definition": [],
                        "note_definition": [],
                        "powerpack_definition": [],
                        "query_table_definition": [],
                        "query_value_definition": [],
                        "run_workflow_definition": [],
                        "scatterplot_definition": [],
                        "service_level_objective_definition": [],
                        "servicemap_definition": [],
                        "slo_list_definition": [],
                        "split_graph_definition": [],
                        "sunburst_definition": [],
                        "timeseries_definition": [
                          {
                            "custom_link": [],
                            "event": [],
                            "legend_columns": null,
                            "legend_layout": "",
                            "legend_size": "",
                            "live_span": "",
                            "marker": [],
                            "request": [
                              {
                                "apm_query": [],
                                "audit_query": [],
                                "display_type": "area",
                                "formula": [],
                                "log_query": [],
                                "metadata": [],
                                "network_query": [],
                                "on_right_yaxis": false,
                                "process_query": [],
                                "q": "avg:aws.ec2.network_in{instance-id:i-02fc645e96bc70814}.rollup(avg, 60)",
                                "query": [],
                                "rum_query": [],
                                "security_query": [],
                                "style": [
                                  {
                                    "line_type": "",
                                    "line_width": "",
                                    "palette": "green"
                                  }
                                ]
                              },
                              {
                                "apm_query": [],
                                "audit_query": [],
                                "display_type": "area",
                                "formula": [],
                                "log_query": [],
                                "metadata": [],
                                "network_query": [],
                                "on_right_yaxis": false,
                                "process_query": [],
                                "q": "avg:aws.ec2.network_out{instance-id:i-02fc645e96bc70814}.rollup(avg, 60)",
                                "query": [],
                                "rum_query": [],
                                "security_query": [],
                                "style": [
                                  {
                                    "line_type": "",
                                    "line_width": "",
                                    "palette": "blue"
                                  }
                                ]
                              }
                            ],
                            "right_yaxis": [],
                            "show_legend": true,
                            "title": "Tráfico de Red - Entrada vs Salida",
                            "title_align": "",
                            "title_size": "",
                            "yaxis": [
                              {
                                "include_zero": false,
                                "label": "",
                                "max": "",
                                "min": "0",
                                "scale": "linear"
                              }
                            ]
                          }
                        ],
                        "toplist_definition": [],
                        "topology_map_definition": [],
                        "trace_service_definition": [],
                        "treemap_definition": [],
                        "widget_layout": []
                      },
                      {
                        "alert_graph_definition": [],
                        "alert_value_definition": [],
                        "change_definition": [],
                        "check_status_definition": [],
                        "distribution_definition": [],
                        "event_stream_definition": [],
                        "event_timeline_definition": [],
                        "free_text_definition": [],
                        "geomap_definition": [],
                        "heatmap_definition": [],
                        "hostmap_definition": [],
                        "id": 4348269760064595,
                        "iframe_definition": [],
                        "image_definition": [],
                        "list_stream_definition": [],
                        "log_stream_definition": [],
                        "manage_status_definition": [],
                        "note_definition": [],
                        "powerpack_definition": [],
                        "query_table_definition": [],
                        "query_value_definition": [],
                        "run_workflow_definition": [],
                        "scatterplot_definition": [],
                        "service_level_objective_definition": [],
                        "servicemap_definition": [],
                        "slo_list_definition": [],
                        "split_graph_definition": [],
                        "sunburst_definition": [],
                        "timeseries_definition": [
                          {
                            "custom_link": [],
                            "event": [],
                            "legend_columns": null,
                            "legend_layout": "",
                            "legend_size": "",
                            "live_span": "",
                            "marker": [],
                            "request": [
                              {
                                "apm_query": [],
                                "audit_query": [],
                                "display_type": "line",
                                "formula": [],
                                "log_query": [],
                                "metadata": [],
                                "network_query": [],
                                "on_right_yaxis": false,
                                "process_query": [],
                                "q": "avg:aws.ec2.status_check_failed_instance{instance-id:i-02fc645e96bc70814}",
                                "query": [],
                                "rum_query": [],
                                "security_query": [],
                                "style": [
                                  {
                                    "line_type": "",
                                    "line_width": "thick",
                                    "palette": "dog_classic"
                                  }
                                ]
                              },
                              {
                                "apm_query": [],
                                "audit_query": [],
                                "display_type": "line",
                                "formula": [],
                                "log_query": [],
                                "metadata": [],
                                "network_query": [],
                                "on_right_yaxis": false,
                                "process_query": [],
                                "q": "avg:aws.ec2.status_check_failed_system{instance-id:i-02fc645e96bc70814}",
                                "query": [],
                                "rum_query": [],
                                "security_query": [],
                                "style": [
                                  {
                                    "line_type": "",
                                    "line_width": "",
                                    "palette": "warm"
                                  }
                                ]
                              }
                            ],
                            "right_yaxis": [],
                            "show_legend": true,
                            "title": "Estado de Conectividad AWS",
                            "title_align": "",
                            "title_size": "",
                            "yaxis": [
                              {
                                "include_zero": false,
                                "label": "",
                                "max": "1",
                                "min": "0",
                                "scale": "linear"
                              }
                            ]
                          }
                        ],
                        "toplist_definition": [],
                        "topology_map_definition": [],
                        "trace_service_definition": [],
                        "treemap_definition": [],
                        "widget_layout": []
                      },
                      {
                        "alert_graph_definition": [],
                        "alert_value_definition": [],
                        "change_definition": [],
                        "check_status_definition": [],
                        "distribution_definition": [],
                        "event_stream_definition": [],
                        "event_timeline_definition": [],
                        "free_text_definition": [],
                        "geomap_definition": [],
                        "heatmap_definition": [],
                        "hostmap_definition": [],
                        "id": 412058992807779,
                        "iframe_definition": [],
                        "image_definition": [],
                        "list_stream_definition": [],
                        "log_stream_definition": [],
                        "manage_status_definition": [],
                        "note_definition": [],
                        "powerpack_definition": [],
                        "query_table_definition": [],
                        "query_value_definition": [
                          {
                            "autoscale": false,
                            "custom_link": [],
                            "custom_unit": "",
                            "live_span": "",
                            "precision": 1,
                            "request": [
                              {
                                "aggregator": "last",
                                "apm_query": [],
                                "audit_query": [],
                                "conditional_formats": [],
                                "formula": [],
                                "log_query": [],
                                "process_query": [],
                                "q": "avg:system.uptime{host:i-02fc645e96bc70814} / 86400",
                                "query": [],
                                "rum_query": [],
                                "security_query": []
                              }
                            ],
                            "text_align": "center",
                            "timeseries_background": [],
                            "title": "System Uptime (días)",
                            "title_align": "center",
                            "title_size": "16"
                          }
                        ],
                        "run_workflow_definition": [],
                        "scatterplot_definition": [],
                        "service_level_objective_definition": [],
                        "servicemap_definition": [],
                        "slo_list_definition": [],
                        "split_graph_definition": [],
                        "sunburst_definition": [],
                        "timeseries_definition": [],
                        "toplist_definition": [],
                        "topology_map_definition": [],
                        "trace_service_definition": [],
                        "treemap_definition": [],
                        "widget_layout": []
                      }
                    ]
                  }
                ],
                "heatmap_definition": [],
                "hostmap_definition": [],
                "id": 4817071032090699,
                "iframe_definition": [],
                "image_definition": [],
                "list_stream_definition": [],
                "log_stream_definition": [],
                "manage_status_definition": [],
                "note_definition": [],
                "powerpack_definition": [],
                "query_table_definition": [],
                "query_value_definition": [],
                "run_workflow_definition": [],
                "scatterplot_definition": [],
                "service_level_objective_definition": [],
                "servicemap_definition": [],
                "slo_list_definition": [],
                "split_graph_definition": [],
                "sunburst_definition": [],
                "timeseries_definition": [],
                "toplist_definition": [],
                "topology_map_definition": [],
                "trace_service_definition": [],
                "treemap_definition": [],
                "widget_layout": []
              },
              {
                "alert_graph_definition": [],
                "alert_value_definition": [],
                "change_definition": [],
                "check_status_definition": [],
                "distribution_definition": [],
                "event_stream_definition": [],
                "event_timeline_definition": [],
                "free_text_definition": [],
                "geomap_definition": [],
                "group_definition": [
                  {
                    "background_color": "yellow",
                    "banner_img": "",
                    "layout_type": "ordered",
                    "show_title": true,
                    "title": "⚙️ Aplicaciones y Procesos",
                    "widget": [
                      {
                        "alert_graph_definition": [],
                        "alert_value_definition": [],
                        "change_definition": [],
                        "check_status_definition": [],
                        "distribution_definition": [],
                        "event_stream_definition": [],
                        "event_timeline_definition": [],
                        "free_text_definition": [],
                        "geomap_definition": [],
                        "heatmap_definition": [],
                        "hostmap_definition": [],
                        "id": 2616636720541958,
                        "iframe_definition": [],
                        "image_definition": [],
                        "list_stream_definition": [],
                        "log_stream_definition": [],
                        "manage_status_definition": [],
                        "note_definition": [],
                        "powerpack_definition": [],
                        "query_table_definition": [],
                        "query_value_definition": [],
                        "run_workflow_definition": [],
                        "scatterplot_definition": [],
                        "service_level_objective_definition": [],
                        "servicemap_definition": [],
                        "slo_list_definition": [],
                        "split_graph_definition": [],
                        "sunburst_definition": [],
                        "timeseries_definition": [
                          {
                            "custom_link": [],
                            "event": [],
                            "legend_columns": null,
                            "legend_layout": "",
                            "legend_size": "",
                            "live_span": "",
                            "marker": [
                              {
                                "display_type": "warning dashed",
                                "label": "⚠️ Alto Load Average",
                                "value": "4.0"
                              }
                            ],
                            "request": [
                              {
                                "apm_query": [],
                                "audit_query": [],
                                "display_type": "line",
                                "formula": [],
                                "log_query": [],
                                "metadata": [],
                                "network_query": [],
                                "on_right_yaxis": false,
                                "process_query": [],
                                "q": "avg:system.load.1{host:i-02fc645e96bc70814}",
                                "query": [],
                                "rum_query": [],
                                "security_query": [],
                                "style": [
                                  {
                                    "line_type": "",
                                    "line_width": "thick",
                                    "palette": "dog_classic"
                                  }
                                ]
                              },
                              {
                                "apm_query": [],
                                "audit_query": [],
                                "display_type": "line",
                                "formula": [],
                                "log_query": [],
                                "metadata": [],
                                "network_query": [],
                                "on_right_yaxis": false,
                                "process_query": [],
                                "q": "avg:system.load.5{host:i-02fc645e96bc70814}",
                                "query": [],
                                "rum_query": [],
                                "security_query": [],
                                "style": [
                                  {
                                    "line_type": "",
                                    "line_width": "",
                                    "palette": "cool"
                                  }
                                ]
                              },
                              {
                                "apm_query": [],
                                "audit_query": [],
                                "display_type": "line",
                                "formula": [],
                                "log_query": [],
                                "metadata": [],
                                "network_query": [],
                                "on_right_yaxis": false,
                                "process_query": [],
                                "q": "avg:system.load.15{host:i-02fc645e96bc70814}",
                                "query": [],
                                "rum_query": [],
                                "security_query": [],
                                "style": [
                                  {
                                    "line_type": "",
                                    "line_width": "",
                                    "palette": "warm"
                                  }
                                ]
                              },
                              {
                                "apm_query": [],
                                "audit_query": [],
                                "display_type": "line",
                                "formula": [],
                                "log_query": [],
                                "metadata": [],
                                "network_query": [],
                                "on_right_yaxis": false,
                                "process_query": [],
                                "q": "4.0",
                                "query": [],
                                "rum_query": [],
                                "security_query": [],
                                "style": [
                                  {
                                    "line_type": "dashed",
                                    "line_width": "",
                                    "palette": "red"
                                  }
                                ]
                              }
                            ],
                            "right_yaxis": [],
                            "show_legend": true,
                            "title": "Load Average - 1min, 5min, 15min",
                            "title_align": "",
                            "title_size": "",
                            "yaxis": [
                              {
                                "include_zero": false,
                                "label": "",
                                "max": "",
                                "min": "0",
                                "scale": "linear"
                              }
                            ]
                          }
                        ],
                        "toplist_definition": [],
                        "topology_map_definition": [],
                        "trace_service_definition": [],
                        "treemap_definition": [],
                        "widget_layout": []
                      },
                      {
                        "alert_graph_definition": [],
                        "alert_value_definition": [],
                        "change_definition": [],
                        "check_status_definition": [],
                        "distribution_definition": [],
                        "event_stream_definition": [],
                        "event_timeline_definition": [],
                        "free_text_definition": [],
                        "geomap_definition": [],
                        "heatmap_definition": [],
                        "hostmap_definition": [],
                        "id": 8637039618308196,
                        "iframe_definition": [],
                        "image_definition": [],
                        "list_stream_definition": [],
                        "log_stream_definition": [],
                        "manage_status_definition": [],
                        "note_definition": [],
                        "powerpack_definition": [],
                        "query_table_definition": [],
                        "query_value_definition": [],
                        "run_workflow_definition": [],
                        "scatterplot_definition": [],
                        "service_level_objective_definition": [],
                        "servicemap_definition": [],
                        "slo_list_definition": [],
                        "split_graph_definition": [],
                        "sunburst_definition": [],
                        "timeseries_definition": [
                          {
                            "custom_link": [],
                            "event": [],
                            "legend_columns": null,
                            "legend_layout": "",
                            "legend_size": "",
                            "live_span": "",
                            "marker": [],
                            "request": [
                              {
                                "apm_query": [],
                                "audit_query": [],
                                "display_type": "line",
                                "formula": [],
                                "log_query": [],
                                "metadata": [],
                                "network_query": [],
                                "on_right_yaxis": false,
                                "process_query": [],
                                "q": "avg:system.proc.count{host:i-02fc645e96bc70814}",
                                "query": [],
                                "rum_query": [],
                                "security_query": [],
                                "style": [
                                  {
                                    "line_type": "",
                                    "line_width": "",
                                    "palette": "dog_classic"
                                  }
                                ]
                              },
                              {
                                "apm_query": [],
                                "audit_query": [],
                                "display_type": "line",
                                "formula": [],
                                "log_query": [],
                                "metadata": [],
                                "network_query": [],
                                "on_right_yaxis": false,
                                "process_query": [],
                                "q": "avg:system.proc.running{host:i-02fc645e96bc70814}",
                                "query": [],
                                "rum_query": [],
                                "security_query": [],
                                "style": [
                                  {
                                    "line_type": "",
                                    "line_width": "",
                                    "palette": "green"
                                  }
                                ]
                              }
                            ],
                            "right_yaxis": [],
                            "show_legend": true,
                            "title": "Procesos del Sistema",
                            "title_align": "",
                            "title_size": "",
                            "yaxis": [
                              {
                                "include_zero": false,
                                "label": "",
                                "max": "",
                                "min": "0",
                                "scale": "linear"
                              }
                            ]
                          }
                        ],
                        "toplist_definition": [],
                        "topology_map_definition": [],
                        "trace_service_definition": [],
                        "treemap_definition": [],
                        "widget_layout": []
                      },
                      {
                        "alert_graph_definition": [],
                        "alert_value_definition": [],
                        "change_definition": [],
                        "check_status_definition": [],
                        "distribution_definition": [],
                        "event_stream_definition": [],
                        "event_timeline_definition": [],
                        "free_text_definition": [],
                        "geomap_definition": [],
                        "heatmap_definition": [],
                        "hostmap_definition": [],
                        "id": 1441486470945257,
                        "iframe_definition": [],
                        "image_definition": [],
                        "list_stream_definition": [],
                        "log_stream_definition": [],
                        "manage_status_definition": [],
                        "note_definition": [],
                        "powerpack_definition": [],
                        "query_table_definition": [],
                        "query_value_definition": [
                          {
                            "autoscale": true,
                            "custom_link": [],
                            "custom_unit": "",
                            "live_span": "",
                            "precision": 0,
                            "request": [
                              {
                                "aggregator": "last",
                                "apm_query": [],
                                "audit_query": [],
                                "conditional_formats": [],
                                "formula": [],
                                "log_query": [],
                                "process_query": [],
                                "q": "sum:docker.containers.running{host:i-02fc645e96bc70814}",
                                "query": [],
                                "rum_query": [],
                                "security_query": []
                              }
                            ],
                            "text_align": "center",
                            "timeseries_background": [],
                            "title": "Contenedores Docker",
                            "title_align": "center",
                            "title_size": "16"
                          }
                        ],
                        "run_workflow_definition": [],
                        "scatterplot_definition": [],
                        "service_level_objective_definition": [],
                        "servicemap_definition": [],
                        "slo_list_definition": [],
                        "split_graph_definition": [],
                        "sunburst_definition": [],
                        "timeseries_definition": [],
                        "toplist_definition": [],
                        "topology_map_definition": [],
                        "trace_service_definition": [],
                        "treemap_definition": [],
                        "widget_layout": []
                      }
                    ]
                  }
                ],
                "heatmap_definition": [],
                "hostmap_definition": [],
                "id": 4528106136655524,
                "iframe_definition": [],
                "image_definition": [],
                "list_stream_definition": [],
                "log_stream_definition": [],
                "manage_status_definition": [],
                "note_definition": [],
                "powerpack_definition": [],
                "query_table_definition": [],
                "query_value_definition": [],
                "run_workflow_definition": [],
                "scatterplot_definition": [],
                "service_level_objective_definition": [],
                "servicemap_definition": [],
                "slo_list_definition": [],
                "split_graph_definition": [],
                "sunburst_definition": [],
                "timeseries_definition": [],
                "toplist_definition": [],
                "topology_map_definition": [],
                "trace_service_definition": [],
                "treemap_definition": [],
                "widget_layout": []
              },
              {
                "alert_graph_definition": [],
                "alert_value_definition": [],
                "change_definition": [],
                "check_status_definition": [],
                "distribution_definition": [],
                "event_stream_definition": [],
                "event_timeline_definition": [],
                "free_text_definition": [],
                "geomap_definition": [],
                "group_definition": [
                  {
                    "background_color": "red",
                    "banner_img": "",
                    "layout_type": "ordered",
                    "show_title": true,
                    "title": "🚨 Análisis de Patrones y Alertas",
                    "widget": [
                      {
                        "alert_graph_definition": [],
                        "alert_value_definition": [],
                        "change_definition": [],
                        "check_status_definition": [],
                        "distribution_definition": [],
                        "event_stream_definition": [],
                        "event_timeline_definition": [],
                        "free_text_definition": [],
                        "geomap_definition": [],
                        "heatmap_definition": [
                          {
                            "custom_link": [],
                            "event": [],
                            "legend_size": "",
                            "live_span": "",
                            "request": [
                              {
                                "apm_query": [],
                                "formula": [],
                                "log_query": [],
                                "process_query": [],
                                "q": "avg:aws.ec2.cpuutilization{instance-id:i-02fc645e96bc70814} by {instance-id}",
                                "query": [],
                                "rum_query": [],
                                "security_query": [],
                                "style": []
                              }
                            ],
                            "show_legend": false,
                            "title": "CPU Usage Pattern - Últimas 24h",
                            "title_align": "",
                            "title_size": "",
                            "yaxis": [
                              {
                                "include_zero": false,
                                "label": "",
                                "max": "100",
                                "min": "0",
                                "scale": "linear"
                              }
                            ]
                          }
                        ],
                        "hostmap_definition": [],
                        "id": 2270378151987088,
                        "iframe_definition": [],
                        "image_definition": [],
                        "list_stream_definition": [],
                        "log_stream_definition": [],
                        "manage_status_definition": [],
                        "note_definition": [],
                        "powerpack_definition": [],
                        "query_table_definition": [],
                        "query_value_definition": [],
                        "run_workflow_definition": [],
                        "scatterplot_definition": [],
                        "service_level_objective_definition": [],
                        "servicemap_definition": [],
                        "slo_list_definition": [],
                        "split_graph_definition": [],
                        "sunburst_definition": [],
                        "timeseries_definition": [],
                        "toplist_definition": [],
                        "topology_map_definition": [],
                        "trace_service_definition": [],
                        "treemap_definition": [],
                        "widget_layout": []
                      },
                      {
                        "alert_graph_definition": [],
                        "alert_value_definition": [],
                        "change_definition": [],
                        "check_status_definition": [],
                        "distribution_definition": [],
                        "event_stream_definition": [],
                        "event_timeline_definition": [],
                        "free_text_definition": [],
                        "geomap_definition": [],
                        "heatmap_definition": [],
                        "hostmap_definition": [],
                        "id": 4603473086815772,
                        "iframe_definition": [],
                        "image_definition": [],
                        "list_stream_definition": [],
                        "log_stream_definition": [],
                        "manage_status_definition": [],
                        "note_definition": [],
                        "powerpack_definition": [],
                        "query_table_definition": [],
                        "query_value_definition": [],
                        "run_workflow_definition": [],
                        "scatterplot_definition": [],
                        "service_level_objective_definition": [],
                        "servicemap_definition": [],
                        "slo_list_definition": [],
                        "split_graph_definition": [],
                        "sunburst_definition": [],
                        "timeseries_definition": [],
                        "toplist_definition": [
                          {
                            "custom_link": [],
                            "live_span": "",
                            "request": [
                              {
                                "apm_query": [],
                                "audit_query": [],
                                "conditional_formats": [],
                                "formula": [],
                                "log_query": [],
                                "process_query": [],
                                "q": "top(avg:system.proc.cpu{host:i-02fc645e96bc70814} by {process_name}, 10, 'mean', 'desc')",
                                "query": [],
                                "rum_query": [],
                                "security_query": [],
                                "style": []
                              }
                            ],
                            "style": [],
                            "title": "Top 10 Procesos por CPU",
                            "title_align": "",
                            "title_size": ""
                          }
                        ],
                        "topology_map_definition": [],
                        "trace_service_definition": [],
                        "treemap_definition": [],
                        "widget_layout": []
                      },
                      {
                        "alert_graph_definition": [],
                        "alert_value_definition": [],
                        "change_definition": [],
                        "check_status_definition": [],
                        "distribution_definition": [],
                        "event_stream_definition": [
                          {
                            "event_size": "s",
                            "live_span": "",
                            "query": "host:i-02fc645e96bc70814 OR instance-id:i-02fc645e96bc70814",
                            "tags_execution": "",
                            "title": "Eventos del Sistema (24h)",
                            "title_align": "",
                            "title_size": ""
                          }
                        ],
                        "event_timeline_definition": [],
                        "free_text_definition": [],
                        "geomap_definition": [],
                        "heatmap_definition": [],
                        "hostmap_definition": [],
                        "id": 6484248185137406,
                        "iframe_definition": [],
                        "image_definition": [],
                        "list_stream_definition": [],
                        "log_stream_definition": [],
                        "manage_status_definition": [],
                        "note_definition": [],
                        "powerpack_definition": [],
                        "query_table_definition": [],
                        "query_value_definition": [],
                        "run_workflow_definition": [],
                        "scatterplot_definition": [],
                        "service_level_objective_definition": [],
                        "servicemap_definition": [],
                        "slo_list_definition": [],
                        "split_graph_definition": [],
                        "sunburst_definition": [],
                        "timeseries_definition": [],
                        "toplist_definition": [],
                        "topology_map_definition": [],
                        "trace_service_definition": [],
                        "treemap_definition": [],
                        "widget_layout": []
                      }
                    ]
                  }
                ],
                "heatmap_definition": [],
                "hostmap_definition": [],
                "id": 4739418062738875,
                "iframe_definition": [],
                "image_definition": [],
                "list_stream_definition": [],
                "log_stream_definition": [],
                "manage_status_definition": [],
                "note_definition": [],
                "powerpack_definition": [],
                "query_table_definition": [],
                "query_value_definition": [],
                "run_workflow_definition": [],
                "scatterplot_definition": [],
                "service_level_objective_definition": [],
                "servicemap_definition": [],
                "slo_list_definition": [],
                "split_graph_definition": [],
                "sunburst_definition": [],
                "timeseries_definition": [],
                "toplist_definition": [],
                "topology_map_definition": [],
                "trace_service_definition": [],
                "treemap_definition": [],
                "widget_layout": []
              }
            ]
          },
          "sensitive_attributes": [],
          "identity_schema_version": 0,
          "private": "bnVsbA=="
        }
      ]
    },
    {
      "mode": "managed",
      "type": "datadog_dashboard",
      "name": "optimized_dashboard",
      "provider": "provider[\"registry.terraform.io/datadog/datadog\"]",
      "instances": [
        {
          "schema_version": 0,
          "attributes": {
            "dashboard_lists": null,
            "dashboard_lists_removed": [],
            "description": "Dashboard con métricas CloudWatch verificadas y funcionando",
            "id": "emc-2bf-4jr",
            "is_read_only": false,
            "layout_type": "ordered",
            "notify_list": [],
            "reflow_type": "",
            "restricted_roles": [],
            "tags": [
              "team:lti-project"
            ],
            "template_variable": [
              {
                "available_values": [],
                "default": "",
                "defaults": [
                  "i-02fc645e96bc70814"
                ],
                "name": "instance",
                "prefix": "instance-id"
              }
            ],
            "template_variable_preset": [],
            "title": "🚀 LTI Project - Dashboard Optimizado",
            "url": "/dashboard/emc-2bf-4jr/-lti-project---dashboard-optimizado",
            "widget": [
              {
                "alert_graph_definition": [],
                "alert_value_definition": [],
                "change_definition": [],
                "check_status_definition": [],
                "distribution_definition": [],
                "event_stream_definition": [],
                "event_timeline_definition": [],
                "free_text_definition": [],
                "geomap_definition": [],
                "group_definition": [],
                "heatmap_definition": [],
                "hostmap_definition": [],
                "id": 7879311368708203,
                "iframe_definition": [],
                "image_definition": [],
                "list_stream_definition": [],
                "log_stream_definition": [],
                "manage_status_definition": [],
                "note_definition": [
                  {
                    "background_color": "green",
                    "content": "## 🎯 **LTI PROJECT - DASHBOARD OPTIMIZADO**\n\n**Instancia:** i-02fc645e96bc70814 | **Región:** us-east-2 | **Tipo:** t2.micro\n\n**Estado:** ✅ Solo métricas CloudWatch verificadas\n\n---\n\n### 📊 **MÉTRICAS DISPONIBLES**\n- ✅ CPU Utilization\n- ✅ Network In/Out\n- ✅ Network Packets\n- ✅ Status Checks\n- ❌ EBS/Disk (no disponible en configuración básica)",
                    "font_size": "14",
                    "has_padding": true,
                    "show_tick": false,
                    "text_align": "left",
                    "tick_edge": "",
                    "tick_pos": "",
                    "vertical_align": ""
                  }
                ],
                "powerpack_definition": [],
                "query_table_definition": [],
                "query_value_definition": [],
                "run_workflow_definition": [],
                "scatterplot_definition": [],
                "service_level_objective_definition": [],
                "servicemap_definition": [],
                "slo_list_definition": [],
                "split_graph_definition": [],
                "sunburst_definition": [],
                "timeseries_definition": [],
                "toplist_definition": [],
                "topology_map_definition": [],
                "trace_service_definition": [],
                "treemap_definition": [],
                "widget_layout": []
              },
              {
                "alert_graph_definition": [],
                "alert_value_definition": [],
                "change_definition": [],
                "check_status_definition": [],
                "distribution_definition": [],
                "event_stream_definition": [],
                "event_timeline_definition": [],
                "free_text_definition": [],
                "geomap_definition": [],
                "group_definition": [],
                "heatmap_definition": [],
                "hostmap_definition": [],
                "id": 867110237557867,
                "iframe_definition": [],
                "image_definition": [],
                "list_stream_definition": [],
                "log_stream_definition": [],
                "manage_status_definition": [],
                "note_definition": [],
                "powerpack_definition": [],
                "query_table_definition": [],
                "query_value_definition": [
                  {
                    "autoscale": false,
                    "custom_link": [],
                    "custom_unit": "%",
                    "live_span": "",
                    "precision": 1,
                    "request": [
                      {
                        "aggregator": "avg",
                        "apm_query": [],
                        "audit_query": [],
                        "conditional_formats": [
                          {
                            "comparator": "\u003e",
                            "custom_bg_color": "",
                            "custom_fg_color": "",
                            "hide_value": false,
                            "image_url": "",
                            "metric": "",
                            "palette": "red_on_white",
                            "timeframe": "",
                            "value": 90
                          },
                          {
                            "comparator": "\u003e",
                            "custom_bg_color": "",
                            "custom_fg_color": "",
                            "hide_value": false,
                            "image_url": "",
                            "metric": "",
                            "palette": "yellow_on_white",
                            "timeframe": "",
                            "value": 70
                          },
                          {
                            "comparator": "\u003c=",
                            "custom_bg_color": "",
                            "custom_fg_color": "",
                            "hide_value": false,
                            "image_url": "",
                            "metric": "",
                            "palette": "green_on_white",
                            "timeframe": "",
                            "value": 70
                          }
                        ],
                        "formula": [],
                        "log_query": [],
                        "process_query": [],
                        "q": "avg:aws.ec2.cpuutilization{instance-id:i-02fc645e96bc70814}",
                        "query": [],
                        "rum_query": [],
                        "security_query": []
                      }
                    ],
                    "text_align": "center",
                    "timeseries_background": [],
                    "title": "🔥 CPUUtilization",
                    "title_align": "center",
                    "title_size": "16"
                  }
                ],
                "run_workflow_definition": [],
                "scatterplot_definition": [],
                "service_level_objective_definition": [],
                "servicemap_definition": [],
                "slo_list_definition": [],
                "split_graph_definition": [],
                "sunburst_definition": [],
                "timeseries_definition": [],
                "toplist_definition": [],
                "topology_map_definition": [],
                "trace_service_definition": [],
                "treemap_definition": [],
                "widget_layout": []
              },
              {
                "alert_graph_definition": [],
                "alert_value_definition": [],
                "change_definition": [],
                "check_status_definition": [],
                "distribution_definition": [],
                "event_stream_definition": [],
                "event_timeline_definition": [],
                "free_text_definition": [],
                "geomap_definition": [],
                "group_definition": [],
                "heatmap_definition": [],
                "hostmap_definition": [],
                "id": 7688858811737986,
                "iframe_definition": [],
                "image_definition": [],
                "list_stream_definition": [],
                "log_stream_definition": [],
                "manage_status_definition": [],
                "note_definition": [],
                "powerpack_definition": [],
                "query_table_definition": [],
                "query_value_definition": [
                  {
                    "autoscale": true,
                    "custom_link": [],
                    "custom_unit": "MB",
                    "live_span": "",
                    "precision": 2,
                    "request": [
                      {
                        "aggregator": "sum",
                        "apm_query": [],
                        "audit_query": [],
                        "conditional_formats": [],
                        "formula": [],
                        "log_query": [],
                        "process_query": [],
                        "q": "sum:aws.ec2.networkin{instance-id:i-02fc645e96bc70814}/1024/1024",
                        "query": [],
                        "rum_query": [],
                        "security_query": []
                      }
                    ],
                    "text_align": "center",
                    "timeseries_background": [],
                    "title": "📊 NetworkIn (MB)",
                    "title_align": "center",
                    "title_size": "16"
                  }
                ],
                "run_workflow_definition": [],
                "scatterplot_definition": [],
                "service_level_objective_definition": [],
                "servicemap_definition": [],
                "slo_list_definition": [],
                "split_graph_definition": [],
                "sunburst_definition": [],
                "timeseries_definition": [],
                "toplist_definition": [],
                "topology_map_definition": [],
                "trace_service_definition": [],
                "treemap_definition": [],
                "widget_layout": []
              },
              {
                "alert_graph_definition": [],
                "alert_value_definition": [],
                "change_definition": [],
                "check_status_definition": [],
                "distribution_definition": [],
                "event_stream_definition": [],
                "event_timeline_definition": [],
                "free_text_definition": [],
                "geomap_definition": [],
                "group_definition": [],
                "heatmap_definition": [],
                "hostmap_definition": [],
                "id": 7402370429646762,
                "iframe_definition": [],
                "image_definition": [],
                "list_stream_definition": [],
                "log_stream_definition": [],
                "manage_status_definition": [],
                "note_definition": [],
                "powerpack_definition": [],
                "query_table_definition": [],
                "query_value_definition": [
                  {
                    "autoscale": true,
                    "custom_link": [],
                    "custom_unit": "MB",
                    "live_span": "",
                    "precision": 2,
                    "request": [
                      {
                        "aggregator": "sum",
                        "apm_query": [],
                        "audit_query": [],
                        "conditional_formats": [],
                        "formula": [],
                        "log_query": [],
                        "process_query": [],
                        "q": "sum:aws.ec2.networkout{instance-id:i-02fc645e96bc70814}/1024/1024",
                        "query": [],
                        "rum_query": [],
                        "security_query": []
                      }
                    ],
                    "text_align": "center",
                    "timeseries_background": [],
                    "title": "📊 NetworkOut (MB)",
                    "title_align": "center",
                    "title_size": "16"
                  }
                ],
                "run_workflow_definition": [],
                "scatterplot_definition": [],
                "service_level_objective_definition": [],
                "servicemap_definition": [],
                "slo_list_definition": [],
                "split_graph_definition": [],
                "sunburst_definition": [],
                "timeseries_definition": [],
                "toplist_definition": [],
                "topology_map_definition": [],
                "trace_service_definition": [],
                "treemap_definition": [],
                "widget_layout": []
              },
              {
                "alert_graph_definition": [],
                "alert_value_definition": [],
                "change_definition": [],
                "check_status_definition": [],
                "distribution_definition": [],
                "event_stream_definition": [],
                "event_timeline_definition": [],
                "free_text_definition": [],
                "geomap_definition": [],
                "group_definition": [],
                "heatmap_definition": [],
                "hostmap_definition": [],
                "id": 3467626158362256,
                "iframe_definition": [],
                "image_definition": [],
                "list_stream_definition": [],
                "log_stream_definition": [],
                "manage_status_definition": [],
                "note_definition": [],
                "powerpack_definition": [],
                "query_table_definition": [],
                "query_value_definition": [],
                "run_workflow_definition": [],
                "scatterplot_definition": [],
                "service_level_objective_definition": [],
                "servicemap_definition": [],
                "slo_list_definition": [],
                "split_graph_definition": [],
                "sunburst_definition": [],
                "timeseries_definition": [
                  {
                    "custom_link": [],
                    "event": [],
                    "legend_columns": [],
                    "legend_layout": "",
                    "legend_size": "",
                    "live_span": "",
                    "marker": [
                      {
                        "display_type": "error dashed",
                        "label": "🚨 Critical: 90%",
                        "value": "y = 90"
                      },
                      {
                        "display_type": "warning dashed",
                        "label": "⚠️ Warning: 70%",
                        "value": "y = 70"
                      }
                    ],
                    "request": [
                      {
                        "apm_query": [],
                        "audit_query": [],
                        "display_type": "line",
                        "formula": [],
                        "log_query": [],
                        "metadata": [],
                        "network_query": [],
                        "on_right_yaxis": false,
                        "process_query": [],
                        "q": "avg:aws.ec2.cpuutilization{instance-id:i-02fc645e96bc70814}",
                        "query": [],
                        "rum_query": [],
                        "security_query": [],
                        "style": [
                          {
                            "line_type": "solid",
                            "line_width": "thick",
                            "palette": "dog_classic"
                          }
                        ]
                      }
                    ],
                    "right_yaxis": [],
                    "show_legend": true,
                    "title": "🔥 CPUUtilization - Tendencia (Últimas 2 horas)",
                    "title_align": "left",
                    "title_size": "16",
                    "yaxis": [
                      {
                        "include_zero": false,
                        "label": "CPU %",
                        "max": "100",
                        "min": "0",
                        "scale": "linear"
                      }
                    ]
                  }
                ],
                "toplist_definition": [],
                "topology_map_definition": [],
                "trace_service_definition": [],
                "treemap_definition": [],
                "widget_layout": []
              },
              {
                "alert_graph_definition": [],
                "alert_value_definition": [],
                "change_definition": [],
                "check_status_definition": [],
                "distribution_definition": [],
                "event_stream_definition": [],
                "event_timeline_definition": [],
                "free_text_definition": [],
                "geomap_definition": [],
                "group_definition": [],
                "heatmap_definition": [],
                "hostmap_definition": [],
                "id": 8079348601875444,
                "iframe_definition": [],
                "image_definition": [],
                "list_stream_definition": [],
                "log_stream_definition": [],
                "manage_status_definition": [],
                "note_definition": [],
                "powerpack_definition": [],
                "query_table_definition": [],
                "query_value_definition": [],
                "run_workflow_definition": [],
                "scatterplot_definition": [],
                "service_level_objective_definition": [],
                "servicemap_definition": [],
                "slo_list_definition": [],
                "split_graph_definition": [],
                "sunburst_definition": [],
                "timeseries_definition": [
                  {
                    "custom_link": [],
                    "event": [],
                    "legend_columns": [],
                    "legend_layout": "",
                    "legend_size": "",
                    "live_span": "",
                    "marker": [],
                    "request": [
                      {
                        "apm_query": [],
                        "audit_query": [],
                        "display_type": "area",
                        "formula": [],
                        "log_query": [],
                        "metadata": [],
                        "network_query": [],
                        "on_right_yaxis": false,
                        "process_query": [],
                        "q": "avg:aws.ec2.networkin{instance-id:i-02fc645e96bc70814}",
                        "query": [],
                        "rum_query": [],
                        "security_query": [],
                        "style": [
                          {
                            "line_type": "solid",
                            "line_width": "normal",
                            "palette": "blue"
                          }
                        ]
                      },
                      {
                        "apm_query": [],
                        "audit_query": [],
                        "display_type": "area",
                        "formula": [],
                        "log_query": [],
                        "metadata": [],
                        "network_query": [],
                        "on_right_yaxis": false,
                        "process_query": [],
                        "q": "avg:aws.ec2.networkout{instance-id:i-02fc645e96bc70814}",
                        "query": [],
                        "rum_query": [],
                        "security_query": [],
                        "style": [
                          {
                            "line_type": "solid",
                            "line_width": "normal",
                            "palette": "orange"
                          }
                        ]
                      }
                    ],
                    "right_yaxis": [],
                    "show_legend": true,
                    "title": "🌐 NetworkIn \u0026 NetworkOut (Bytes/sec)",
                    "title_align": "left",
                    "title_size": "16",
                    "yaxis": [
                      {
                        "include_zero": false,
                        "label": "Bytes/sec",
                        "max": "",
                        "min": "0",
                        "scale": "linear"
                      }
                    ]
                  }
                ],
                "toplist_definition": [],
                "topology_map_definition": [],
                "trace_service_definition": [],
                "treemap_definition": [],
                "widget_layout": []
              },
              {
                "alert_graph_definition": [],
                "alert_value_definition": [],
                "change_definition": [],
                "check_status_definition": [],
                "distribution_definition": [],
                "event_stream_definition": [],
                "event_timeline_definition": [],
                "free_text_definition": [],
                "geomap_definition": [],
                "group_definition": [],
                "heatmap_definition": [],
                "hostmap_definition": [],
                "id": 1900963129359931,
                "iframe_definition": [],
                "image_definition": [],
                "list_stream_definition": [],
                "log_stream_definition": [],
                "manage_status_definition": [],
                "note_definition": [],
                "powerpack_definition": [],
                "query_table_definition": [],
                "query_value_definition": [],
                "run_workflow_definition": [],
                "scatterplot_definition": [],
                "service_level_objective_definition": [],
                "servicemap_definition": [],
                "slo_list_definition": [],
                "split_graph_definition": [],
                "sunburst_definition": [],
                "timeseries_definition": [
                  {
                    "custom_link": [],
                    "event": [],
                    "legend_columns": [],
                    "legend_layout": "",
                    "legend_size": "",
                    "live_span": "",
                    "marker": [],
                    "request": [
                      {
                        "apm_query": [],
                        "audit_query": [],
                        "display_type": "line",
                        "formula": [],
                        "log_query": [],
                        "metadata": [],
                        "network_query": [],
                        "on_right_yaxis": false,
                        "process_query": [],
                        "q": "avg:aws.ec2.networkpacketsin{instance-id:i-02fc645e96bc70814}",
                        "query": [],
                        "rum_query": [],
                        "security_query": [],
                        "style": [
                          {
                            "line_type": "solid",
                            "line_width": "normal",
                            "palette": "cool"
                          }
                        ]
                      },
                      {
                        "apm_query": [],
                        "audit_query": [],
                        "display_type": "line",
                        "formula": [],
                        "log_query": [],
                        "metadata": [],
                        "network_query": [],
                        "on_right_yaxis": false,
                        "process_query": [],
                        "q": "avg:aws.ec2.networkpacketsout{instance-id:i-02fc645e96bc70814}",
                        "query": [],
                        "rum_query": [],
                        "security_query": [],
                        "style": [
                          {
                            "line_type": "solid",
                            "line_width": "normal",
                            "palette": "warm"
                          }
                        ]
                      }
                    ],
                    "right_yaxis": [],
                    "show_legend": true,
                    "title": "📦 NetworkPacketsIn \u0026 NetworkPacketsOut",
                    "title_align": "left",
                    "title_size": "16",
                    "yaxis": [
                      {
                        "include_zero": false,
                        "label": "Packets/sec",
                        "max": "",
                        "min": "0",
                        "scale": "linear"
                      }
                    ]
                  }
                ],
                "toplist_definition": [],
                "topology_map_definition": [],
                "trace_service_definition": [],
                "treemap_definition": [],
                "widget_layout": []
              },
              {
                "alert_graph_definition": [],
                "alert_value_definition": [],
                "change_definition": [],
                "check_status_definition": [],
                "distribution_definition": [],
                "event_stream_definition": [],
                "event_timeline_definition": [],
                "free_text_definition": [],
                "geomap_definition": [],
                "group_definition": [],
                "heatmap_definition": [],
                "hostmap_definition": [],
                "id": 1130862649948411,
                "iframe_definition": [],
                "image_definition": [],
                "list_stream_definition": [],
                "log_stream_definition": [],
                "manage_status_definition": [],
                "note_definition": [],
                "powerpack_definition": [],
                "query_table_definition": [],
                "query_value_definition": [],
                "run_workflow_definition": [],
                "scatterplot_definition": [],
                "service_level_objective_definition": [],
                "servicemap_definition": [],
                "slo_list_definition": [],
                "split_graph_definition": [],
                "sunburst_definition": [],
                "timeseries_definition": [
                  {
                    "custom_link": [],
                    "event": [],
                    "legend_columns": [],
                    "legend_layout": "",
                    "legend_size": "",
                    "live_span": "",
                    "marker": [],
                    "request": [
                      {
                        "apm_query": [],
                        "audit_query": [],
                        "display_type": "bars",
                        "formula": [],
                        "log_query": [],
                        "metadata": [],
                        "network_query": [],
                        "on_right_yaxis": false,
                        "process_query": [],
                        "q": "avg:aws.ec2.status_check_failed{instance-id:i-02fc645e96bc70814}",
                        "query": [],
                        "rum_query": [],
                        "security_query": [],
                        "style": [
                          {
                            "line_type": "solid",
                            "line_width": "normal",
                            "palette": "semantic"
                          }
                        ]
                      }
                    ],
                    "right_yaxis": [],
                    "show_legend": true,
                    "title": "🏥 StatusCheckFailed",
                    "title_align": "left",
                    "title_size": "16",
                    "yaxis": [
                      {
                        "include_zero": false,
                        "label": "Failed Checks",
                        "max": "1",
                        "min": "0",
                        "scale": "linear"
                      }
                    ]
                  }
                ],
                "toplist_definition": [],
                "topology_map_definition": [],
                "trace_service_definition": [],
                "treemap_definition": [],
                "widget_layout": []
              },
              {
                "alert_graph_definition": [],
                "alert_value_definition": [],
                "change_definition": [],
                "check_status_definition": [],
                "distribution_definition": [],
                "event_stream_definition": [],
                "event_timeline_definition": [],
                "free_text_definition": [],
                "geomap_definition": [],
                "group_definition": [],
                "heatmap_definition": [
                  {
                    "custom_link": [],
                    "event": [],
                    "legend_size": "",
                    "live_span": "",
                    "request": [
                      {
                        "apm_query": [],
                        "formula": [],
                        "log_query": [],
                        "process_query": [],
                        "q": "avg:aws.ec2.cpuutilization{instance-id:i-02fc645e96bc70814}",
                        "query": [],
                        "rum_query": [],
                        "security_query": [],
                        "style": []
                      }
                    ],
                    "show_legend": false,
                    "title": "🔥 CPUUtilization Heatmap (Último día)",
                    "title_align": "left",
                    "title_size": "16",
                    "yaxis": [
                      {
                        "include_zero": false,
                        "label": "Tiempo",
                        "max": "",
                        "min": "",
                        "scale": "linear"
                      }
                    ]
                  }
                ],
                "hostmap_definition": [],
                "id": 8526388610232582,
                "iframe_definition": [],
                "image_definition": [],
                "list_stream_definition": [],
                "log_stream_definition": [],
                "manage_status_definition": [],
                "note_definition": [],
                "powerpack_definition": [],
                "query_table_definition": [],
                "query_value_definition": [],
                "run_workflow_definition": [],
                "scatterplot_definition": [],
                "service_level_objective_definition": [],
                "servicemap_definition": [],
                "slo_list_definition": [],
                "split_graph_definition": [],
                "sunburst_definition": [],
                "timeseries_definition": [],
                "toplist_definition": [],
                "topology_map_definition": [],
                "trace_service_definition": [],
                "treemap_definition": [],
                "widget_layout": []
              },
              {
                "alert_graph_definition": [],
                "alert_value_definition": [],
                "change_definition": [],
                "check_status_definition": [],
                "distribution_definition": [],
                "event_stream_definition": [],
                "event_timeline_definition": [],
                "free_text_definition": [],
                "geomap_definition": [],
                "group_definition": [],
                "heatmap_definition": [],
                "hostmap_definition": [],
                "id": 888013672730471,
                "iframe_definition": [],
                "image_definition": [],
                "list_stream_definition": [],
                "log_stream_definition": [],
                "manage_status_definition": [],
                "note_definition": [],
                "powerpack_definition": [],
                "query_table_definition": [
                  {
                    "custom_link": [],
                    "has_search_bar": "",
                    "live_span": "",
                    "request": [
                      {
                        "aggregator": "last",
                        "alias": "CPUUtilization %",
                        "apm_query": [],
                        "apm_stats_query": [],
                        "cell_display_mode": [],
                        "conditional_formats": [],
                        "formula": [],
                        "limit": 0,
                        "log_query": [],
                        "order": "",
                        "process_query": [],
                        "q": "avg:aws.ec2.cpuutilization{instance-id:i-02fc645e96bc70814}",
                        "query": [],
                        "rum_query": [],
                        "security_query": [],
                        "text_formats": []
                      },
                      {
                        "aggregator": "last",
                        "alias": "NetworkIn (bytes)",
                        "apm_query": [],
                        "apm_stats_query": [],
                        "cell_display_mode": [],
                        "conditional_formats": [],
                        "formula": [],
                        "limit": 0,
                        "log_query": [],
                        "order": "",
                        "process_query": [],
                        "q": "avg:aws.ec2.networkin{instance-id:i-02fc645e96bc70814}",
                        "query": [],
                        "rum_query": [],
                        "security_query": [],
                        "text_formats": []
                      },
                      {
                        "aggregator": "last",
                        "alias": "NetworkOut (bytes)",
                        "apm_query": [],
                        "apm_stats_query": [],
                        "cell_display_mode": [],
                        "conditional_formats": [],
                        "formula": [],
                        "limit": 0,
                        "log_query": [],
                        "order": "",
                        "process_query": [],
                        "q": "avg:aws.ec2.networkout{instance-id:i-02fc645e96bc70814}",
                        "query": [],
                        "rum_query": [],
                        "security_query": [],
                        "text_formats": []
                      }
                    ],
                    "title": "📋 Resumen de Métricas Actuales",
                    "title_align": "left",
                    "title_size": "16"
                  }
                ],
                "query_value_definition": [],
                "run_workflow_definition": [],
                "scatterplot_definition": [],
                "service_level_objective_definition": [],
                "servicemap_definition": [],
                "slo_list_definition": [],
                "split_graph_definition": [],
                "sunburst_definition": [],
                "timeseries_definition": [],
                "toplist_definition": [],
                "topology_map_definition": [],
                "trace_service_definition": [],
                "treemap_definition": [],
                "widget_layout": []
              }
            ]
          },
          "sensitive_attributes": [],
          "identity_schema_version": 0,
          "private": "bnVsbA=="
        }
      ]
    },
    {
      "mode": "managed",
      "type": "datadog_integration_aws_account",
      "name": "main",
      "provider": "provider[\"registry.terraform.io/datadog/datadog\"]",
      "instances": [
        {
          "schema_version": 0,
          "attributes": {
            "account_tags": [
              "project:lti",
              "environment:production",
              "monitoring:datadog",
              "cost-center:engineering"
            ],
            "auth_config": {
              "aws_auth_config_keys": null,
              "aws_auth_config_role": {
                "external_id": "263c8c17630943cd8d05970c4bea6fc2",
                "role_name": "lti-project-datadog-integration-role"
              }
            },
            "aws_account_id": "798831116280",
            "aws_partition": "aws",
            "aws_regions": {
              "include_all": null,
              "include_only": [
                "us-east-2"
              ]
            },
            "id": "2251bc29-46c0-421b-b8d5-bf47f4a1e34c",
            "logs_config": {
              "lambda_forwarder": {
                "lambdas": [],
                "sources": [
                  "s3",
                  "elb",
                  "elbv2",
                  "cloudfront"
                ]
              }
            },
            "metrics_config": {
              "automute_enabled": true,
              "collect_cloudwatch_alarms": true,
              "collect_custom_metrics": true,
              "enabled": true,
              "namespace_filters": {
                "exclude_only": null,
                "include_only": [
                  "AWS/EC2",
                  "AWS/EBS",
                  "AWS/S3",
                  "AWS/Lambda"
                ]
              },
              "tag_filters": []
            },
            "resources_config": {
              "cloud_security_posture_management_collection": false,
              "extended_collection": true
            },
            "traces_config": {
              "xray_services": {
                "include_all": null,
                "include_only": []
              }
            }
          },
          "sensitive_attributes": [],
          "identity_schema_version": 0,
          "dependencies": [
            "aws_iam_role.datadog_integration_role",
            "data.aws_caller_identity.current",
            "data.aws_iam_policy_document.datadog_trust_policy"
          ]
        }
      ]
    },
    {
      "mode": "managed",
      "type": "datadog_monitor",
      "name": "application_error_rate",
      "provider": "provider[\"registry.terraform.io/datadog/datadog\"]",
      "instances": [
        {
          "schema_version": 0,
          "attributes": {
            "enable_logs_sample": null,
            "enable_samples": null,
            "escalation_message": "",
            "evaluation_delay": 60,
            "force_delete": null,
            "group_retention_duration": "",
            "groupby_simple_monitor": null,
            "id": "5886810",
            "include_tags": true,
            "locked": false,
            "message": "**🚨 ALERTA CRÍTICA: Alta carga del sistema**\r\n    \r\nSystem load ha estado alto por más de 5 minutos, indicando posibles problemas de performance.\r\n    \r\n**Load actual:** {{value}}\r\n**Host:** {{host.name}}\r\n    \r\n**Acciones:**\r\n1. Revisar procesos activos\r\n2. Verificar uso de CPU y memoria\r\n3. Revisar logs de aplicación\r\n    \r\n@all",
            "monitor_threshold_windows": [],
            "monitor_thresholds": [
              {
                "critical": "3",
                "critical_recovery": "",
                "ok": "",
                "unknown": "",
                "warning": "2",
                "warning_recovery": ""
              }
            ],
            "name": "🚨 [CRITICAL] High Application Error Rate - LTI Project",
            "new_group_delay": 300,
            "new_host_delay": 300,
            "no_data_timeframe": 0,
            "notification_preset_name": "",
            "notify_audit": false,
            "notify_by": null,
            "notify_no_data": false,
            "on_missing_data": "",
            "priority": "",
            "query": "avg(last_5m):avg:system.load.5{environment:production} by {host} \u003e 3",
            "renotify_interval": 30,
            "renotify_occurrences": 0,
            "renotify_statuses": null,
            "require_full_window": true,
            "restricted_roles": null,
            "scheduling_options": [],
            "tags": [
              "environment:production",
              "metric:load_average",
              "project:lti",
              "severity:critical"
            ],
            "timeout_h": 0,
            "type": "metric alert",
            "validate": null,
            "variables": []
          },
          "sensitive_attributes": [],
          "identity_schema_version": 0,
          "private": "bnVsbA=="
        }
      ]
    },
    {
      "mode": "managed",
      "type": "datadog_monitor",
      "name": "cpu_baseline_anomaly",
      "provider": "provider[\"registry.terraform.io/datadog/datadog\"]",
      "instances": [
        {
          "schema_version": 0,
          "attributes": {
            "enable_logs_sample": null,
            "enable_samples": null,
            "escalation_message": "",
            "evaluation_delay": 900,
            "force_delete": null,
            "group_retention_duration": "",
            "groupby_simple_monitor": null,
            "id": "5904247",
            "include_tags": true,
            "locked": false,
            "message": "**ℹ️ INFO: Comportamiento anómalo de CPU**\n    \nSe ha detectado un patrón inusual en el uso de CPU.\n    \n**Instancia:** i-02fc645e96bc70814\n    \n**Acciones:**\n1. 🔍 Revisar para entender el patrón\n2. 🔍 Verificar si corresponde a actividad normal\n3. 🔍 Documentar si es un nuevo patrón esperado\n    \n**Dashboard:** https://app.us5.datadoghq.com/dashboard/{{dashboard.id}}",
            "monitor_threshold_windows": [],
            "monitor_thresholds": [
              {
                "critical": "70",
                "critical_recovery": "",
                "ok": "",
                "unknown": "",
                "warning": "50",
                "warning_recovery": ""
              }
            ],
            "name": "ℹ️ [INFO] CPU Anomaly Detection - LTI Project",
            "new_group_delay": 0,
            "new_host_delay": 300,
            "no_data_timeframe": 0,
            "notification_preset_name": "",
            "notify_audit": false,
            "notify_by": null,
            "notify_no_data": false,
            "on_missing_data": "",
            "priority": "",
            "query": "avg(last_30m):avg:aws.ec2.cpuutilization{instance-id:i-02fc645e96bc70814} \u003e 70",
            "renotify_interval": 0,
            "renotify_occurrences": 0,
            "renotify_statuses": null,
            "require_full_window": false,
            "restricted_roles": null,
            "scheduling_options": [],
            "tags": [
              "instance:i-02fc645e96bc70814",
              "metric:cpu",
              "project:lti",
              "severity:info",
              "type:anomaly"
            ],
            "timeout_h": 0,
            "type": "metric alert",
            "validate": null,
            "variables": []
          },
          "sensitive_attributes": [],
          "identity_schema_version": 0,
          "private": "bnVsbA=="
        }
      ]
    },
    {
      "mode": "managed",
      "type": "datadog_monitor",
      "name": "critical_cpu_usage",
      "provider": "provider[\"registry.terraform.io/datadog/datadog\"]",
      "instances": [
        {
          "schema_version": 0,
          "attributes": {
            "enable_logs_sample": null,
            "enable_samples": null,
            "escalation_message": "",
            "evaluation_delay": 60,
            "force_delete": null,
            "group_retention_duration": "",
            "groupby_simple_monitor": null,
            "id": "5904230",
            "include_tags": true,
            "locked": false,
            "message": "**🚨 ALERTA CRÍTICA: CPU muy alto**\n    \nCPU utilization ha superado el 90% en la instancia {{instance-id.name}}.\n    \n**Valor actual:** {{value}}%\n**Instancia:** i-02fc645e96bc70814\n    \n**Acciones inmediatas:**\n1. ✅ Verificar procesos con `top` o `htop`\n2. ✅ Revisar logs de aplicación\n3. ✅ Considerar reinicio si es necesario\n4. ✅ Evaluar escalado de instancia\n    \n**Dashboard:** https://app.us5.datadoghq.com/dashboard/{{dashboard.id}}\n    \n@all",
            "monitor_threshold_windows": [],
            "monitor_thresholds": [
              {
                "critical": "90",
                "critical_recovery": "",
                "ok": "",
                "unknown": "",
                "warning": "70",
                "warning_recovery": ""
              }
            ],
            "name": "🚨 [CRITICAL] High CPU Usage - LTI Project",
            "new_group_delay": 0,
            "new_host_delay": 300,
            "no_data_timeframe": 0,
            "notification_preset_name": "",
            "notify_audit": false,
            "notify_by": null,
            "notify_no_data": false,
            "on_missing_data": "",
            "priority": "",
            "query": "avg(last_10m):avg:aws.ec2.cpuutilization{instance-id:i-02fc645e96bc70814} \u003e 90",
            "renotify_interval": 60,
            "renotify_occurrences": 0,
            "renotify_statuses": null,
            "require_full_window": true,
            "restricted_roles": null,
            "scheduling_options": [],
            "tags": [
              "instance:i-02fc645e96bc70814",
              "metric:cpu",
              "project:lti",
              "severity:critical"
            ],
            "timeout_h": 0,
            "type": "metric alert",
            "validate": null,
            "variables": []
          },
          "sensitive_attributes": [],
          "identity_schema_version": 0,
          "private": "bnVsbA=="
        }
      ]
    },
    {
      "mode": "managed",
      "type": "datadog_monitor",
      "name": "disk_space_low",
      "provider": "provider[\"registry.terraform.io/datadog/datadog\"]",
      "instances": [
        {
          "schema_version": 0,
          "attributes": {
            "enable_logs_sample": null,
            "enable_samples": null,
            "escalation_message": "",
            "evaluation_delay": 60,
            "force_delete": null,
            "group_retention_duration": "",
            "groupby_simple_monitor": null,
            "id": "5886824",
            "include_tags": true,
            "locked": false,
            "message": "**⚠️ WARNING: Espacio en disco bajo**\r\n    \r\nDisk space disponible está por debajo del 10% en {{host.name}}.\r\n    \r\n**Espacio libre:** {{value}}%\r\n**Device:** {{device.name}}\r\n    \r\n**Acciones:**\r\n1. Limpiar logs antiguos\r\n2. Limpiar archivos temporales\r\n3. Revisar uso de Docker volumes\r\n    \r\n**Host:** {{host.name}}\r\n    \r\n@all",
            "monitor_threshold_windows": [],
            "monitor_thresholds": [
              {
                "critical": "5",
                "critical_recovery": "",
                "ok": "",
                "unknown": "",
                "warning": "10",
                "warning_recovery": ""
              }
            ],
            "name": "⚠️ [WARNING] Low Disk Space - LTI Project",
            "new_group_delay": 300,
            "new_host_delay": 300,
            "no_data_timeframe": 0,
            "notification_preset_name": "",
            "notify_audit": false,
            "notify_by": null,
            "notify_no_data": false,
            "on_missing_data": "",
            "priority": "",
            "query": "avg(last_5m):avg:system.disk.free{environment:production} by {host,device} / avg:system.disk.total{environment:production} by {host,device} * 100 \u003c 5",
            "renotify_interval": 120,
            "renotify_occurrences": 0,
            "renotify_statuses": null,
            "require_full_window": true,
            "restricted_roles": null,
            "scheduling_options": [],
            "tags": [
              "environment:production",
              "metric:disk",
              "project:lti",
              "severity:warning"
            ],
            "timeout_h": 0,
            "type": "metric alert",
            "validate": null,
            "variables": []
          },
          "sensitive_attributes": [],
          "identity_schema_version": 0,
          "private": "bnVsbA=="
        }
      ]
    },
    {
      "mode": "managed",
      "type": "datadog_monitor",
      "name": "docker_container_restart",
      "provider": "provider[\"registry.terraform.io/datadog/datadog\"]",
      "instances": [
        {
          "schema_version": 0,
          "attributes": {
            "enable_logs_sample": null,
            "enable_samples": null,
            "escalation_message": "",
            "evaluation_delay": 60,
            "force_delete": null,
            "group_retention_duration": "",
            "groupby_simple_monitor": null,
            "id": "5886823",
            "include_tags": true,
            "locked": false,
            "message": "**⚠️ WARNING: Contenedor Docker reiniciado**\r\n    \r\nEl contenedor {{container_name.name}} ha sido reiniciado.\r\n    \r\n**Acciones:**\r\n1. Revisar logs del contenedor\r\n2. Verificar health checks\r\n3. Revisar recursos disponibles\r\n    \r\n**Container:** {{container_name.name}}\r\n**Host:** {{host.name}}\r\n    \r\n@all",
            "monitor_threshold_windows": [],
            "monitor_thresholds": [
              {
                "critical": "-0.5",
                "critical_recovery": "",
                "ok": "",
                "unknown": "",
                "warning": "",
                "warning_recovery": ""
              }
            ],
            "name": "⚠️ [WARNING] Docker Container Restart - LTI Project",
            "new_group_delay": 300,
            "new_host_delay": 300,
            "no_data_timeframe": 0,
            "notification_preset_name": "",
            "notify_audit": false,
            "notify_by": null,
            "notify_no_data": false,
            "on_missing_data": "",
            "priority": "",
            "query": "change(avg(last_5m),last_5m):avg:docker.containers.running{environment:production} by {container_name} \u003c -0.5",
            "renotify_interval": 120,
            "renotify_occurrences": 0,
            "renotify_statuses": null,
            "require_full_window": true,
            "restricted_roles": null,
            "scheduling_options": [],
            "tags": [
              "environment:production",
              "metric:docker",
              "project:lti",
              "severity:warning"
            ],
            "timeout_h": 0,
            "type": "metric alert",
            "validate": null,
            "variables": []
          },
          "sensitive_attributes": [],
          "identity_schema_version": 0,
          "private": "bnVsbA=="
        }
      ]
    },
    {
      "mode": "managed",
      "type": "datadog_monitor",
      "name": "ec2_instance_down",
      "provider": "provider[\"registry.terraform.io/datadog/datadog\"]",
      "instances": [
        {
          "schema_version": 0,
          "attributes": {
            "enable_logs_sample": null,
            "enable_samples": null,
            "escalation_message": "",
            "evaluation_delay": 60,
            "force_delete": null,
            "group_retention_duration": "",
            "groupby_simple_monitor": null,
            "id": "5886811",
            "include_tags": true,
            "locked": false,
            "message": "**🚨 ALERTA CRÍTICA: Instancia EC2 caída**\r\n    \r\nLa instancia {{instance-id.name}} del servicio {{service.name}} ha estado down por más de 5 minutos.\r\n    \r\n**Acciones inmediatas:**\r\n1. Verificar estado de la instancia en AWS Console\r\n2. Revisar logs de sistema\r\n3. Reiniciar instancia si es necesario\r\n    \r\n**Dashboard**: https://app.us5.datadoghq.com/dashboard/8wc-5bj-wmb\r\n    \r\n@all",
            "monitor_threshold_windows": [],
            "monitor_thresholds": [
              {
                "critical": "1",
                "critical_recovery": "",
                "ok": "",
                "unknown": "",
                "warning": "",
                "warning_recovery": ""
              }
            ],
            "name": "🚨 [CRITICAL] EC2 Instance Down - LTI Project",
            "new_group_delay": 300,
            "new_host_delay": 300,
            "no_data_timeframe": 10,
            "notification_preset_name": "",
            "notify_audit": false,
            "notify_by": null,
            "notify_no_data": true,
            "on_missing_data": "",
            "priority": "",
            "query": "\"aws.ec2.status_check\".over(\"environment:production\").by(\"instance-id\").last(2).count_by_status()",
            "renotify_interval": 30,
            "renotify_occurrences": 0,
            "renotify_statuses": null,
            "require_full_window": false,
            "restricted_roles": null,
            "scheduling_options": [],
            "tags": [
              "environment:production",
              "project:lti",
              "severity:critical",
              "team:devops"
            ],
            "timeout_h": 0,
            "type": "service check",
            "validate": null,
            "variables": []
          },
          "sensitive_attributes": [],
          "identity_schema_version": 0,
          "private": "bnVsbA==",
          "dependencies": [
            "datadog_dashboard.lti_project_main"
          ]
        }
      ]
    },
    {
      "mode": "managed",
      "type": "datadog_monitor",
      "name": "high_cpu_usage",
      "provider": "provider[\"registry.terraform.io/datadog/datadog\"]",
      "instances": [
        {
          "schema_version": 0,
          "attributes": {
            "enable_logs_sample": null,
            "enable_samples": null,
            "escalation_message": "",
            "evaluation_delay": 60,
            "force_delete": null,
            "group_retention_duration": "",
            "groupby_simple_monitor": null,
            "id": "5886812",
            "include_tags": true,
            "locked": false,
            "message": "**🚨 ALERTA CRÍTICA: CPU alto en {{host.name}}**\r\n    \r\nCPU utilization ha estado por encima del 80% por más de 10 minutos.\r\n    \r\n**Valor actual:** {{value}}%\r\n    \r\n**Acciones:**\r\n1. Verificar procesos que consumen CPU\r\n2. Revisar si hay picos de tráfico\r\n3. Considerar escalado vertical u horizontal\r\n    \r\n**Host:** {{host.name}}\r\n**Service:** {{service.name}}\r\n    \r\n@all",
            "monitor_threshold_windows": [],
            "monitor_thresholds": [
              {
                "critical": "80",
                "critical_recovery": "",
                "ok": "",
                "unknown": "",
                "warning": "65",
                "warning_recovery": ""
              }
            ],
            "name": "🚨 [CRITICAL] High CPU Usage - LTI Project",
            "new_group_delay": 300,
            "new_host_delay": 300,
            "no_data_timeframe": 0,
            "notification_preset_name": "",
            "notify_audit": false,
            "notify_by": [],
            "notify_no_data": false,
            "on_missing_data": "",
            "priority": "",
            "query": "avg(last_10m):avg:aws.ec2.cpuutilization{environment:production} by {instance-id} \u003e 80",
            "renotify_interval": 60,
            "renotify_occurrences": 0,
            "renotify_statuses": null,
            "require_full_window": true,
            "restricted_roles": null,
            "scheduling_options": [],
            "tags": [
              "environment:production",
              "metric:cpu",
              "project:lti",
              "severity:critical"
            ],
            "timeout_h": 0,
            "type": "metric alert",
            "validate": null,
            "variables": []
          },
          "sensitive_attributes": [],
          "identity_schema_version": 0,
          "private": "bnVsbA=="
        }
      ]
    },
    {
      "mode": "managed",
      "type": "datadog_monitor",
      "name": "high_memory_usage",
      "provider": "provider[\"registry.terraform.io/datadog/datadog\"]",
      "instances": [
        {
          "schema_version": 0,
          "attributes": {
            "enable_logs_sample": null,
            "enable_samples": null,
            "escalation_message": "",
            "evaluation_delay": 60,
            "force_delete": null,
            "group_retention_duration": "",
            "groupby_simple_monitor": null,
            "id": "5886813",
            "include_tags": true,
            "locked": false,
            "message": "**🚨 ALERTA CRÍTICA: Memoria alta en {{host.name}}**\r\n    \r\nMemory usage ha estado por encima del 90% por más de 5 minutos.\r\n    \r\n**Uso actual:** {{value}}%\r\n    \r\n**Acciones inmediatas:**\r\n1. Verificar procesos que consumen memoria\r\n2. Restart servicios si es necesario\r\n3. Limpiar caché si aplica\r\n    \r\n**Host:** {{host.name}}\r\n    \r\n@all",
            "monitor_threshold_windows": [],
            "monitor_thresholds": [
              {
                "critical": "10",
                "critical_recovery": "",
                "ok": "",
                "unknown": "",
                "warning": "20",
                "warning_recovery": ""
              }
            ],
            "name": "🚨 [CRITICAL] High Memory Usage - LTI Project",
            "new_group_delay": 300,
            "new_host_delay": 300,
            "no_data_timeframe": 0,
            "notification_preset_name": "",
            "notify_audit": false,
            "notify_by": null,
            "notify_no_data": false,
            "on_missing_data": "",
            "priority": "",
            "query": "avg(last_5m):avg:system.mem.pct_usable{environment:production} by {host} \u003c 10",
            "renotify_interval": 30,
            "renotify_occurrences": 0,
            "renotify_statuses": null,
            "require_full_window": true,
            "restricted_roles": null,
            "scheduling_options": [],
            "tags": [
              "environment:production",
              "metric:memory",
              "project:lti",
              "severity:critical"
            ],
            "timeout_h": 0,
            "type": "metric alert",
            "validate": null,
            "variables": []
          },
          "sensitive_attributes": [],
          "identity_schema_version": 0,
          "private": "bnVsbA=="
        }
      ]
    },
    {
      "mode": "managed",
      "type": "datadog_monitor",
      "name": "high_network_traffic",
      "provider": "provider[\"registry.terraform.io/datadog/datadog\"]",
      "instances": [
        {
          "schema_version": 0,
          "attributes": {
            "enable_logs_sample": null,
            "enable_samples": null,
            "escalation_message": "",
            "evaluation_delay": 60,
            "force_delete": null,
            "group_retention_duration": "",
            "groupby_simple_monitor": null,
            "id": "5904250",
            "include_tags": true,
            "locked": false,
            "message": "**⚠️ WARNING: Tráfico de red alto**\n    \nNetwork throughput ha superado 10MB/s por más de 10 minutos.\n    \n**Valor actual:** {{value}} bytes/s\n**Instancia:** i-02fc645e96bc70814\n    \n**Acciones:**\n1. 📊 Monitorear patrones de tráfico\n2. 📊 Verificar aplicaciones que usan red\n3. 📊 Revisar si es tráfico legítimo\n    \n**Dashboard:** https://app.us5.datadoghq.com/dashboard/{{dashboard.id}}",
            "monitor_threshold_windows": [],
            "monitor_thresholds": [
              {
                "critical": "2.097152e+07",
                "critical_recovery": "",
                "ok": "",
                "unknown": "",
                "warning": "1.048576e+07",
                "warning_recovery": ""
              }
            ],
            "name": "⚠️ [WARNING] High Network Traffic - LTI Project",
            "new_group_delay": 0,
            "new_host_delay": 300,
            "no_data_timeframe": 0,
            "notification_preset_name": "",
            "notify_audit": false,
            "notify_by": null,
            "notify_no_data": false,
            "on_missing_data": "",
            "priority": "",
            "query": "avg(last_10m):avg:aws.ec2.networkin{instance-id:i-02fc645e96bc70814} + avg:aws.ec2.networkout{instance-id:i-02fc645e96bc70814} \u003e 20971520",
            "renotify_interval": 120,
            "renotify_occurrences": 0,
            "renotify_statuses": null,
            "require_full_window": true,
            "restricted_roles": null,
            "scheduling_options": [],
            "tags": [
              "instance:i-02fc645e96bc70814",
              "metric:network",
              "project:lti",
              "severity:warning"
            ],
            "timeout_h": 0,
            "type": "metric alert",
            "validate": null,
            "variables": []
          },
          "sensitive_attributes": [],
          "identity_schema_version": 0,
          "private": "bnVsbA=="
        }
      ]
    },
    {
      "mode": "managed",
      "type": "datadog_monitor",
      "name": "high_response_time",
      "provider": "provider[\"registry.terraform.io/datadog/datadog\"]",
      "instances": [
        {
          "schema_version": 0,
          "attributes": {
            "enable_logs_sample": null,
            "enable_samples": null,
            "escalation_message": "",
            "evaluation_delay": 60,
            "force_delete": null,
            "group_retention_duration": "",
            "groupby_simple_monitor": null,
            "id": "5886822",
            "include_tags": true,
            "locked": false,
            "message": "**⚠️ WARNING: Tiempo de respuesta alto**\r\n    \r\nResponse time promedio ha estado por encima de 2 segundos por más de 5 minutos.\r\n    \r\n**Tiempo actual:** {{value}}s\r\n**Service:** {{service.name}}\r\n    \r\n**Acciones:**\r\n1. Revisar performance de la aplicación\r\n2. Verificar queries de base de datos\r\n3. Revisar uso de recursos\r\n    \r\n@all",
            "monitor_threshold_windows": [],
            "monitor_thresholds": [
              {
                "critical": "5",
                "critical_recovery": "",
                "ok": "",
                "unknown": "",
                "warning": "2",
                "warning_recovery": ""
              }
            ],
            "name": "⚠️ [WARNING] High Response Time - LTI Project",
            "new_group_delay": 300,
            "new_host_delay": 300,
            "no_data_timeframe": 0,
            "notification_preset_name": "",
            "notify_audit": false,
            "notify_by": null,
            "notify_no_data": false,
            "on_missing_data": "",
            "priority": "",
            "query": "avg(last_5m):avg:system.load.1{environment:production} by {host} \u003e 5",
            "renotify_interval": 60,
            "renotify_occurrences": 0,
            "renotify_statuses": null,
            "require_full_window": true,
            "restricted_roles": null,
            "scheduling_options": [],
            "tags": [
              "environment:production",
              "metric:response_time",
              "project:lti",
              "severity:warning"
            ],
            "timeout_h": 0,
            "type": "metric alert",
            "validate": null,
            "variables": []
          },
          "sensitive_attributes": [],
          "identity_schema_version": 0,
          "private": "bnVsbA=="
        }
      ]
    },
    {
      "mode": "managed",
      "type": "datadog_monitor",
      "name": "instance_status_check_failed",
      "provider": "provider[\"registry.terraform.io/datadog/datadog\"]",
      "instances": [
        {
          "schema_version": 0,
          "attributes": {
            "enable_logs_sample": null,
            "enable_samples": null,
            "escalation_message": "",
            "evaluation_delay": 60,
            "force_delete": null,
            "group_retention_duration": "",
            "groupby_simple_monitor": null,
            "id": "5904249",
            "include_tags": true,
            "locked": false,
            "message": "**🚨 ALERTA CRÍTICA: Status check fallando**\n    \nLa instancia {{instance-id.name}} ha fallado status checks.\n    \n**Instancia:** i-02fc645e96bc70814\n**Región:** us-east-2\n    \n**Acciones inmediatas:**\n1. 🚨 Verificar estado en AWS Console\n2. 🚨 Revisar system logs\n3. 🚨 Verificar conectividad de red\n4. 🚨 Restart instancia si es necesario\n    \n**AWS Console:** https://us-east-2.console.aws.amazon.com/ec2/home?region=us-east-2#Instances:instanceId=i-02fc645e96bc70814\n    \n@all",
            "monitor_threshold_windows": [],
            "monitor_thresholds": [
              {
                "critical": "0",
                "critical_recovery": "",
                "ok": "",
                "unknown": "",
                "warning": "",
                "warning_recovery": ""
              }
            ],
            "name": "🚨 [CRITICAL] EC2 Status Check Failed - LTI Project",
            "new_group_delay": 0,
            "new_host_delay": 300,
            "no_data_timeframe": 10,
            "notification_preset_name": "",
            "notify_audit": false,
            "notify_by": null,
            "notify_no_data": true,
            "on_missing_data": "",
            "priority": "",
            "query": "avg(last_5m):avg:aws.ec2.status_check_failed{instance-id:i-02fc645e96bc70814} \u003e 0",
            "renotify_interval": 30,
            "renotify_occurrences": 0,
            "renotify_statuses": null,
            "require_full_window": false,
            "restricted_roles": null,
            "scheduling_options": [],
            "tags": [
              "instance:i-02fc645e96bc70814",
              "metric:status_check",
              "project:lti",
              "severity:critical"
            ],
            "timeout_h": 0,
            "type": "metric alert",
            "validate": null,
            "variables": []
          },
          "sensitive_attributes": [],
          "identity_schema_version": 0,
          "private": "bnVsbA=="
        }
      ]
    },
    {
      "mode": "managed",
      "type": "datadog_monitor",
      "name": "warning_cpu_usage",
      "provider": "provider[\"registry.terraform.io/datadog/datadog\"]",
      "instances": [
        {
          "schema_version": 0,
          "attributes": {
            "enable_logs_sample": null,
            "enable_samples": null,
            "escalation_message": "",
            "evaluation_delay": 60,
            "force_delete": null,
            "group_retention_duration": "",
            "groupby_simple_monitor": null,
            "id": "5904248",
            "include_tags": true,
            "locked": false,
            "message": "**⚠️ WARNING: CPU elevado**\n    \nCPU utilization ha superado el 70% por más de 15 minutos.\n    \n**Valor actual:** {{value}}%\n**Instancia:** i-02fc645e96bc70814\n    \n**Acciones:**\n1. 🔍 Monitorear tendencia\n2. 🔍 Revisar procesos activos\n3. 🔍 Preparar para posible escalado\n    \n**Dashboard:** https://app.us5.datadoghq.com/dashboard/{{dashboard.id}}",
            "monitor_threshold_windows": [],
            "monitor_thresholds": [
              {
                "critical": "80",
                "critical_recovery": "",
                "ok": "",
                "unknown": "",
                "warning": "70",
                "warning_recovery": ""
              }
            ],
            "name": "⚠️ [WARNING] Elevated CPU Usage - LTI Project",
            "new_group_delay": 0,
            "new_host_delay": 300,
            "no_data_timeframe": 0,
            "notification_preset_name": "",
            "notify_audit": false,
            "notify_by": null,
            "notify_no_data": false,
            "on_missing_data": "",
            "priority": "",
            "query": "avg(last_15m):avg:aws.ec2.cpuutilization{instance-id:i-02fc645e96bc70814} \u003e 80",
            "renotify_interval": 120,
            "renotify_occurrences": 0,
            "renotify_statuses": null,
            "require_full_window": true,
            "restricted_roles": null,
            "scheduling_options": [],
            "tags": [
              "instance:i-02fc645e96bc70814",
              "metric:cpu",
              "project:lti",
              "severity:warning"
            ],
            "timeout_h": 0,
            "type": "metric alert",
            "validate": null,
            "variables": []
          },
          "sensitive_attributes": [],
          "identity_schema_version": 0,
          "private": "bnVsbA=="
        }
      ]
    },
    {
      "mode": "managed",
      "type": "null_resource",
      "name": "generate_zip",
      "provider": "provider[\"registry.terraform.io/hashicorp/null\"]",
      "instances": [
        {
          "schema_version": 0,
          "attributes": {
            "id": "7942775215129829298",
            "triggers": {
              "always_run": "2025-05-20T01:27:34Z"
            }
          },
          "sensitive_attributes": [],
          "identity_schema_version": 0
        }
      ]
    }
  ],
  "check_results": [
    {
      "object_kind": "var",
      "config_addr": "var.environment_name",
      "status": "pass",
      "objects": [
        {
          "object_addr": "var.environment_name",
          "status": "pass"
        }
      ]
    },
    {
      "object_kind": "var",
      "config_addr": "var.cloudwatch_log_retention_days",
      "status": "unknown",
      "objects": null
    },
    {
      "object_kind": "var",
      "config_addr": "var.log_retention_days",
      "status": "unknown",
      "objects": null
    }
  ]
}
